{"SurveyEntry":{"SurveyID":"SV_8r07l377ZSPhEeF","SurveyName":"Seattle Airport Waytising Study","SurveyDescription":null,"SurveyOwnerID":"UR_06NK56K4VuOAOVf","SurveyBrandID":"y2analytics","DivisionID":null,"SurveyLanguage":"EN","SurveyActiveResponseSet":"RS_71HOaPlRUIe1vDf","SurveyStatus":"Inactive","SurveyStartDate":"0000-00-00 00:00:00","SurveyExpirationDate":"0000-00-00 00:00:00","SurveyCreationDate":"2019-07-23 11:49:01","CreatorID":"UR_06NK56K4VuOAOVf","LastModified":"2019-07-29 10:51:37","LastAccessed":"0000-00-00 00:00:00","LastActivated":"0000-00-00 00:00:00","Deleted":null},"SurveyElements":[{"SurveyID":"SV_8r07l377ZSPhEeF","Element":"BL","PrimaryAttribute":"Survey Blocks","SecondaryAttribute":null,"TertiaryAttribute":null,"Payload":[{"Type":"Default","Description":"SCREENERS","ID":"BL_6zEgBwhJxLKiLRj","BlockElements":[{"Type":"Question","QuestionID":"QID1"},{"Type":"Page Break"},{"Type":"Question","QuestionID":"QID2","SkipLogic":[{"SkipLogicID":1,"ChoiceLocator":"q:\/\/QID2\/ChoiceTextEntryValue","Condition":"LessThan","SkipToDestination":"QID35","Locator":"q:\/\/QID2\/ChoiceTextEntryValue","SkipToDescription":"What is your age? <strong>What is your age?<\/strong>  <strong>Is Less Than 18<\/strong>","Description":"Condition: <strong title=\"What is your age?\">What is your age?<\/strong> <strong>Is Less Than 18<\/strong>. Skip To: <strong>Those are all the questions we have f...<\/strong>.","Value":"18","QuestionID":"QID2"}]},{"Type":"Page Break"},{"Type":"Question","QuestionID":"QID3"},{"Type":"Page Break"},{"Type":"Question","QuestionID":"QID35"}],"Options":{"BlockLocking":"false","RandomizeQuestions":"false","BlockVisibility":"Collapsed"}},{"Type":"Trash","Description":"Trash \/ Unused Questions","ID":"BL_8up4Rn5KZpPvzJb","BlockElements":[{"Type":"Question","QuestionID":"QID9"},{"Type":"Question","QuestionID":"QID10"},{"Type":"Question","QuestionID":"QID8"},{"Type":"Question","QuestionID":"QID37"},{"Type":"Question","QuestionID":"QID39"},{"Type":"Question","QuestionID":"QID40"}]},{"Type":"Standard","SubType":"","Description":"PICKUP EXPERIENCE","ID":"BL_3F786IypmrnD4sB","BlockElements":[{"Type":"Question","QuestionID":"QID34"},{"Type":"Page Break"},{"Type":"Question","QuestionID":"QID5"},{"Type":"Page Break"},{"Type":"Question","QuestionID":"QID6"},{"Type":"Page Break"},{"Type":"Question","QuestionID":"QID7"},{"Type":"Page Break"},{"Type":"Question","QuestionID":"QID38"},{"Type":"Page Break"}],"Options":{"BlockLocking":"false","RandomizeQuestions":"false","BlockVisibility":"Collapsed"}},{"Type":"Standard","SubType":"","Description":"SIGNAGE AWARENESS","ID":"BL_5uuFsyKZyJ7xXBH","BlockElements":[{"Type":"Question","QuestionID":"QID11"},{"Type":"Page Break"},{"Type":"Question","QuestionID":"QID12"},{"Type":"Page Break"},{"Type":"Question","QuestionID":"QID13"},{"Type":"Page Break"},{"Type":"Question","QuestionID":"QID14"},{"Type":"Page Break"},{"Type":"Question","QuestionID":"QID15"},{"Type":"Page Break"},{"Type":"Question","QuestionID":"QID16"},{"Type":"Page Break"},{"Type":"Question","QuestionID":"QID17"},{"Type":"Page Break"},{"Type":"Question","QuestionID":"QID18"},{"Type":"Page Break"}],"Options":{"BlockLocking":"false","RandomizeQuestions":"false","BlockVisibility":"Collapsed"}},{"Type":"Standard","SubType":"","Description":"TRAVEL PROFILING","ID":"BL_22WA07ZJ6eNZ6Cx","BlockElements":[{"Type":"Question","QuestionID":"QID19"},{"Type":"Page Break"},{"Type":"Question","QuestionID":"QID20"},{"Type":"Page Break"},{"Type":"Question","QuestionID":"QID22"},{"Type":"Page Break"},{"Type":"Question","QuestionID":"QID21"},{"Type":"Page Break"},{"Type":"Question","QuestionID":"QID23"},{"Type":"Page Break"},{"Type":"Question","QuestionID":"QID24"},{"Type":"Page Break"},{"Type":"Question","QuestionID":"QID25"},{"Type":"Page Break"},{"Type":"Question","QuestionID":"QID26"},{"Type":"Page Break"}],"Options":{"BlockLocking":"false","RandomizeQuestions":"false","BlockVisibility":"Collapsed"}},{"Type":"Standard","SubType":"","Description":"DEMOGRAPHICS","ID":"BL_bDEf3FK5Zh1HWrb","BlockElements":[{"Type":"Question","QuestionID":"QID27"},{"Type":"Page Break"},{"Type":"Question","QuestionID":"QID28"},{"Type":"Page Break"},{"Type":"Question","QuestionID":"QID29"},{"Type":"Page Break"},{"Type":"Question","QuestionID":"QID30"},{"Type":"Page Break"},{"Type":"Question","QuestionID":"QID31"},{"Type":"Page Break"},{"Type":"Question","QuestionID":"QID32"},{"Type":"Page Break"},{"Type":"Question","QuestionID":"QID33"},{"Type":"Question","QuestionID":"QID36"}],"Options":{"BlockLocking":"false","RandomizeQuestions":"false","BlockVisibility":"Collapsed"}},{"Type":"Standard","SubType":"","Description":"AIRPORT","ID":"BL_bDU4TtJJn39j4Rn","BlockElements":[{"Type":"Question","QuestionID":"QID4"}],"Options":{"BlockLocking":"false","RandomizeQuestions":"false","BlockVisibility":"Collapsed"}}]},{"SurveyID":"SV_8r07l377ZSPhEeF","Element":"FL","PrimaryAttribute":"Survey Flow","SecondaryAttribute":null,"TertiaryAttribute":null,"Payload":{"Type":"Root","FlowID":"FL_1","Flow":[{"Type":"Block","ID":"BL_6zEgBwhJxLKiLRj","FlowID":"FL_2"},{"Type":"Branch","FlowID":"FL_21","Description":"New Branch","BranchLogic":{"0":{"0":{"LogicType":"Question","QuestionID":"QID2","QuestionIsInLoop":"no","ChoiceLocator":"q:\/\/QID2\/ChoiceTextEntryValue","Operator":"LessThan","QuestionIDFromLocator":"QID2","LeftOperand":"q:\/\/QID2\/ChoiceTextEntryValue","RightOperand":"18","Type":"Expression","Description":"<span class=\"ConjDesc\">If<\/span> <span class=\"QuestionDesc\">What is your age?<\/span> <span class=\"LeftOpDesc\">Text Response<\/span> <span class=\"OpDesc\">Is Less Than<\/span> <span class=\"RightOpDesc\"> 18 <\/span>"},"Type":"If"},"Type":"BooleanExpression"},"Flow":[{"Type":"EndSurvey","FlowID":"FL_22"}]},{"Type":"Branch","FlowID":"FL_7","Description":"New Branch","BranchLogic":{"0":{"0":{"LogicType":"Question","QuestionID":"QID3","QuestionIsInLoop":"no","ChoiceLocator":"q:\/\/QID3\/SelectableChoice\/1","Operator":"NotSelected","QuestionIDFromLocator":"QID3","LeftOperand":"q:\/\/QID3\/SelectableChoice\/1","Type":"Expression","Description":"<span class=\"ConjDesc\">If<\/span> <span class=\"QuestionDesc\">Which of the following airports have you taken an Uber from within the past month? Please select...<\/span> <span class=\"LeftOpDesc\">Seattle-Tacoma (SEA)<\/span> <span class=\"OpDesc\">Is Not Selected<\/span> "},"1":{"LogicType":"Question","QuestionID":"QID3","QuestionIsInLoop":"no","ChoiceLocator":"q:\/\/QID3\/SelectableChoice\/2","Operator":"NotSelected","QuestionIDFromLocator":"QID3","LeftOperand":"q:\/\/QID3\/SelectableChoice\/2","Type":"Expression","Description":"<span class=\"ConjDesc\">And<\/span> <span class=\"QuestionDesc\">Which of the following airports have you taken an Uber from within the past month? Please select...<\/span> <span class=\"LeftOpDesc\">Toronto Pearson (YYZ)<\/span> <span class=\"OpDesc\">Is Not Selected<\/span> ","Conjuction":"And"},"Type":"If"},"Type":"BooleanExpression"},"Flow":[{"Type":"EndSurvey","FlowID":"FL_8"}]},{"Type":"Standard","ID":"BL_bDU4TtJJn39j4Rn","FlowID":"FL_9"},{"Type":"Branch","FlowID":"FL_19","Description":"New Branch","BranchLogic":{"0":{"0":{"LogicType":"Question","QuestionID":"QID3","QuestionIsInLoop":"no","ChoiceLocator":"q:\/\/QID3\/SelectableChoice\/1","Operator":"NotSelected","QuestionIDFromLocator":"QID3","LeftOperand":"q:\/\/QID3\/SelectableChoice\/1","Type":"Expression","Description":"<span class=\"ConjDesc\">If<\/span> <span class=\"QuestionDesc\">Which of the following airports have you taken an Uber from within the past month? Please select...<\/span> <span class=\"LeftOpDesc\">Seattle-Tacoma (SEA)<\/span> <span class=\"OpDesc\">Is Not Selected<\/span> "},"1":{"LogicType":"Question","QuestionID":"QID3","QuestionIsInLoop":"no","ChoiceLocator":"q:\/\/QID3\/SelectableChoice\/2","Operator":"Selected","QuestionIDFromLocator":"QID3","LeftOperand":"q:\/\/QID3\/SelectableChoice\/2","Type":"Expression","Description":"<span class=\"ConjDesc\">And<\/span> <span class=\"QuestionDesc\">Which of the following airports have you taken an Uber from within the past month? Please select...<\/span> <span class=\"LeftOpDesc\">Toronto Pearson (YYZ)<\/span> <span class=\"OpDesc\">Is Selected<\/span> ","Conjuction":"And"},"Type":"If"},"Type":"BooleanExpression"},"Flow":[{"Type":"EmbeddedData","FlowID":"FL_20","EmbeddedData":[{"Description":"airportname","Type":"Custom","Field":"airportname","VariableType":"String","DataVisibility":[],"AnalyzeText":false,"Value":"Toronto Pearson (YYZ)"}]}]},{"Type":"Branch","FlowID":"FL_17","Description":"New Branch","BranchLogic":{"0":{"0":{"LogicType":"Question","QuestionID":"QID3","QuestionIsInLoop":"no","ChoiceLocator":"q:\/\/QID3\/SelectableChoice\/1","Operator":"Selected","QuestionIDFromLocator":"QID3","LeftOperand":"q:\/\/QID3\/SelectableChoice\/1","Type":"Expression","Description":"<span class=\"ConjDesc\">If<\/span> <span class=\"QuestionDesc\">Which of the following airports have you taken an Uber from within the past month? Please select...<\/span> <span class=\"LeftOpDesc\">Seattle-Tacoma (SEA)<\/span> <span class=\"OpDesc\">Is Selected<\/span> "},"1":{"LogicType":"Question","QuestionID":"QID3","QuestionIsInLoop":"no","ChoiceLocator":"q:\/\/QID3\/SelectableChoice\/2","Operator":"NotSelected","QuestionIDFromLocator":"QID3","LeftOperand":"q:\/\/QID3\/SelectableChoice\/2","Type":"Expression","Description":"<span class=\"ConjDesc\">And<\/span> <span class=\"QuestionDesc\">Which of the following airports have you taken an Uber from within the past month? Please select...<\/span> <span class=\"LeftOpDesc\">Toronto Pearson (YYZ)<\/span> <span class=\"OpDesc\">Is Not Selected<\/span> ","Conjuction":"And"},"Type":"If"},"Type":"BooleanExpression"},"Flow":[{"Type":"EmbeddedData","FlowID":"FL_18","EmbeddedData":[{"Description":"airportname","Type":"Custom","Field":"airportname","VariableType":"String","DataVisibility":[],"AnalyzeText":false,"Value":"Seattle-Tacoma International Airport (SEA)"}]}]},{"Type":"Branch","FlowID":"FL_15","Description":"New Branch","BranchLogic":{"0":{"0":{"LogicType":"Question","QuestionID":"QID4","QuestionIsInLoop":"no","ChoiceLocator":"q:\/\/QID4\/SelectableChoice\/2","Operator":"Selected","QuestionIDFromLocator":"QID4","LeftOperand":"q:\/\/QID4\/SelectableChoice\/2","Type":"Expression","Description":"<span class=\"ConjDesc\">If<\/span> <span class=\"QuestionDesc\">And which of these airports did you take an Uber from most recently?<\/span> <span class=\"LeftOpDesc\">Toronto Pearson (YYZ)<\/span> <span class=\"OpDesc\">Is Selected<\/span> "},"Type":"If"},"Type":"BooleanExpression"},"Flow":[{"Type":"EmbeddedData","FlowID":"FL_16","EmbeddedData":[{"Description":"airportname","Type":"Custom","Field":"airportname","VariableType":"String","DataVisibility":[],"AnalyzeText":false,"Value":"Toronto Pearson International Airport (YYZ)"}]}]},{"Type":"Branch","FlowID":"FL_13","Description":"New Branch","BranchLogic":{"0":{"0":{"LogicType":"Question","QuestionID":"QID4","QuestionIsInLoop":"no","ChoiceLocator":"q:\/\/QID4\/SelectableChoice\/1","Operator":"Selected","QuestionIDFromLocator":"QID4","LeftOperand":"q:\/\/QID4\/SelectableChoice\/1","Type":"Expression","Description":"<span class=\"ConjDesc\">If<\/span> <span class=\"QuestionDesc\">And which of these airports did you take an Uber from most recently?<\/span> <span class=\"LeftOpDesc\">Seattle-Tacoma (SEA)<\/span> <span class=\"OpDesc\">Is Selected<\/span> "},"Type":"If"},"Type":"BooleanExpression"},"Flow":[{"Type":"EmbeddedData","FlowID":"FL_14","EmbeddedData":[{"Description":"airportname","Type":"Custom","Field":"airportname","VariableType":"String","DataVisibility":[],"AnalyzeText":false,"Value":"Seattle-Tacoma (SEA)"}]}]},{"Type":"Standard","ID":"BL_3F786IypmrnD4sB","FlowID":"FL_3"},{"Type":"Standard","ID":"BL_5uuFsyKZyJ7xXBH","FlowID":"FL_4"},{"Type":"Standard","ID":"BL_22WA07ZJ6eNZ6Cx","FlowID":"FL_5"},{"Type":"Standard","ID":"BL_bDEf3FK5Zh1HWrb","FlowID":"FL_6"}],"Properties":{"Count":22,"RemovedFieldsets":[]}}},{"SurveyID":"SV_8r07l377ZSPhEeF","Element":"SO","PrimaryAttribute":"Survey Options","SecondaryAttribute":null,"TertiaryAttribute":null,"Payload":{"BackButton":"false","SaveAndContinue":"true","SurveyProtection":"PublicSurvey","BallotBoxStuffingPrevention":"false","NoIndex":"Yes","SecureResponseFiles":"true","SurveyExpiration":"None","SurveyTermination":"DefaultMessage","Header":"","Footer":"","ProgressBarDisplay":"None","PartialData":"+1 week","ValidationMessage":"","PreviousButton":" \u2190 ","NextButton":" \u2192 ","SkinLibrary":"Qualtrics","SkinType":"MQ","Skin":"v4qualtrics2","NewScoring":1,"SurveyName":"Seattle Airport Waytising Study","libraryId":"","nextButtonMid":"","previousButtonMid":"","headerMid":"","footerMid":"","QuestionsPerPage":"","PageTransition":"Slide","Autofocus":"false","Autoadvance":"false","AutoadvancePages":"false","ExternalCSS":null,"CustomStyles":{"errorStyles":{"selector":".Skin .ValidationError","styles":{"color":null,"backgroundColor":null,"borderColor":null}},"errorStylesBG":{"selector":".Skin .HeaderValidationError, .Skin .HeaderValidationError li a","styles":{"color":null,"backgroundColor":null}},"pageStyles":{"selector":"#SurveyEngineBody","styles":{"backgroundColor":null}},"textStyles":{"selector":".SkinInner","styles":{"fontFamily":null,"fontSize":null,"fontWeight":null,"fontStyle":null,"textDecoration":null,"color":null}},"questionStyles":{"selector":".Skin .QuestionText","styles":{"fontFamily":null,"fontSize":null,"fontWeight":null,"fontStyle":null,"textDecoration":null,"color":null}},"choiceStyles":{"selector":".Skin .horizontalbar th.ylabel, .Skin .Matrix table td, .Skin .Matrix table th, .Skin .Matrix table thead th, .Skin .Matrix table thead td, .Skin .PGR .DragAndDrop .Items label, .Skin .QuestionBody ul.ChoiceStructure, .Skin .PGR .DragAndDrop .Group ul, .Skin .PGR .DragAndDrop .Group h2, .Skin .PGR .DragAndDrop .Items ul, .Skin .PGR .DragAndDrop .Items h2, .Skin .DD .QuestionBody table.ChoiceStructure, .Skin .PGR .DragAndDrop .NoColumns td.groupsContainerTd div ul, .Skin .PGR .DragAndDrop .NoColumns td.groupsContainerTd div h2, .Skin .SBS thead th, .Skin .SBS td, .Skin .SBS .Answers td, .Skin .SBS .Answers th, .SBS table.ChoiceStructure, .Skin .horizontalbar thead table.LabelDescriptions tr td, .Skin .horizontalbar thead tr td.NotApplicable, .QuestionBody th, .Skin .QuestionBody .MC .MAVR label, .Skin .QuestionBody .MC .SAVR label, .Skin .SBS thead th, .Skin .SBS td, .Skin .RO .DND ul li, .Skin .reg, .SkinInner .ChoiceStructure, .Skin thead, .Skin .GAP .ChoiceStructure thead th, .Skin .GAP .ChoiceStructure .c4, .Skin .GAP .ChoiceStructure th, .Skin .GAP .ChoiceStructure .WhyText, .SkinInner .ChoiceStructure .LightBG, .Skin .QuestionOuter.Highlight .Inner .reg, .Skin .QuestionOuter.Highlight .Inner .alt, .Skin .QuestionOuter.Highlight .Inner .ReadableAlt       ","styles":{"fontFamily":null,"fontSize":null,"fontWeight":null,"fontStyle":null,"textDecoration":null,"color":null}},"headerStyles":{"selector":".Skin div#Header","styles":{"color":null}},"footerStyles":{"selector":".Skin #Footer","styles":{"color":null}},"questionSeparatorStyles":{"selector":".Skin .Separator","styles":{"backgroundColor":null,"display":null}},"highlightStyles":{"selector":".Skin .QuestionOuter.Highlight .Inner, .Skin .QuestionOuter.Highlight .Inner .reg, .Skin .QuestionOuter.Highlight .Inner .alt, .Skin .QuestionOuter.Highlight .Inner .ReadableAlt","styles":{"backgroundColor":null}},"highlightStylesAlt":{"selector":".Skin .QuestionOuter.Highlight .Inner .ReadableAlt, .Skin .QuestionOuter.Highlight .Inner .LightBG","styles":{"backgroundColor":null}},"textEntryStyles":{"selector":".Skin select, .Skin .InputText","styles":{"color":null}},"borderStyles":{"selector":".Skin .CS .horizontalbar table.sliderGrid tr.xlabel th, .Skin .CS .horizontalbar .ylabel, .Skin .CS .horizontalbar table.sliderGrid tr td.value, .Skin .Slider .horizontalbar table.sliderGrid tr.xlabel th, .Skin .BorderColor, .Skin .DarkBorderColor, .Skin .Slider .horizontalbar table.sliderGrid tr td.value, .Skin thead, .Skin .GAP .ChoiceStructure thead th  ","styles":{"borderColor":null}},"altRowStyles":{"selector":".Skin .ReadableAlt, .Skin .LightBG","styles":{"backgroundColor":null}},"customCSS":null},"HighlightQuestions":"off"}},{"SurveyID":"SV_8r07l377ZSPhEeF","Element":"SCO","PrimaryAttribute":"Scoring","SecondaryAttribute":null,"TertiaryAttribute":null,"Payload":{"ScoringCategories":[],"ScoringCategoryGroups":[],"ScoringSummaryCategory":null,"ScoringSummaryAfterQuestions":0,"ScoringSummaryAfterSurvey":0,"DefaultScoringCategory":null,"AutoScoringCategory":null}},{"SurveyID":"SV_8r07l377ZSPhEeF","Element":"PROJ","PrimaryAttribute":"CORE","SecondaryAttribute":null,"TertiaryAttribute":"1.1.0","Payload":{"ProjectCategory":"CORE","SchemaVersion":"1.1.0"}},{"SurveyID":"SV_8r07l377ZSPhEeF","Element":"STAT","PrimaryAttribute":"Survey Statistics","SecondaryAttribute":null,"TertiaryAttribute":null,"Payload":{"MobileCompatible":false,"ID":"Survey Statistics"}},{"SurveyID":"SV_8r07l377ZSPhEeF","Element":"SQ","PrimaryAttribute":"QID39","SecondaryAttribute":" ","TertiaryAttribute":null,"Payload":{"QuestionText":"&nbsp;","DefaultChoices":false,"DataExportTag":"A3_2","QuestionType":"Matrix","Selector":"Likert","SubSelector":"SingleAnswer","Configuration":{"QuestionDescriptionOption":"UseText","TextPosition":"inline","ChoiceColumnWidth":25,"RepeatHeaders":"none","WhiteSpace":"OFF","MobileFirst":true},"QuestionDescription":" ","Choices":{"1":{"Display":"Uber mobile in-app directions to the pickup location"}},"ChoiceOrder":[1],"Validation":{"Settings":{"ForceResponse":"OFF","ForceResponseType":"ON","Type":"None"}},"GradingData":[],"Language":[],"NextChoiceId":2,"NextAnswerId":7,"Answers":{"1":{"Display":"Very satisfied"},"2":{"Display":"Somewhat satisfed"},"3":{"Display":"Neither satisfied nor dissatisfied"},"4":{"Display":"Somewhat dissatisfied"},"5":{"Display":"Very dissatisfied"},"6":{"Display":"Not applicable"}},"AnswerOrder":[1,2,3,4,5,6],"ChoiceDataExportTags":false,"QuestionID":"QID39","AnalyzeChoices":{"6":"No"}}},{"SurveyID":"SV_8r07l377ZSPhEeF","Element":"QC","PrimaryAttribute":"Survey Question Count","SecondaryAttribute":"40","TertiaryAttribute":null,"Payload":null},{"SurveyID":"SV_8r07l377ZSPhEeF","Element":"SQ","PrimaryAttribute":"QID4","SecondaryAttribute":"And which of these airports did you take an Uber from most recently?","TertiaryAttribute":null,"Payload":{"QuestionText":"And which of these airports did you take an Uber from <b>most recently<\/b>?","DataExportTag":"S3","QuestionType":"MC","Selector":"SAVR","SubSelector":"TX","Configuration":{"QuestionDescriptionOption":"UseText"},"QuestionDescription":"And which of these airports did you take an Uber from most recently?","Choices":{"1":{"Display":"Seattle-Tacoma International Airport (SEA)"},"2":{"Display":"Toronto Pearson International Airport (YYZ)"}},"ChoiceOrder":[1,2],"Validation":{"Settings":{"ForceResponse":"ON","ForceResponseType":"ON","Type":"None"}},"Language":[],"NextChoiceId":3,"NextAnswerId":1,"QuestionID":"QID4","Randomization":{"Advanced":null,"Type":"All","TotalRandSubset":""},"DataVisibility":{"Private":false,"Hidden":false},"DisplayLogic":{"0":{"0":{"LogicType":"Question","QuestionID":"QID3","QuestionIsInLoop":"no","ChoiceLocator":"q:\/\/QID3\/SelectableChoice\/1","Operator":"Selected","QuestionIDFromLocator":"QID3","LeftOperand":"q:\/\/QID3\/SelectableChoice\/1","Type":"Expression","Description":"<span class=\"ConjDesc\">If<\/span> <span class=\"QuestionDesc\">Which of the following airports have you taken an Uber from within the past month? Please select...<\/span> <span class=\"LeftOpDesc\">Seattle-Tacoma International Airport (SEA)<\/span> <span class=\"OpDesc\">Is Selected<\/span> "},"1":{"LogicType":"Question","QuestionID":"QID3","QuestionIsInLoop":"no","ChoiceLocator":"q:\/\/QID3\/SelectableChoice\/2","Operator":"Selected","QuestionIDFromLocator":"QID3","LeftOperand":"q:\/\/QID3\/SelectableChoice\/2","Type":"Expression","Description":"<span class=\"ConjDesc\">And<\/span> <span class=\"QuestionDesc\">Which of the following airports have you taken an Uber from within the past month? Please select...<\/span> <span class=\"LeftOpDesc\">Toronto Pearson International Airport (YYZ)<\/span> <span class=\"OpDesc\">Is Selected<\/span> ","Conjuction":"And"},"Type":"If"},"Type":"BooleanExpression","inPage":false}}},{"SurveyID":"SV_8r07l377ZSPhEeF","Element":"SQ","PrimaryAttribute":"QID33","SecondaryAttribute":"Based on your responses, you have been invited to participate in a follow-up chat session.\u00a0 The s..","TertiaryAttribute":null,"Payload":{"QuestionText":"<p><span lang=\"EN\">Based on your responses, you have been invited\nto participate in a follow-up chat session.&nbsp;\nThe session would last approximately 20 minutes, and you would be\ncompensated $_____ for your time.&nbsp;<o:p><\/o:p><\/span><\/p>","DataExportTag":"POSTWAVEINFO","QuestionType":"MC","Selector":"SAVR","SubSelector":"TX","Configuration":{"QuestionDescriptionOption":"UseText"},"QuestionDescription":"Based on your responses, you have been invited to participate in a follow-up chat session.\u00a0 The s...","Choices":{"1":{"Display":"Yes, I would like to participate in the follow-up chat session now"},"2":{"Display":"No thanks"}},"ChoiceOrder":[1,2],"Validation":{"Settings":{"ForceResponse":"OFF","ForceResponseType":"ON","Type":"None"}},"Language":[],"NextChoiceId":3,"NextAnswerId":1,"QuestionID":"QID33","DataVisibility":{"Private":false,"Hidden":false},"DisplayLogic":{"0":{"0":{"LogicType":"EmbeddedField","LeftOperand":"post_wave","Operator":"EqualTo","RightOperand":"1","Type":"Expression","Description":"<span class=\"ConjDesc\">If<\/span>  <span class=\"LeftOpDesc\">post_wave<\/span> <span class=\"OpDesc\">Is Equal to<\/span> <span class=\"RightOpDesc\"> 1 <\/span>"},"Type":"If"},"Type":"BooleanExpression","inPage":false}}},{"SurveyID":"SV_8r07l377ZSPhEeF","Element":"SQ","PrimaryAttribute":"QID20","SecondaryAttribute":"Besides Uber, what other modes of transportation did you consider taking from\u00a0...","TertiaryAttribute":null,"Payload":{"QuestionText":"<p>Besides\nUber, what other modes of transportation did you consider taking from&nbsp;${e:\/\/Field\/airportname}? Please select\nall that apply.<o:p><\/o:p><\/p>","DataExportTag":"C2","QuestionType":"MC","Selector":"MAVR","SubSelector":"TX","Configuration":{"QuestionDescriptionOption":"UseText"},"QuestionDescription":"Besides Uber, what other modes of transportation did you consider taking from\u00a0...","Choices":{"1":{"Display":"Taxi"},"2":{"Display":"Other rideshare service"},"3":{"Display":"Friends\/family vehicle"},"4":{"Display":"Public transportation (e.g. bus, train, etc.)"},"5":{"Display":"Airport\/hotel shuttle"},"6":{"Display":"Other (please specify)","TextEntry":"true"},"7":{"Display":"None of these","ExclusiveAnswer":true}},"ChoiceOrder":[1,2,3,4,5,6,7],"Validation":{"Settings":{"ForceResponse":"ON","ForceResponseType":"ON","Type":"None"}},"Language":[],"NextChoiceId":8,"NextAnswerId":1,"QuestionID":"QID20","Randomization":{"Type":"Advanced","Advanced":{"FixedOrder":["{~Randomized~}","{~Randomized~}","{~Randomized~}","{~Randomized~}","{~Randomized~}","6","7"],"RandomizeAll":["1","2","3","4","5"],"RandomSubSet":[],"Undisplayed":[],"TotalRandSubset":0},"EvenPresentation":false,"TotalRandSubset":""},"DataVisibility":{"Private":false,"Hidden":false}}},{"SurveyID":"SV_8r07l377ZSPhEeF","Element":"SQ","PrimaryAttribute":"QID10","SecondaryAttribute":"Click to write the question text","TertiaryAttribute":null,"Payload":{"QuestionText":"Click to write the question text","DataExportTag":"Q10","QuestionType":"MC","Selector":"SAVR","SubSelector":"TX","Configuration":{"QuestionDescriptionOption":"UseText"},"QuestionDescription":"Click to write the question text","Choices":{"1":{"Display":"Click to write Choice 1"},"2":{"Display":"Click to write Choice 2"},"3":{"Display":"Click to write Choice 3"}},"ChoiceOrder":["1","2","3"],"Validation":{"Settings":{"ForceResponse":"OFF","ForceResponseType":"ON","Type":"None"}},"Language":[],"NextChoiceId":4,"NextAnswerId":1,"QuestionID":"QID10"}},{"SurveyID":"SV_8r07l377ZSPhEeF","Element":"RS","PrimaryAttribute":"RS_71HOaPlRUIe1vDf","SecondaryAttribute":"Default Response Set","TertiaryAttribute":null,"Payload":null},{"SurveyID":"SV_8r07l377ZSPhEeF","Element":"SQ","PrimaryAttribute":"QID16","SecondaryAttribute":"Do you recall seeing any of the following Uber signs at ${e:\/\/Field\/airportname}? Please select a...","TertiaryAttribute":null,"Payload":{"QuestionText":"Do\nyou recall seeing any of the following Uber signs at&nbsp;${e:\/\/Field\/airportname}? Please select all that apply.","DataExportTag":"B5","QuestionType":"MC","Selector":"MAVR","SubSelector":"TX","Configuration":{"QuestionDescriptionOption":"UseText"},"QuestionDescription":"Do you recall seeing any of the following Uber signs at ${e:\/\/Field\/airportname}? Please select a...","Choices":{"1":{"Display":"","Image":{"Display":"BaggageClaim-Carousel-1_Welcome.jpg","ImageLocation":"IM_0MPLzFGA8mXXzG5"}},"2":{"Display":"","Image":{"Display":"BaggageClaim-Carousel-1-Request.jpg","ImageLocation":"IM_3l7JKopNvP530jz"}},"3":{"Display":"","Image":{"Display":"Floor Graphics-1-Study.jpg","ImageLocation":"IM_3qqHoNzWQjIMBi5"}},"4":{"Display":"","Image":{"Display":"Floor Graphics-2-Study.jpg","ImageLocation":"IM_1SyZwE26CuOeFIp"}},"5":{"Display":"","Image":{"Display":"Floor Graphics-3-Study.jpg","ImageLocation":"IM_1Xtmctzqm0MaRo1"}},"6":{"Display":"","Image":{"Display":"PathToPickup-SoffitPostSecurity-Study.jpg","ImageLocation":"IM_cxaVta6wadC48HH"}},"9":{"Display":"None of the above","ExclusiveAnswer":true},"11":{"Display":"","Image":{"Display":"Terminal","ImageLocation":"IM_bIymHMF5gvUlTDf"}},"12":{"Display":"","Image":{"Display":"Security","ImageLocation":"IM_2i6KOK4PUD67FL7"}}},"ChoiceOrder":[1,2,3,4,5,6,9,"11","12"],"Validation":{"Settings":{"ForceResponse":"ON","ForceResponseType":"ON","Type":"None"}},"Language":[],"NextChoiceId":13,"NextAnswerId":1,"QuestionID":"QID16","AnalyzeChoices":{"3":"on","9":"on"},"DataVisibility":{"Private":false,"Hidden":false},"DefaultChoices":false,"GradingData":[],"RecodeValues":{"1":"1","2":"2","3":"3","4":"4","5":"5","6":"6","9":"9","11":"7","12":"8"},"VariableNaming":{"1":"BaggageClaim Carousel 1 Welcome","2":"BaggageClaim Carousel 1 Request","3":"Parking Garage Floor Graphics 1","4":"Parking Garage Floor Graphics 2","5":"Parking Garage Floor Graphics 3","6":"Post Security - Path to Pickup","9":"None of the above","11":"Terminal","12":"Security"},"Randomization":{"Type":"Advanced","Advanced":{"FixedOrder":["{~Randomized~}","{~Randomized~}","{~Randomized~}","{~Randomized~}","{~Randomized~}","{~Randomized~}","{~Randomized~}","{~Randomized~}","{~Randomized~}","{~Randomized~}","{~Randomized~}","9"],"RandomizeAll":["1","2","3","4","5","6","11","12"],"RandomSubSet":[],"Undisplayed":[],"TotalRandSubset":0},"EvenPresentation":false,"TotalRandSubset":""}}},{"SurveyID":"SV_8r07l377ZSPhEeF","Element":"SQ","PrimaryAttribute":"QID12","SecondaryAttribute":"Do you recall seeing any signage at ${e:\/\/Field\/airportname} for Uber services? ","TertiaryAttribute":null,"Payload":{"QuestionText":"Do\nyou recall seeing any signage at&nbsp;${e:\/\/Field\/airportname}&nbsp;for Uber services?&nbsp;","DataExportTag":"B1","QuestionType":"MC","Selector":"SAVR","SubSelector":"TX","Configuration":{"QuestionDescriptionOption":"UseText"},"QuestionDescription":"Do you recall seeing any signage at ${e:\/\/Field\/airportname} for Uber services? ","Choices":{"1":{"Display":"Yes"},"2":{"Display":"No"}},"ChoiceOrder":[1,2],"Validation":{"Settings":{"ForceResponse":"ON","ForceResponseType":"ON","Type":"None"}},"Language":[],"NextChoiceId":3,"NextAnswerId":1,"QuestionID":"QID12","DataVisibility":{"Private":false,"Hidden":false}}},{"SurveyID":"SV_8r07l377ZSPhEeF","Element":"SQ","PrimaryAttribute":"QID7","SecondaryAttribute":"Going into a little more in depth, how satisfied were you with the following aspects of your Uber...","TertiaryAttribute":null,"Payload":{"QuestionText":"Going into a little more in depth, how satisfied were you with the following aspects of your Uber pickup experience from&nbsp;${e:\/\/Field\/airportname}?","DefaultChoices":false,"DataExportTag":"A3","QuestionID":"QID7","QuestionType":"Matrix","Selector":"Likert","SubSelector":"SingleAnswer","Configuration":{"QuestionDescriptionOption":"UseText","TextPosition":"inline","ChoiceColumnWidth":25,"RepeatHeaders":"none","WhiteSpace":"OFF","MobileFirst":true},"QuestionDescription":"Going into a little more in depth, how satisfied were you with the following aspects of your Uber...","Choices":{"1":{"Display":"Signage to help you find the pickup location"},"2":{"Display":"Distance required to get to the pickup location"},"3":{"Display":"Ease of finding the pickup location after deboarding the plane"},"4":{"Display":"Uber mobile in-app directions to the pickup location"},"5":{"Display":"Amount of time waiting for Uber to arrive"},"6":{"Display":"Organization of the pickup area (e.g. pickup locations clearly marked, easy to find your driver\/vehicle once at the pickup location, etc.)"},"7":{"Display":"Friendliness of your Uber driver"},"8":{"Display":"Driving skills of your Uber driver"},"9":{"Display":"Cleanliness of the Uber car"}},"ChoiceOrder":[1,2,3,4,5,6,7,8,9],"Validation":{"Settings":{"ForceResponse":"ON","ForceResponseType":"ON","Type":"None"}},"GradingData":[],"Language":[],"NextChoiceId":10,"NextAnswerId":7,"Answers":{"1":{"Display":"Very satisfied"},"2":{"Display":"Somewhat satisfied"},"3":{"Display":"Neither satisfied nor dissatisfied"},"4":{"Display":"Somewhat dissatisfied"},"5":{"Display":"Very dissatisfied"},"6":{"Display":"Not Applicable"}},"AnswerOrder":[1,2,3,4,5,6],"ChoiceDataExportTags":false,"DataVisibility":{"Private":false,"Hidden":false},"AnalyzeChoices":{"6":"No"}}},{"SurveyID":"SV_8r07l377ZSPhEeF","Element":"SQ","PrimaryAttribute":"QID40","SecondaryAttribute":"Going into a little more in depth, how satisfied were you with the following aspects of your Uber...","TertiaryAttribute":null,"Payload":{"QuestionText":"Going into a little more in depth, how satisfied were you with the following aspects of your Uber pickup experience from&nbsp;${e:\/\/Field\/airportname}?","DefaultChoices":false,"DataExportTag":"A3INTRO","QuestionType":"DB","Selector":"TB","Configuration":{"QuestionDescriptionOption":"UseText"},"QuestionDescription":"Going into a little more in depth, how satisfied were you with the following aspects of your Uber...","ChoiceOrder":[],"Validation":{"Settings":{"Type":"None"}},"GradingData":[],"Language":[],"NextChoiceId":8,"NextAnswerId":1,"QuestionID":"QID40"}},{"SurveyID":"SV_8r07l377ZSPhEeF","Element":"SQ","PrimaryAttribute":"QID18","SecondaryAttribute":"How helpful was the signage in helping you find the Uber pickup location?","TertiaryAttribute":null,"Payload":{"QuestionText":"How helpful was the <u><strong>signage<\/strong><\/u> in helping you find the Uber pickup location?","DataExportTag":"B7","QuestionType":"MC","Selector":"SAVR","SubSelector":"TX","Configuration":{"QuestionDescriptionOption":"UseText"},"QuestionDescription":"How helpful was the signage in helping you find the Uber pickup location?","Choices":{"1":{"Display":"Very helpful"},"2":{"Display":"Somewhat helpful"},"3":{"Display":"Somewhat unhelpful"},"4":{"Display":"Very unhelpful"},"5":{"Display":"No impact"}},"DisplayLogic":{"0":{"0":{"LogicType":"Question","QuestionID":"QID12","QuestionIsInLoop":"no","ChoiceLocator":"q:\/\/QID12\/SelectableChoice\/1","Operator":"Selected","QuestionIDFromLocator":"QID12","LeftOperand":"q:\/\/QID12\/SelectableChoice\/1","Type":"Expression","Description":"<span class=\"ConjDesc\">If<\/span> <span class=\"QuestionDesc\">Do\nyou recall seeing any signage at&amp;nbsp;${e:\/\/Field\/airportname}&amp;nbsp;for Uber services?&amp;nbsp;<\/span> <span class=\"LeftOpDesc\">Yes<\/span> <span class=\"OpDesc\">Is Selected<\/span> "},"Type":"If"},"Type":"BooleanExpression","inPage":false},"ChoiceOrder":[1,2,3,4,5],"Validation":{"Settings":{"ForceResponse":"ON","ForceResponseType":"ON","Type":"None"}},"Language":[],"NextChoiceId":6,"NextAnswerId":1,"QuestionID":"QID18","DataVisibility":{"Private":false,"Hidden":false}}},{"SurveyID":"SV_8r07l377ZSPhEeF","Element":"SQ","PrimaryAttribute":"QID8","SecondaryAttribute":"How likely are you to use Uber again the next time you are leaving from ${e:\/\/Field\/airportname}?","TertiaryAttribute":null,"Payload":{"QuestionText":"How likely are you to use Uber again the next time you are leaving&nbsp;from&nbsp;${e:\/\/Field\/airportname}?<p><\/p>","DataExportTag":"A4","QuestionType":"MC","Selector":"SAVR","SubSelector":"TX","Configuration":{"QuestionDescriptionOption":"UseText"},"QuestionDescription":"How likely are you to use Uber again the next time you are leaving from ${e:\/\/Field\/airportname}?","Choices":{"1":{"Display":"Very likely"},"2":{"Display":"Somewhat likely"},"3":{"Display":"Neither likely nor unlikely"},"4":{"Display":"Somewhat unlikely"},"5":{"Display":"Very unlikely"}},"ChoiceOrder":[1,2,3,4,5],"Validation":{"Settings":{"ForceResponse":"ON","ForceResponseType":"ON","Type":"None"}},"Language":[],"NextChoiceId":6,"NextAnswerId":1,"QuestionID":"QID8","DataVisibility":{"Private":false,"Hidden":false}}},{"SurveyID":"SV_8r07l377ZSPhEeF","Element":"SQ","PrimaryAttribute":"QID37","SecondaryAttribute":"How likely are you to use Uber again the next time you are leaving from ${e:\/\/Field\/airportname}?","TertiaryAttribute":null,"Payload":{"QuestionText":"How likely are you to use Uber again the next time you are leaving&nbsp;from&nbsp;${e:\/\/Field\/airportname}?","DataExportTag":"A4","QuestionType":"MC","Selector":"SAVR","SubSelector":"TX","Configuration":{"QuestionDescriptionOption":"UseText"},"QuestionDescription":"How likely are you to use Uber again the next time you are leaving from ${e:\/\/Field\/airportname}?","Choices":{"1":{"Display":"Very likely"},"2":{"Display":"Somewhat likely"},"3":{"Display":"Neither likely nor unlikely"},"4":{"Display":"Somewhat unlikely"},"5":{"Display":"Very unlikely"}},"ChoiceOrder":[1,2,3,4,5],"Validation":{"Settings":{"ForceResponse":"OFF","ForceResponseType":"ON","Type":"None"}},"Language":[],"NextChoiceId":6,"NextAnswerId":1,"QuestionID":"QID37"}},{"SurveyID":"SV_8r07l377ZSPhEeF","Element":"SQ","PrimaryAttribute":"QID38","SecondaryAttribute":"How likely are you to use Uber again the next time you are leaving from ${e:\/\/Field\/airportname}?","TertiaryAttribute":null,"Payload":{"QuestionText":"How likely are you to use Uber again the next time you are <strong>leaving<\/strong> from ${e:\/\/Field\/airportname}?","DataExportTag":"A4","QuestionType":"MC","Selector":"SAVR","SubSelector":"TX","Configuration":{"QuestionDescriptionOption":"UseText"},"QuestionDescription":"How likely are you to use Uber again the next time you are leaving from ${e:\/\/Field\/airportname}?","Choices":{"1":{"Display":"Very likely"},"2":{"Display":"Somewhat likely"},"3":{"Display":"Neither likely nor unlikely"},"4":{"Display":"Somewhat unlikely"},"5":{"Display":"Very unlikely"}},"ChoiceOrder":[1,2,3,4,5],"Validation":{"Settings":{"ForceResponse":"OFF","ForceResponseType":"ON","Type":"None"}},"Language":[],"NextChoiceId":6,"NextAnswerId":1,"QuestionID":"QID38","DataVisibility":{"Private":false,"Hidden":false}}},{"SurveyID":"SV_8r07l377ZSPhEeF","Element":"SQ","PrimaryAttribute":"QID25","SecondaryAttribute":"How many people were you traveling with on this trip?","TertiaryAttribute":null,"Payload":{"QuestionText":"How many people were you traveling with on this trip?","DataExportTag":"C7","QuestionType":"MC","Selector":"SAVR","SubSelector":"TX","Configuration":{"QuestionDescriptionOption":"UseText"},"QuestionDescription":"How many people were you traveling with on this trip?","Choices":{"1":{"Display":"Just myself"},"2":{"Display":"Myself and 1 other person"},"3":{"Display":"Myself and 2 other people"},"4":{"Display":"Myself and 3 or more people"}},"ChoiceOrder":[1,2,3,4],"Validation":{"Settings":{"ForceResponse":"ON","ForceResponseType":"ON","Type":"None"}},"Language":[],"NextChoiceId":5,"NextAnswerId":1,"QuestionID":"QID25","DataVisibility":{"Private":false,"Hidden":false}}},{"SurveyID":"SV_8r07l377ZSPhEeF","Element":"SQ","PrimaryAttribute":"QID17","SecondaryAttribute":"How much did the signage influence your decision to use Uber to leave the airport?","TertiaryAttribute":null,"Payload":{"QuestionText":"<p><span lang=\"EN\">How much did the <strong><u>signage<\/u><\/strong> influence your decision to use Uber to leave the\nairport?<o:p><\/o:p><\/span><\/p>","DataExportTag":"B6","QuestionType":"MC","Selector":"SAVR","SubSelector":"TX","Configuration":{"QuestionDescriptionOption":"UseText"},"QuestionDescription":"How much did the signage influence your decision to use Uber to leave the airport?","Choices":{"1":{"Display":"Much more likely to use Uber"},"2":{"Display":"Somewhat more likely to use Uber"},"3":{"Display":"Somewhat less likely to use Uber"},"4":{"Display":"Much less likely to use Uber"}},"DisplayLogic":{"0":{"0":{"LogicType":"Question","QuestionID":"QID12","QuestionIsInLoop":"no","ChoiceLocator":"q:\/\/QID12\/SelectableChoice\/1","Operator":"Selected","QuestionIDFromLocator":"QID12","LeftOperand":"q:\/\/QID12\/SelectableChoice\/1","Type":"Expression","Description":"<span class=\"ConjDesc\">If<\/span> <span class=\"QuestionDesc\">Do\nyou recall seeing any signage at&amp;nbsp;${e:\/\/Field\/airportname}&amp;nbsp;for Uber services?&amp;nbsp;<\/span> <span class=\"LeftOpDesc\">Yes<\/span> <span class=\"OpDesc\">Is Selected<\/span> "},"Type":"If"},"Type":"BooleanExpression","inPage":false},"ChoiceOrder":[1,2,3,4],"Validation":{"Settings":{"ForceResponse":"ON","ForceResponseType":"ON","Type":"None"}},"Language":[],"NextChoiceId":5,"NextAnswerId":1,"QuestionID":"QID17","DataVisibility":{"Private":false,"Hidden":false}}},{"SurveyID":"SV_8r07l377ZSPhEeF","Element":"SQ","PrimaryAttribute":"QID5","SecondaryAttribute":"How satisfied were you with the overall Uber pickup experience from ${e:\/\/Field\/airportname}?","TertiaryAttribute":null,"Payload":{"QuestionText":"How satisfied were you with the overall Uber pickup experience from ${e:\/\/Field\/airportname}?","DataExportTag":"A1","QuestionType":"MC","Selector":"SAVR","SubSelector":"TX","Configuration":{"QuestionDescriptionOption":"UseText"},"QuestionDescription":"How satisfied were you with the overall Uber pickup experience from ${e:\/\/Field\/airportname}?","Choices":{"1":{"Display":"Very satisfied"},"2":{"Display":"Somewhat satisfied"},"3":{"Display":"Neither satisfied nor dissatisfied"},"4":{"Display":"Somewhat dissatisfied"},"5":{"Display":"Very dissatisfied"}},"ChoiceOrder":[1,2,3,4,5],"Validation":{"Settings":{"ForceResponse":"ON","ForceResponseType":"ON","Type":"None"}},"Language":[],"NextChoiceId":6,"NextAnswerId":1,"QuestionID":"QID5","DataVisibility":{"Private":false,"Hidden":false}}},{"SurveyID":"SV_8r07l377ZSPhEeF","Element":"SQ","PrimaryAttribute":"QID23","SecondaryAttribute":"On average, how often do you fly?","TertiaryAttribute":null,"Payload":{"QuestionText":"On average, how often do you fly?","DataExportTag":"C5","QuestionType":"MC","Selector":"SAVR","SubSelector":"TX","Configuration":{"QuestionDescriptionOption":"UseText"},"QuestionDescription":"On average, how often do you fly?","Choices":{"1":{"Display":"Once a week or more"},"2":{"Display":"2-3 times a month"},"3":{"Display":"Once a month"},"4":{"Display":"A few times a year"},"5":{"Display":"Once a year or less"},"6":{"Display":"Never"}},"ChoiceOrder":[1,2,3,4,5,6],"Validation":{"Settings":{"ForceResponse":"ON","ForceResponseType":"ON","Type":"None"}},"Language":[],"NextChoiceId":7,"NextAnswerId":1,"QuestionID":"QID23","DataVisibility":{"Private":false,"Hidden":false}}},{"SurveyID":"SV_8r07l377ZSPhEeF","Element":"SQ","PrimaryAttribute":"QID1","SecondaryAttribute":"Thank you for agreeing to take our survey. This survey is voluntary, and we will not share your i...","TertiaryAttribute":null,"Payload":{"QuestionText":"<p><span lang=\"EN\">Thank you for agreeing to take our survey.\nThis survey is voluntary, and we will not share your individual responses\noutside of Uber, though we may use your responses internally to better\nunderstand our users and improve the Uber experience. Your account standing\nwith us will not be affected by your responses.<strong> <o:p><\/o:p><\/strong><\/span><\/p>","DefaultChoices":false,"DataExportTag":"SINTRO","QuestionType":"DB","Selector":"TB","Configuration":{"QuestionDescriptionOption":"UseText"},"QuestionDescription":"Thank you for agreeing to take our survey. This survey is voluntary, and we will not share your i...","ChoiceOrder":[],"Validation":{"Settings":{"Type":"None"}},"GradingData":[],"Language":[],"NextChoiceId":4,"NextAnswerId":1,"QuestionID":"QID1","DataVisibility":{"Private":false,"Hidden":false}}},{"SurveyID":"SV_8r07l377ZSPhEeF","Element":"SQ","PrimaryAttribute":"QID32","SecondaryAttribute":"Thank you for taking our survey! Your responses will be used to help improve the airport experien...","TertiaryAttribute":null,"Payload":{"QuestionText":"<p><span lang=\"EN\">Thank you for taking our survey! Your responses will be used to help improve the airport experience. To validate your responses, please enter your email below associated with your Uber account. As always, we will treat your personal information according to our<span style=\"color: windowtext;\"> <\/span><span style=\"color:windowtext\"><a href=\"https:\/\/privacy.uber.com\/policy\/\">Privacy Statement and providing your email address will not change your communication preferences<\/a>.<o:p><\/o:p><\/span><\/span><\/p>","DefaultChoices":false,"DataExportTag":"EMAIL","QuestionType":"TE","Selector":"SL","Configuration":{"QuestionDescriptionOption":"UseText","AllowFreeResponse":"false"},"QuestionDescription":"Thank you for taking our survey! Your responses will be used to help improve the airport experien...","Validation":{"Settings":{"ForceResponse":"ON","ForceResponseType":"ON","Type":"ContentType","ContentType":"ValidEmail","ValidDateType":"DateWithFormat","ValidPhoneType":"ValidUSPhone","ValidZipType":"ValidUSZip"}},"GradingData":[],"Language":[],"NextChoiceId":4,"NextAnswerId":1,"QuestionID":"QID32","DataVisibility":{"Private":false,"Hidden":false}}},{"SurveyID":"SV_8r07l377ZSPhEeF","Element":"SQ","PrimaryAttribute":"QID36","SecondaryAttribute":"Thank you!\u00a0 Those are all of our questions for today!","TertiaryAttribute":null,"Payload":{"QuestionText":"<p>Thank you!&nbsp;\nThose are all of our questions for today!<o:p><\/o:p><\/p>","DefaultChoices":false,"DataExportTag":"NOTPOSTEXIT","QuestionType":"DB","Selector":"TB","Configuration":{"QuestionDescriptionOption":"UseText"},"QuestionDescription":"Thank you!\u00a0 Those are all of our questions for today!","DisplayLogic":{"0":{"0":{"LogicType":"Question","QuestionID":"QID33","QuestionIsInLoop":"no","ChoiceLocator":"q:\/\/QID33\/SelectableChoice\/1","Operator":"NotSelected","QuestionIDFromLocator":"QID33","LeftOperand":"q:\/\/QID33\/SelectableChoice\/1","Type":"Expression","Description":"<span class=\"ConjDesc\">If<\/span> <span class=\"QuestionDesc\">Based on your responses, you have been invited to participate in a follow-up chat session.&nbsp; The s...<\/span> <span class=\"LeftOpDesc\">Yes, I would like to participate in the follow-up chat session now<\/span> <span class=\"OpDesc\">Is Not Selected<\/span> "},"Type":"If"},"Type":"BooleanExpression","inPage":false},"ChoiceOrder":[],"Validation":{"Settings":{"Type":"None"}},"GradingData":[],"Language":[],"NextChoiceId":4,"NextAnswerId":1,"QuestionID":"QID36"}},{"SurveyID":"SV_8r07l377ZSPhEeF","Element":"SQ","PrimaryAttribute":"QID27","SecondaryAttribute":"Thank you.\u00a0 We just have a few more questions for classification purposes.","TertiaryAttribute":null,"Payload":{"QuestionText":"<p><span lang=\"EN\">Thank you.&nbsp;\nWe just have a few more questions for classification purposes.<o:p><\/o:p><\/span><\/p>","DefaultChoices":false,"DataExportTag":"DEMOINTRO","QuestionType":"DB","Selector":"TB","Configuration":{"QuestionDescriptionOption":"UseText"},"QuestionDescription":"Thank you.\u00a0 We just have a few more questions for classification purposes.","ChoiceOrder":[],"Validation":{"Settings":{"Type":"None"}},"GradingData":[],"Language":[],"NextChoiceId":4,"NextAnswerId":1,"QuestionID":"QID27","DataVisibility":{"Private":false,"Hidden":false}}},{"SurveyID":"SV_8r07l377ZSPhEeF","Element":"SQ","PrimaryAttribute":"QID11","SecondaryAttribute":"The next few questions will ask you about Uber signage at ${e:\/\/Field\/airportname}.","TertiaryAttribute":null,"Payload":{"QuestionText":"The next few questions will ask you about Uber signage at&nbsp;${e:\/\/Field\/airportname}.","DefaultChoices":false,"DataExportTag":"SAINTRO","QuestionID":"QID11","QuestionType":"DB","Selector":"TB","Configuration":{"QuestionDescriptionOption":"UseText"},"QuestionDescription":"The next few questions will ask you about Uber signage at ${e:\/\/Field\/airportname}.","ChoiceOrder":[],"Validation":{"Settings":{"Type":"None"}},"GradingData":[],"Language":[],"NextChoiceId":4,"NextAnswerId":1,"DataVisibility":{"Private":false,"Hidden":false}}},{"SurveyID":"SV_8r07l377ZSPhEeF","Element":"SQ","PrimaryAttribute":"QID9","SecondaryAttribute":"The next few questions will ask you about Uber signage at ${q:\/\/QID4\/ChoiceGroup\/SelectedChoices}.","TertiaryAttribute":null,"Payload":{"QuestionText":"The next few questions will ask you about Uber signage at&nbsp;${q:\/\/QID4\/ChoiceGroup\/SelectedChoices}.","DefaultChoices":false,"DataExportTag":"Q9","QuestionID":"QID9","QuestionType":"DB","Selector":"TB","Configuration":{"QuestionDescriptionOption":"UseText"},"QuestionDescription":"The next few questions will ask you about Uber signage at ${q:\/\/QID4\/ChoiceGroup\/SelectedChoices}.","ChoiceOrder":[],"Validation":{"Settings":{"Type":"None"}},"GradingData":[],"Language":[],"NextChoiceId":4,"NextAnswerId":1}},{"SurveyID":"SV_8r07l377ZSPhEeF","Element":"SQ","PrimaryAttribute":"QID34","SecondaryAttribute":"The next few questions will ask you about your recent Uber ride from ${e:\/\/Field\/airportname}.","TertiaryAttribute":null,"Payload":{"QuestionText":"The next few questions will ask you about your recent Uber ride from&nbsp;${e:\/\/Field\/airportname}.","DefaultChoices":false,"DataExportTag":"PEINTRO","QuestionType":"DB","Selector":"TB","Configuration":{"QuestionDescriptionOption":"UseText"},"QuestionDescription":"The next few questions will ask you about your recent Uber ride from ${e:\/\/Field\/airportname}.","ChoiceOrder":[],"Validation":{"Settings":{"Type":"None"}},"GradingData":[],"Language":[],"NextChoiceId":4,"NextAnswerId":1,"QuestionID":"QID34","DataVisibility":{"Private":false,"Hidden":false}}},{"SurveyID":"SV_8r07l377ZSPhEeF","Element":"SQ","PrimaryAttribute":"QID35","SecondaryAttribute":"Those are all the questions we have for you today! Thank you very much for your time. Hope you ha...","TertiaryAttribute":null,"Payload":{"QuestionText":"Those are all the\nquestions we have for you today! Thank you very much for your time. Hope you\nhave a wonderful rest of your day.","DefaultChoices":false,"DataExportTag":"TERM_EXIT","QuestionType":"DB","Selector":"TB","Configuration":{"QuestionDescriptionOption":"UseText"},"QuestionDescription":"Those are all the questions we have for you today! Thank you very much for your time. Hope you ha...","ChoiceOrder":[],"Validation":{"Settings":{"Type":"None"}},"GradingData":[],"Language":[],"NextChoiceId":4,"NextAnswerId":1,"QuestionID":"QID35","DataVisibility":{"Private":false,"Hidden":false},"DisplayLogic":{"0":{"0":{"LogicType":"Question","QuestionID":"QID2","QuestionIsInLoop":"no","ChoiceLocator":"q:\/\/QID2\/ChoiceTextEntryValue","Operator":"LessThan","QuestionIDFromLocator":"QID2","LeftOperand":"q:\/\/QID2\/ChoiceTextEntryValue","RightOperand":"18","Type":"Expression","Description":"<span class=\"ConjDesc\">If<\/span> <span class=\"QuestionDesc\">What is your age?<\/span> <span class=\"LeftOpDesc\">Text Response<\/span> <span class=\"OpDesc\">Is Less Than<\/span> <span class=\"RightOpDesc\"> 18 <\/span>"},"1":{"LogicType":"Question","QuestionID":"QID3","QuestionIsInLoop":"no","ChoiceLocator":"q:\/\/QID3\/SelectableChoice\/1","Operator":"NotSelected","QuestionIDFromLocator":"QID3","LeftOperand":"q:\/\/QID3\/SelectableChoice\/1","Type":"Expression","Description":"<span class=\"ConjDesc\">Or<\/span> <span class=\"QuestionDesc\">Which of the following airports have you taken an Uber from within the past month? Please select...<\/span> <span class=\"LeftOpDesc\">Seattle-Tacoma International Airport (SEA)<\/span> <span class=\"OpDesc\">Is Not Selected<\/span> ","Conjuction":"Or"},"2":{"LogicType":"Question","QuestionID":"QID3","QuestionIsInLoop":"no","ChoiceLocator":"q:\/\/QID3\/SelectableChoice\/2","Operator":"NotSelected","QuestionIDFromLocator":"QID3","LeftOperand":"q:\/\/QID3\/SelectableChoice\/2","Type":"Expression","Description":"<span class=\"ConjDesc\">And<\/span> <span class=\"QuestionDesc\">Which of the following airports have you taken an Uber from within the past month? Please select...<\/span> <span class=\"LeftOpDesc\">Toronto Pearson International Airport (YYZ)<\/span> <span class=\"OpDesc\">Is Not Selected<\/span> ","Conjuction":"And"},"Type":"If"},"Type":"BooleanExpression","inPage":false}}},{"SurveyID":"SV_8r07l377ZSPhEeF","Element":"SQ","PrimaryAttribute":"QID21","SecondaryAttribute":"Was this Uber ride from ${e:\/\/Field\/airportname} the first time you have taken an Uber from that...","TertiaryAttribute":null,"Payload":{"QuestionText":"Was this Uber ride from&nbsp;${e:\/\/Field\/airportname}&nbsp;the first time you have taken an Uber from that airport?","DataExportTag":"C4","QuestionType":"MC","Selector":"SAVR","SubSelector":"TX","Configuration":{"QuestionDescriptionOption":"UseText"},"QuestionDescription":"Was this Uber ride from ${e:\/\/Field\/airportname} the first time you have taken an Uber from that...","Choices":{"1":{"Display":"Yes"},"2":{"Display":"No"},"3":{"Display":"Not sure"}},"ChoiceOrder":["1","2","3"],"Validation":{"Settings":{"ForceResponse":"ON","ForceResponseType":"ON","Type":"None"}},"Language":[],"NextChoiceId":4,"NextAnswerId":1,"QuestionID":"QID21","DisplayLogic":{"0":{"0":{"LogicType":"Question","QuestionID":"QID22","QuestionIsInLoop":"no","ChoiceLocator":"q:\/\/QID22\/SelectableChoice\/2","Operator":"Selected","QuestionIDFromLocator":"QID22","LeftOperand":"q:\/\/QID22\/SelectableChoice\/2","Type":"Expression","Description":"<span class=\"ConjDesc\">If<\/span> <span class=\"QuestionDesc\">Was this Uber ride from&amp;nbsp;${e:\/\/Field\/airportname}&amp;nbsp;your first time ever taking an Uber?<\/span> <span class=\"LeftOpDesc\">No<\/span> <span class=\"OpDesc\">Is Selected<\/span> "},"Type":"If"},"Type":"BooleanExpression","inPage":false},"DataVisibility":{"Private":false,"Hidden":false}}},{"SurveyID":"SV_8r07l377ZSPhEeF","Element":"SQ","PrimaryAttribute":"QID22","SecondaryAttribute":"Was this Uber ride from ${e:\/\/Field\/airportname} your first time ever taking an Uber?","TertiaryAttribute":null,"Payload":{"QuestionText":"Was this Uber ride from&nbsp;${e:\/\/Field\/airportname}&nbsp;your first time ever taking an Uber?","DataExportTag":"C3","QuestionType":"MC","Selector":"SAVR","SubSelector":"TX","Configuration":{"QuestionDescriptionOption":"UseText"},"QuestionDescription":"Was this Uber ride from ${e:\/\/Field\/airportname} your first time ever taking an Uber?","Choices":{"1":{"Display":"Yes"},"2":{"Display":"No"}},"ChoiceOrder":[1,2],"Validation":{"Settings":{"ForceResponse":"ON","ForceResponseType":"ON","Type":"None"}},"Language":[],"NextChoiceId":3,"NextAnswerId":1,"QuestionID":"QID22","DataVisibility":{"Private":false,"Hidden":false}}},{"SurveyID":"SV_8r07l377ZSPhEeF","Element":"SQ","PrimaryAttribute":"QID15","SecondaryAttribute":"What do you recall learning from the Uber signage? Select all that apply. ","TertiaryAttribute":null,"Payload":{"QuestionText":"What do you recall learning from the Uber signage? Select all that apply.&nbsp;","DataExportTag":"B4","QuestionType":"MC","Selector":"MAVR","SubSelector":"TX","Configuration":{"QuestionDescriptionOption":"UseText"},"QuestionDescription":"What do you recall learning from the Uber signage? Select all that apply. ","Choices":{"1":{"Display":"That Uber picks up from ${e:\/\/Field\/airportname} airport"},"2":{"Display":"Directions to get to the pickup location"},"3":{"Display":"Location of the pickup location"},"4":{"Display":"How to request an Uber"},"5":{"Display":"Other (please specify)","TextEntry":"true","InputHeight":24,"InputWidth":150},"6":{"Display":"Nothing","ExclusiveAnswer":true},"7":{"Display":"Request your ride after your luggage has landed at baggage claim"}},"ChoiceOrder":[1,2,3,"7",4,5,6],"Validation":{"Settings":{"ForceResponse":"ON","ForceResponseType":"ON","Type":"None"}},"Language":[],"NextChoiceId":8,"NextAnswerId":1,"QuestionID":"QID15","Randomization":{"Type":"Advanced","Advanced":{"FixedOrder":["{~Randomized~}","{~Randomized~}","{~Randomized~}","{~Randomized~}","{~Randomized~}","5","6"],"RandomizeAll":["1","2","3","4","7"],"RandomSubSet":[],"Undisplayed":[],"TotalRandSubset":0},"EvenPresentation":false,"TotalRandSubset":""},"DisplayLogic":{"0":{"0":{"LogicType":"Question","QuestionID":"QID12","QuestionIsInLoop":"no","ChoiceLocator":"q:\/\/QID12\/SelectableChoice\/1","Operator":"Selected","QuestionIDFromLocator":"QID12","LeftOperand":"q:\/\/QID12\/SelectableChoice\/1","Type":"Expression","Description":"<span class=\"ConjDesc\">If<\/span> <span class=\"QuestionDesc\">Do\nyou recall seeing any signage at&amp;nbsp;${e:\/\/Field\/airportname}&amp;nbsp;for Uber services?&amp;nbsp;<\/span> <span class=\"LeftOpDesc\">Yes<\/span> <span class=\"OpDesc\">Is Selected<\/span> "},"Type":"If"},"Type":"BooleanExpression","inPage":false},"DataVisibility":{"Private":false,"Hidden":false}}},{"SurveyID":"SV_8r07l377ZSPhEeF","Element":"SQ","PrimaryAttribute":"QID2","SecondaryAttribute":"What is your age?","TertiaryAttribute":null,"Payload":{"QuestionText":"What is your age?","DefaultChoices":false,"DataExportTag":"S1","QuestionID":"QID2","QuestionType":"TE","Selector":"SL","DataVisibility":{"Private":false,"Hidden":false},"Configuration":{"QuestionDescriptionOption":"UseText","AllowFreeResponse":"false","InputWidth":67,"InputHeight":29},"QuestionDescription":"What is your age?","Validation":{"Settings":{"ForceResponse":"ON","ForceResponseType":"ON","Type":"ContentType","ContentType":"ValidNumber","ValidDateType":"DateWithFormat","ValidPhoneType":"ValidUSPhone","ValidZipType":"ValidUSZip","ValidNumber":{"NumDecimals":"0"}}},"GradingData":[],"Language":[],"NextChoiceId":10,"NextAnswerId":1}},{"SurveyID":"SV_8r07l377ZSPhEeF","Element":"SQ","PrimaryAttribute":"QID28","SecondaryAttribute":"What is your gender?","TertiaryAttribute":null,"Payload":{"QuestionText":"What is your gender?","DataExportTag":"D1","QuestionType":"MC","Selector":"SAVR","SubSelector":"TX","Configuration":{"QuestionDescriptionOption":"UseText"},"QuestionDescription":"What is your gender?","Choices":{"1":{"Display":"Male"},"2":{"Display":"Female"},"3":{"Display":"Prefer not to say"}},"ChoiceOrder":[1,2,3],"Validation":{"Settings":{"ForceResponse":"ON","ForceResponseType":"ON","Type":"None"}},"Language":[],"NextChoiceId":4,"NextAnswerId":1,"QuestionID":"QID28","DataVisibility":{"Private":false,"Hidden":false}}},{"SurveyID":"SV_8r07l377ZSPhEeF","Element":"SQ","PrimaryAttribute":"QID30","SecondaryAttribute":"What is your highest level of education completed?","TertiaryAttribute":null,"Payload":{"QuestionText":"What is your highest level of education completed?","DataExportTag":"D3","QuestionType":"MC","Selector":"SAVR","SubSelector":"TX","Configuration":{"QuestionDescriptionOption":"UseText"},"QuestionDescription":"What is your highest level of education completed?","Choices":{"1":{"Display":"Some high school or less"},"2":{"Display":"High school graduate"},"3":{"Display":"Some college - no degree"},"4":{"Display":"2-year college\/technical school"},"5":{"Display":"4-year college degree"},"6":{"Display":"Some postgraduate work"},"7":{"Display":"Postgraduate degree"}},"ChoiceOrder":[1,2,3,4,5,6,7],"Validation":{"Settings":{"ForceResponse":"ON","ForceResponseType":"ON","Type":"None"}},"Language":[],"NextChoiceId":8,"NextAnswerId":1,"QuestionID":"QID30","DataVisibility":{"Private":false,"Hidden":false}}},{"SurveyID":"SV_8r07l377ZSPhEeF","Element":"SQ","PrimaryAttribute":"QID29","SecondaryAttribute":"What is your native language?","TertiaryAttribute":null,"Payload":{"QuestionText":"What is your native language?","DataExportTag":"D2","QuestionType":"MC","Selector":"SAVR","SubSelector":"TX","Configuration":{"QuestionDescriptionOption":"UseText"},"QuestionDescription":"What is your native language?","Choices":{"1":{"Display":"English"},"2":{"Display":"Spanish"},"3":{"Display":"Portuguese"},"4":{"Display":"French"},"5":{"Display":"Chinese"},"6":{"Display":"Japanese"},"7":{"Display":"Korean"},"8":{"Display":"Other (please specify)","TextEntry":"true"}},"ChoiceOrder":[1,2,3,4,5,6,7,8],"Validation":{"Settings":{"ForceResponse":"ON","ForceResponseType":"ON","Type":"None"}},"Language":[],"NextChoiceId":9,"NextAnswerId":1,"QuestionID":"QID29","DataVisibility":{"Private":false,"Hidden":false}}},{"SurveyID":"SV_8r07l377ZSPhEeF","Element":"SQ","PrimaryAttribute":"QID31","SecondaryAttribute":"What is your total annual household income, before taxes?","TertiaryAttribute":null,"Payload":{"QuestionText":"What is your total annual household income, before taxes?","DataExportTag":"D4","QuestionType":"MC","Selector":"SAVR","SubSelector":"TX","Configuration":{"QuestionDescriptionOption":"UseText"},"QuestionDescription":"What is your total annual household income, before taxes?","Choices":{"1":{"Display":"Less than $25,000"},"2":{"Display":"$25,000 to $49,999"},"3":{"Display":"$50,000 to $74,999"},"4":{"Display":"$75,000 to $99,999"},"5":{"Display":"$100,000 to $149,999"},"6":{"Display":"$150,000 or more"},"7":{"Display":"Prefer not to say"}},"ChoiceOrder":[1,2,3,4,5,6,7],"Validation":{"Settings":{"ForceResponse":"ON","ForceResponseType":"ON","Type":"None"}},"Language":[],"NextChoiceId":8,"NextAnswerId":1,"QuestionID":"QID31","DataVisibility":{"Private":false,"Hidden":false}}},{"SurveyID":"SV_8r07l377ZSPhEeF","Element":"SQ","PrimaryAttribute":"QID13","SecondaryAttribute":"What signage do you recall seeing at ${e:\/\/Field\/airportname} for Uber services? Please describe...","TertiaryAttribute":null,"Payload":{"QuestionText":"What\nsignage do you recall seeing at&nbsp;${e:\/\/Field\/airportname}&nbsp;for Uber services?&nbsp;\nPlease describe all the signs that you can recall and be as descriptive\nas possible in your response.","DefaultChoices":false,"DataExportTag":"B2","QuestionID":"QID13","QuestionType":"TE","Selector":"ML","Configuration":{"QuestionDescriptionOption":"UseText","AllowFreeResponse":"false"},"QuestionDescription":"What signage do you recall seeing at ${e:\/\/Field\/airportname} for Uber services? Please describe...","Validation":{"Settings":{"ForceResponse":"ON","ForceResponseType":"ON","Type":"None"}},"GradingData":[],"Language":[],"NextChoiceId":4,"NextAnswerId":1,"DisplayLogic":{"0":{"0":{"LogicType":"Question","QuestionID":"QID12","QuestionIsInLoop":"no","ChoiceLocator":"q:\/\/QID12\/SelectableChoice\/1","Operator":"Selected","QuestionIDFromLocator":"QID12","LeftOperand":"q:\/\/QID12\/SelectableChoice\/1","Type":"Expression","Description":"<span class=\"ConjDesc\">If<\/span> <span class=\"QuestionDesc\">Do\nyou recall seeing any signage at&amp;nbsp;${e:\/\/Field\/airportname}&amp;nbsp;for Uber services?&amp;nbsp;<\/span> <span class=\"LeftOpDesc\">Yes<\/span> <span class=\"OpDesc\">Is Selected<\/span> "},"Type":"If"},"Type":"BooleanExpression","inPage":false},"DataVisibility":{"Private":false,"Hidden":false}}},{"SurveyID":"SV_8r07l377ZSPhEeF","Element":"SQ","PrimaryAttribute":"QID14","SecondaryAttribute":"Where in the ${e:\/\/Field\/airportname} did you recall seeing the Uber signage? Please select all t...","TertiaryAttribute":null,"Payload":{"QuestionText":"Where\nin the&nbsp;${e:\/\/Field\/airportname}&nbsp;did\nyou recall seeing the Uber signage?&nbsp;\nPlease select all that apply.","DataExportTag":"B3","QuestionType":"MC","Selector":"MAVR","SubSelector":"TX","Configuration":{"QuestionDescriptionOption":"UseText"},"QuestionDescription":"Where in the ${e:\/\/Field\/airportname} did you recall seeing the Uber signage? Please select all t...","Choices":{"1":{"Display":"Signage at baggage claim"},"2":{"Display":"Signage approaching customs"},"3":{"Display":"Wall sign when arriving off the plane"},"4":{"Display":"Signage in another area"},"5":{"Display":"Post security but prior to baggage claim"},"6":{"Display":"Floor signage in the garage"},"7":{"Display":"Other (please specify)","TextEntry":"true"},"8":{"Display":"Don't know\/remember","ExclusiveAnswer":true}},"ChoiceOrder":[1,2,3,4,5,6,7,8],"Validation":{"Settings":{"ForceResponse":"ON","ForceResponseType":"ON","Type":"None"}},"Language":[],"NextChoiceId":9,"NextAnswerId":1,"QuestionID":"QID14","Randomization":{"Type":"Advanced","Advanced":{"FixedOrder":["{~Randomized~}","{~Randomized~}","{~Randomized~}","{~Randomized~}","{~Randomized~}","{~Randomized~}","7","8"],"RandomizeAll":["1","2","3","4","5","6"],"RandomSubSet":[],"Undisplayed":[],"TotalRandSubset":0},"EvenPresentation":false,"TotalRandSubset":""},"DisplayLogic":{"0":{"0":{"LogicType":"Question","QuestionID":"QID12","QuestionIsInLoop":"no","ChoiceLocator":"q:\/\/QID12\/SelectableChoice\/1","Operator":"Selected","QuestionIDFromLocator":"QID12","LeftOperand":"q:\/\/QID12\/SelectableChoice\/1","Type":"Expression","Description":"<span class=\"ConjDesc\">If<\/span> <span class=\"QuestionDesc\">Do\nyou recall seeing any signage at&amp;nbsp;${e:\/\/Field\/airportname}&amp;nbsp;for Uber services?&amp;nbsp;<\/span> <span class=\"LeftOpDesc\">Yes<\/span> <span class=\"OpDesc\">Is Selected<\/span> "},"Type":"If"},"Type":"BooleanExpression","inPage":false},"DataVisibility":{"Private":false,"Hidden":false}}},{"SurveyID":"SV_8r07l377ZSPhEeF","Element":"SQ","PrimaryAttribute":"QID3","SecondaryAttribute":"Which of the following airports have you taken an Uber from within the past month? Please select...","TertiaryAttribute":null,"Payload":{"QuestionText":"Which of the following airports have you taken an Uber from within the past month? Please select all that apply.","DataExportTag":"S2","QuestionType":"MC","Selector":"MAVR","SubSelector":"TX","Configuration":{"QuestionDescriptionOption":"UseText"},"QuestionDescription":"Which of the following airports have you taken an Uber from within the past month? Please select...","Choices":{"1":{"Display":"Seattle-Tacoma International Airport (SEA)"},"2":{"Display":"Toronto Pearson International Airport (YYZ)"},"3":{"Display":"New York John F. Kennedy (JFK)"},"4":{"Display":"Los Angeles (LAX)"},"5":{"Display":"Chicago O'Hare (ORD)"},"6":{"Display":"Tokyo Narita (NRT)"},"7":{"Display":"Lagos Murtala Muhammed (LOS)"},"8":{"Display":"None of the above","ExclusiveAnswer":true}},"ChoiceOrder":[1,2,3,4,5,6,7,8],"Validation":{"Settings":{"ForceResponse":"ON","ForceResponseType":"ON","Type":"None"}},"Language":[],"NextChoiceId":9,"NextAnswerId":1,"QuestionID":"QID3","AnalyzeChoices":{"8":"on"},"Randomization":{"Type":"Advanced","Advanced":{"FixedOrder":["{~Randomized~}","{~Randomized~}","{~Randomized~}","{~Randomized~}","{~Randomized~}","{~Randomized~}","{~Randomized~}","8"],"RandomizeAll":["1","2","3","4","5","6","7"],"RandomSubSet":[],"Undisplayed":[],"TotalRandSubset":0},"EvenPresentation":false,"TotalRandSubset":""},"DataVisibility":{"Private":false,"Hidden":false}}},{"SurveyID":"SV_8r07l377ZSPhEeF","Element":"SQ","PrimaryAttribute":"QID24","SecondaryAttribute":"Which of the following best describes your primary reason for flying?","TertiaryAttribute":null,"Payload":{"QuestionText":"Which of the following best describes your primary reason for flying?","DataExportTag":"C6","QuestionType":"MC","Selector":"SAVR","SubSelector":"TX","Configuration":{"QuestionDescriptionOption":"UseText"},"QuestionDescription":"Which of the following best describes your primary reason for flying?","Choices":{"1":{"Display":"For business reasons only"},"2":{"Display":"Mostly for business reasons"},"3":{"Display":"Equally for business and personal reasons"},"4":{"Display":"Mostly for personal reasons"},"5":{"Display":"For personal reasons only"}},"DisplayLogic":{"0":{"0":{"LogicType":"Question","QuestionID":"QID23","QuestionIsInLoop":"no","ChoiceLocator":"q:\/\/QID23\/SelectableChoice\/6","Operator":"NotSelected","QuestionIDFromLocator":"QID23","LeftOperand":"q:\/\/QID23\/SelectableChoice\/6","Type":"Expression","Description":"<span class=\"ConjDesc\">If<\/span> <span class=\"QuestionDesc\">On average, how often do you fly?<\/span> <span class=\"LeftOpDesc\">Never<\/span> <span class=\"OpDesc\">Is Not Selected<\/span> "},"Type":"If"},"Type":"BooleanExpression","inPage":false},"ChoiceOrder":[1,2,3,4,5],"Validation":{"Settings":{"ForceResponse":"ON","ForceResponseType":"ON","Type":"None"}},"Language":[],"NextChoiceId":6,"NextAnswerId":1,"QuestionID":"QID24","DataVisibility":{"Private":false,"Hidden":false}}},{"SurveyID":"SV_8r07l377ZSPhEeF","Element":"SQ","PrimaryAttribute":"QID19","SecondaryAttribute":"Which of the following Uber services did you use for pickup at this airport?","TertiaryAttribute":null,"Payload":{"QuestionText":"Which of the following Uber services did you use for pickup at this airport?","DataExportTag":"C1","QuestionType":"MC","Selector":"SAVR","SubSelector":"TX","Configuration":{"QuestionDescriptionOption":"UseText"},"QuestionDescription":"Which of the following Uber services did you use for pickup at this airport?","Choices":{"1":{"Display":"Pool"},"2":{"Display":"UberX"},"3":{"Display":"Uber XL"},"4":{"Display":"Select"},"5":{"Display":"Black"},"6":{"Display":"Black SUV"},"7":{"Display":"Comfort"},"8":{"Display":"Assist"},"9":{"Display":"Wav"},"10":{"Display":"Don't know"}},"ChoiceOrder":[1,2,3,4,5,6,7,8,9,10],"Validation":{"Settings":{"ForceResponse":"ON","ForceResponseType":"ON","Type":"None"}},"AnalyzeChoices":{"10":"on"},"Language":[],"NextChoiceId":11,"NextAnswerId":1,"QuestionID":"QID19","DataVisibility":{"Private":false,"Hidden":false}}},{"SurveyID":"SV_8r07l377ZSPhEeF","Element":"SQ","PrimaryAttribute":"QID6","SecondaryAttribute":"Why were you not satisfied with your Uber pickup experience? Please select all that apply.","TertiaryAttribute":null,"Payload":{"QuestionText":"<p><span lang=\"EN\">Why were you\nnot satisfied with your Uber pickup experience? Please select all that apply.<o:p><\/o:p><\/span><\/p>","DataExportTag":"A2","QuestionType":"MC","Selector":"MAVR","SubSelector":"TX","Configuration":{"QuestionDescriptionOption":"UseText"},"QuestionDescription":"Why were you not satisfied with your Uber pickup experience? Please select all that apply.","Choices":{"1":{"Display":"There was a long wait for my car to arrive (i.e. ETA)"},"2":{"Display":"I could not find my vehicle while at the pickup location"},"3":{"Display":"I didn\u2019t know how to get to the pickup location"},"4":{"Display":"The ride was too expensive"},"5":{"Display":"The driver could not find the correct pickup location"},"6":{"Display":"The driver was unprofessional or rude"},"7":{"Display":"The pickup area was confusing"},"8":{"Display":"The driver canceled on me"},"9":{"Display":"Other (please specify)","TextEntry":"true"}},"ChoiceOrder":[1,2,3,4,5,6,7,8,9],"Validation":{"Settings":{"ForceResponse":"ON","ForceResponseType":"ON","Type":"None"}},"Language":[],"NextChoiceId":10,"NextAnswerId":4,"QuestionID":"QID6","DefaultChoices":false,"DisplayLogic":{"0":{"0":{"LogicType":"Question","QuestionID":"QID5","QuestionIsInLoop":"no","ChoiceLocator":"q:\/\/QID5\/SelectableChoice\/4","Operator":"Selected","QuestionIDFromLocator":"QID5","LeftOperand":"q:\/\/QID5\/SelectableChoice\/4","Type":"Expression","Description":"<span class=\"ConjDesc\">If<\/span> <span class=\"QuestionDesc\">How satisfied were you with the overall Uber pickup experience from ${e:\/\/Field\/airportname}?<\/span> <span class=\"LeftOpDesc\">Somewhat dissatisfied<\/span> <span class=\"OpDesc\">Is Selected<\/span> "},"1":{"LogicType":"Question","QuestionID":"QID5","QuestionIsInLoop":"no","ChoiceLocator":"q:\/\/QID5\/SelectableChoice\/5","Operator":"Selected","QuestionIDFromLocator":"QID5","LeftOperand":"q:\/\/QID5\/SelectableChoice\/5","Type":"Expression","Description":"<span class=\"ConjDesc\">Or<\/span> <span class=\"QuestionDesc\">How satisfied were you with the overall Uber pickup experience from ${e:\/\/Field\/airportname}?<\/span> <span class=\"LeftOpDesc\">Very dissatisfied<\/span> <span class=\"OpDesc\">Is Selected<\/span> ","Conjuction":"Or"},"Type":"If"},"Type":"BooleanExpression","inPage":false},"GradingData":[],"DataVisibility":{"Private":false,"Hidden":false},"Randomization":{"Type":"Advanced","Advanced":{"FixedOrder":["{~Randomized~}","{~Randomized~}","{~Randomized~}","{~Randomized~}","{~Randomized~}","{~Randomized~}","{~Randomized~}","{~Randomized~}","9"],"RandomizeAll":["1","2","3","4","5","6","7","8"],"RandomSubSet":[],"Undisplayed":[],"TotalRandSubset":0},"EvenPresentation":false,"TotalRandSubset":""}}},{"SurveyID":"SV_8r07l377ZSPhEeF","Element":"SQ","PrimaryAttribute":"QID26","SecondaryAttribute":"Would you consider ${e:\/\/Field\/airportname} your home airport?","TertiaryAttribute":null,"Payload":{"QuestionText":"Would you consider&nbsp;${e:\/\/Field\/airportname}&nbsp;your home airport?","DataExportTag":"C8","QuestionType":"MC","Selector":"SAVR","SubSelector":"TX","Configuration":{"QuestionDescriptionOption":"UseText"},"QuestionDescription":"Would you consider ${e:\/\/Field\/airportname} your home airport?","Choices":{"1":{"Display":"Yes"},"2":{"Display":"No"}},"ChoiceOrder":[1,2],"Validation":{"Settings":{"ForceResponse":"ON","ForceResponseType":"ON","Type":"None"}},"Language":[],"NextChoiceId":3,"NextAnswerId":1,"QuestionID":"QID26","DataVisibility":{"Private":false,"Hidden":false}}}]}