{"SurveyEntry":{"SurveyID":"SV_eM10KzDVffWWuVv","SurveyName":"SLIDERS TEST","SurveyDescription":null,"SurveyOwnerID":"UR_06NK56K4VuOAOVf","SurveyBrandID":"y2analytics","DivisionID":null,"SurveyLanguage":"EN","SurveyActiveResponseSet":"RS_a3MyfJ6j3PBbdv7","SurveyStatus":"Inactive","SurveyStartDate":"0000-00-00 00:00:00","SurveyExpirationDate":"0000-00-00 00:00:00","SurveyCreationDate":"2017-08-25 10:42:41","CreatorID":"UR_06NK56K4VuOAOVf","LastModified":"2019-08-08 13:36:57","LastAccessed":"0000-00-00 00:00:00","LastActivated":"0000-00-00 00:00:00","Deleted":null},"SurveyElements":[{"SurveyID":"SV_eM10KzDVffWWuVv","Element":"BL","PrimaryAttribute":"Survey Blocks","SecondaryAttribute":null,"TertiaryAttribute":null,"Payload":[{"Type":"Default","Description":"BASIC SLIDER OPTIONS","ID":"BL_2i239AgOP8mbZVb","BlockElements":[{"Type":"Question","QuestionID":"QID16"},{"Type":"Page Break"},{"Type":"Question","QuestionID":"QID17"},{"Type":"Page Break"},{"Type":"Question","QuestionID":"QID18"},{"Type":"Page Break"},{"Type":"Question","QuestionID":"QID19"},{"Type":"Page Break"},{"Type":"Question","QuestionID":"QID20"},{"Type":"Page Break"},{"Type":"Question","QuestionID":"QID21"},{"Type":"Page Break"},{"Type":"Question","QuestionID":"QID22"},{"Type":"Page Break"},{"Type":"Question","QuestionID":"QID23"},{"Type":"Page Break"},{"Type":"Question","QuestionID":"QID24"}],"Options":{"BlockLocking":"false","RandomizeQuestions":"false","BlockVisibility":"Expanded"}},{"Type":"Trash","Description":"Trash \/ Unused Questions","ID":"BL_6xonrxEZo0cUg7z","BlockElements":[{"Type":"Question","QuestionID":"QID109"}]},{"Type":"Standard","Description":"CHOICE RANDOMIZATION AND SLIDERS","ID":"BL_cA6vT3SHNZuCOOx","BlockElements":[{"Type":"Question","QuestionID":"QID25"},{"Type":"Page Break"},{"Type":"Question","QuestionID":"QID33"},{"Type":"Question","QuestionID":"QID34"},{"Type":"Page Break"}],"Options":{"BlockLocking":"false","RandomizeQuestions":"false","BlockVisibility":"Collapsed"}},{"Type":"Standard","SubType":"","Description":"NESTED BLOCKS WITH SLIDER 1","ID":"BL_6QG9OOrkqSVVMHz","BlockElements":[{"Type":"Question","QuestionID":"QID35"}],"Options":{"BlockLocking":"false","RandomizeQuestions":"false","BlockVisibility":"Collapsed"}},{"Type":"Standard","SubType":"","Description":"NESTED BLOCKS WITH SLIDER 2","ID":"BL_eJ3zSY37Zg3lSYJ","BlockElements":[{"Type":"Question","QuestionID":"QID36"},{"Type":"Page Break"},{"Type":"Question","QuestionID":"QID37"}],"Options":{"BlockLocking":"false","RandomizeQuestions":"false","BlockVisibility":"Collapsed"}},{"Type":"Standard","SubType":"","Description":"NESTED BLOCKS WITH SLIDER 3","ID":"BL_dmMVCZ5sdMvZUb3","BlockElements":[{"Type":"Question","QuestionID":"QID38"},{"Type":"Page Break"},{"Type":"Question","QuestionID":"QID39"},{"Type":"Question","QuestionID":"QID40"}],"Options":{"BlockLocking":"false","RandomizeQuestions":"false","BlockVisibility":"Collapsed"}},{"Type":"Standard","SubType":"","Description":"QUESTION RANDOMIZATION - NOT ADVANCED ALL RANDOM","ID":"BL_5mT0LUceIrhskvP","BlockElements":[{"Type":"Question","QuestionID":"QID41"},{"Type":"Question","QuestionID":"QID42"},{"Type":"Question","QuestionID":"QID43"}],"Options":{"BlockLocking":"false","RandomizeQuestions":"RandomWithXPerPage","Randomization":{"Advanced":{"QuestionsPerPage":0,"FixedOrder":[]}},"BlockVisibility":"Collapsed"}},{"Type":"Standard","SubType":"","Description":"QUESTION RANDOMIZATION - NOT ADVANCED SUBSET RANDOMIZATION","ID":"BL_6RIx1lNtgrWHi8R","BlockElements":[{"Type":"Question","QuestionID":"QID44"},{"Type":"Question","QuestionID":"QID45"},{"Type":"Question","QuestionID":"QID46"}],"Options":{"BlockLocking":false,"RandomizeQuestions":"RandomWithOnlyX","Randomization":{"Advanced":{"TotalRandSubset":"1","QuestionsPerPage":0}},"BlockVisibility":"Collapsed"}},{"Type":"Standard","SubType":"","Description":"QUESTION RANDOMIZATION - ADVANCED ALL RANDOM","ID":"BL_cUNWVqIiTFTGEip","BlockElements":[{"Type":"Question","QuestionID":"QID47"},{"Type":"Question","QuestionID":"QID48"},{"Type":"Question","QuestionID":"QID49"}],"Options":{"BlockLocking":false,"RandomizeQuestions":"Advanced","Randomization":{"Advanced":{"FixedOrder":["{~Randomized~}","{~Randomized~}","{~Randomized~}"],"RandomizeAll":["QID47","QID48","QID49"],"RandomSubSet":[],"Undisplayed":[],"TotalRandSubset":0,"QuestionsPerPage":"1"},"EvenPresentation":false},"BlockVisibility":"Collapsed"}},{"Type":"Standard","SubType":"","Description":"QUESTION RANDOMIZATION - ADVANCED SUBSET RANDOM","ID":"BL_0dh4RjtOOzstb6Z","BlockElements":[{"Type":"Question","QuestionID":"QID50"},{"Type":"Question","QuestionID":"QID51"},{"Type":"Question","QuestionID":"QID52"}],"Options":{"BlockLocking":false,"RandomizeQuestions":"Advanced","Randomization":{"Advanced":{"FixedOrder":["{~SubSet~}","{~SubSet~}"],"RandomizeAll":[],"RandomSubSet":["QID50","QID51","QID52"],"Undisplayed":[],"TotalRandSubset":2,"QuestionsPerPage":"1"},"EvenPresentation":true},"BlockVisibility":"Collapsed"}},{"Type":"Standard","SubType":"","Description":"QUESTION RANDOMIZATION - ADVANCED DO NOT DISPLAY RANDOMIZATION","ID":"BL_cIpcUM6UcyPRIsl","BlockElements":[{"Type":"Question","QuestionID":"QID53"},{"Type":"Question","QuestionID":"QID54"},{"Type":"Question","QuestionID":"QID55"}],"Options":{"BlockLocking":false,"RandomizeQuestions":"Advanced","Randomization":{"Advanced":{"FixedOrder":["QID54","QID55"],"RandomizeAll":[],"RandomSubSet":[],"Undisplayed":["QID53"],"TotalRandSubset":null,"QuestionsPerPage":"1"},"EvenPresentation":false},"BlockVisibility":"Collapsed"}},{"Type":"Standard","SubType":"","Description":"NESTED BLOCKS WITH SLIDER 4","ID":"BL_0jDQiiZtUm6j2y9","Options":{"BlockLocking":"false","RandomizeQuestions":"false","BlockVisibility":"Collapsed"},"BlockElements":[{"Type":"Question","QuestionID":"QID56"}]},{"Type":"Standard","SubType":"","Description":"STRANGE SLIDERS","ID":"BL_26tdHccfT9QmAaF","BlockElements":[{"Type":"Question","QuestionID":"QID57"},{"Type":"Page Break"},{"Type":"Question","QuestionID":"QID58"}],"Options":{"BlockLocking":"false","RandomizeQuestions":"false","BlockVisibility":"Collapsed"}},{"Type":"Standard","SubType":"","Description":"LOTS OF SLIDERS","ID":"BL_50hK2bTGwBSlr9z","BlockElements":[{"Type":"Question","QuestionID":"QID59"},{"Type":"Question","QuestionID":"QID60"},{"Type":"Question","QuestionID":"QID61"},{"Type":"Question","QuestionID":"QID62"},{"Type":"Question","QuestionID":"QID63"},{"Type":"Question","QuestionID":"QID64"},{"Type":"Question","QuestionID":"QID65"},{"Type":"Question","QuestionID":"QID66"},{"Type":"Question","QuestionID":"QID67"},{"Type":"Question","QuestionID":"QID68"},{"Type":"Question","QuestionID":"QID69"},{"Type":"Question","QuestionID":"QID70"},{"Type":"Question","QuestionID":"QID71"},{"Type":"Question","QuestionID":"QID72"},{"Type":"Question","QuestionID":"QID73"},{"Type":"Question","QuestionID":"QID74"},{"Type":"Question","QuestionID":"QID75"},{"Type":"Question","QuestionID":"QID76"},{"Type":"Question","QuestionID":"QID77"},{"Type":"Question","QuestionID":"QID78"},{"Type":"Question","QuestionID":"QID79"},{"Type":"Question","QuestionID":"QID80"},{"Type":"Question","QuestionID":"QID81"},{"Type":"Question","QuestionID":"QID82"},{"Type":"Question","QuestionID":"QID83"},{"Type":"Question","QuestionID":"QID84"},{"Type":"Question","QuestionID":"QID85"},{"Type":"Question","QuestionID":"QID86"},{"Type":"Question","QuestionID":"QID87"},{"Type":"Question","QuestionID":"QID88"},{"Type":"Question","QuestionID":"QID89"},{"Type":"Question","QuestionID":"QID90"},{"Type":"Question","QuestionID":"QID91"},{"Type":"Question","QuestionID":"QID92"},{"Type":"Question","QuestionID":"QID93"},{"Type":"Question","QuestionID":"QID94"},{"Type":"Question","QuestionID":"QID95"},{"Type":"Question","QuestionID":"QID96"},{"Type":"Question","QuestionID":"QID97"},{"Type":"Question","QuestionID":"QID98"},{"Type":"Question","QuestionID":"QID99"},{"Type":"Question","QuestionID":"QID100"},{"Type":"Question","QuestionID":"QID101"},{"Type":"Question","QuestionID":"QID102"},{"Type":"Question","QuestionID":"QID103"},{"Type":"Question","QuestionID":"QID104"},{"Type":"Question","QuestionID":"QID105"},{"Type":"Question","QuestionID":"QID106"},{"Type":"Question","QuestionID":"QID107"},{"Type":"Question","QuestionID":"QID108"}],"Options":{"BlockLocking":"false","RandomizeQuestions":"false","BlockVisibility":"Collapsed"}}]},{"SurveyID":"SV_eM10KzDVffWWuVv","Element":"FL","PrimaryAttribute":"Survey Flow","SecondaryAttribute":null,"TertiaryAttribute":null,"Payload":{"Type":"Root","FlowID":"FL_1","Flow":[{"Type":"Block","ID":"BL_2i239AgOP8mbZVb","FlowID":"FL_2"},{"Type":"Standard","ID":"BL_cA6vT3SHNZuCOOx","FlowID":"FL_10"},{"Type":"Standard","ID":"BL_5mT0LUceIrhskvP","FlowID":"FL_14"},{"Type":"Standard","ID":"BL_6RIx1lNtgrWHi8R","FlowID":"FL_15"},{"Type":"Standard","ID":"BL_cUNWVqIiTFTGEip","FlowID":"FL_16"},{"Type":"Standard","ID":"BL_0dh4RjtOOzstb6Z","FlowID":"FL_17"},{"Type":"Standard","ID":"BL_cIpcUM6UcyPRIsl","FlowID":"FL_18"},{"Type":"Branch","FlowID":"FL_19","Description":"New Branch","BranchLogic":{"0":{"0":{"LogicType":"Question","QuestionID":"QID16","QuestionIsInLoop":"no","ChoiceLocator":"q:\/\/QID16\/ChoiceNumericEntryValue\/1","Operator":"Displayed","QuestionIDFromLocator":"QID16","LeftOperand":"q:\/\/QID16\/ChoiceDisplayed\/1","Type":"Expression","Description":"<span class=\"ConjDesc\">If<\/span> <span class=\"QuestionDesc\">Basic slider question<\/span> <span class=\"LeftOpDesc\">Basic slider<\/span> <span class=\"OpDesc\">Is Displayed<\/span> "},"Type":"If"},"Type":"BooleanExpression"},"Flow":[{"Type":"Standard","ID":"BL_6QG9OOrkqSVVMHz","FlowID":"FL_11"},{"Type":"Branch","FlowID":"FL_20","Description":"New Branch","BranchLogic":{"0":{"0":{"LogicType":"Question","QuestionID":"QID16","QuestionIsInLoop":"no","ChoiceLocator":"q:\/\/QID16\/ChoiceNumericEntryValue\/1","Operator":"Displayed","QuestionIDFromLocator":"QID16","LeftOperand":"q:\/\/QID16\/ChoiceDisplayed\/1","Type":"Expression","Description":"<span class=\"ConjDesc\">If<\/span> <span class=\"QuestionDesc\">Basic slider question<\/span> <span class=\"LeftOpDesc\">Basic slider<\/span> <span class=\"OpDesc\">Is Displayed<\/span> "},"Type":"If"},"Type":"BooleanExpression"},"Flow":[{"Type":"Standard","ID":"BL_eJ3zSY37Zg3lSYJ","FlowID":"FL_12"},{"Type":"Branch","FlowID":"FL_21","Description":"New Branch","BranchLogic":{"0":{"0":{"LogicType":"Question","QuestionID":"QID16","QuestionIsInLoop":"no","ChoiceLocator":"q:\/\/QID16\/ChoiceNumericEntryValue\/1","Operator":"Displayed","QuestionIDFromLocator":"QID16","LeftOperand":"q:\/\/QID16\/ChoiceDisplayed\/1","Type":"Expression","Description":"<span class=\"ConjDesc\">If<\/span> <span class=\"QuestionDesc\">Basic slider question<\/span> <span class=\"LeftOpDesc\">Basic slider<\/span> <span class=\"OpDesc\">Is Displayed<\/span> "},"Type":"If"},"Type":"BooleanExpression"},"Flow":[{"Type":"Standard","ID":"BL_dmMVCZ5sdMvZUb3","FlowID":"FL_13"},{"Type":"Standard","ID":"BL_0jDQiiZtUm6j2y9","FlowID":"FL_22"}]}]}]},{"Type":"Standard","ID":"BL_26tdHccfT9QmAaF","FlowID":"FL_23"},{"Type":"Standard","ID":"BL_50hK2bTGwBSlr9z","FlowID":"FL_24"}],"Properties":{"Count":28,"RemovedFieldsets":[]}}},{"SurveyID":"SV_eM10KzDVffWWuVv","Element":"SO","PrimaryAttribute":"Survey Options","SecondaryAttribute":null,"TertiaryAttribute":null,"Payload":{"BackButton":"false","SaveAndContinue":"true","SurveyProtection":"PublicSurvey","BallotBoxStuffingPrevention":"false","NoIndex":"Yes","SecureResponseFiles":"true","SurveyExpiration":"None","SurveyTermination":"DefaultMessage","Header":"","Footer":"","ProgressBarDisplay":"None","PartialData":"+1 week","ValidationMessage":"","PreviousButton":"  <<  ","NextButton":"  >>  ","SkinLibrary":"y2analytics","SkinType":"MQ","Skin":"y2analytics","NewScoring":1,"SurveyName":"SLIDERS TEST"}},{"SurveyID":"SV_eM10KzDVffWWuVv","Element":"SCO","PrimaryAttribute":"Scoring","SecondaryAttribute":null,"TertiaryAttribute":null,"Payload":{"ScoringCategories":[{"ID":"SC_eDk97x3p1MIutzD","Name":"Score","Description":""},{"ID":"SC_9Yacl6KXD5w7Enb","Name":"Category 1","Description":null}],"ScoringCategoryGroups":[],"DefaultScoringCategory":"SC_eDk97x3p1MIutzD","ScoringSummaryCategory":"SC_eDk97x3p1MIutzD","ScoringSummaryAfterQuestions":0,"ScoringSummaryAfterSurvey":0,"AutoScoringCategory":null,"IgnoreNullValues":true}},{"SurveyID":"SV_eM10KzDVffWWuVv","Element":"STAT","PrimaryAttribute":"Survey Statistics","SecondaryAttribute":null,"TertiaryAttribute":null,"Payload":{"MobileCompatible":false,"ID":"Survey Statistics"}},{"SurveyID":"SV_eM10KzDVffWWuVv","Element":"PROJ","PrimaryAttribute":"CORE","SecondaryAttribute":"1.0.0","TertiaryAttribute":null,"Payload":null},{"SurveyID":"SV_eM10KzDVffWWuVv","Element":"QC","PrimaryAttribute":"Survey Question Count","SecondaryAttribute":"109","TertiaryAttribute":null,"Payload":null},{"SurveyID":"SV_eM10KzDVffWWuVv","Element":"SQ","PrimaryAttribute":"QID25","SecondaryAttribute":"All choices randomized","TertiaryAttribute":null,"Payload":{"QuestionText":"All choices randomized","DefaultChoices":false,"QuestionType":"Slider","Selector":"HSLIDER","Configuration":{"QuestionDescriptionOption":"UseText","CSSliderMin":0,"CSSliderMax":100,"GridLines":10,"SnapToGrid":false,"NumDecimals":"0","ShowValue":true,"CustomStart":false,"NotApplicable":false,"MobileFirst":true},"QuestionDescription":"All choices randomized","Choices":{"1":{"Display":"Basic slider 1"},"2":{"Display":"Basic slider 2"},"3":{"Display":"Basic slider 3"},"4":{"Display":"Basic slider 4"},"5":{"Display":"Basic slider 5"},"6":{"Display":"Basic slider 6"},"7":{"Display":"Basic slider 7"},"8":{"Display":"Basic slider 8"},"9":{"Display":"Basic slider 9"},"10":{"Display":"Basic slider 10"},"11":{"Display":"Basic slider 11"},"12":{"Display":"Basic slider 12"},"13":{"Display":"Basic slider 13"},"14":{"Display":"Basic slider 14"},"15":{"Display":"Basic slider 15"},"16":{"Display":"Basic slider 16"},"17":{"Display":"Basic slider 17"},"18":{"Display":"Basic slider 18"},"19":{"Display":"Basic slider 19"},"20":{"Display":"Basic slider 20"}},"ChoiceOrder":[1,2,3,4,5,6,7,8,9,10,11,12,13,14,15,16,17,18,19,20],"Validation":{"Settings":{"ForceResponse":"OFF","ForceResponseType":"ON","Type":"None"}},"GradingData":[],"Language":[],"NextChoiceId":21,"NextAnswerId":1,"Labels":[],"QuestionText_Unsafe":"Basic slider question","DataExportTag":"RANDCHOICE1","QuestionID":"QID25","DataVisibility":{"Private":false,"Hidden":false},"Randomization":{"Advanced":null,"Type":"All","TotalRandSubset":""}}},{"SurveyID":"SV_eM10KzDVffWWuVv","Element":"SQ","PrimaryAttribute":"QID57","SecondaryAttribute":"BAR SLIDER","TertiaryAttribute":null,"Payload":{"QuestionText":"BAR SLIDER","DefaultChoices":false,"DataExportTag":"BARSLIDER","QuestionType":"Slider","Selector":"HBAR","Configuration":{"QuestionDescriptionOption":"UseText","CSSliderMin":0,"CSSliderMax":100,"GridLines":10,"NumDecimals":"0","ShowValue":true,"CustomStart":false,"NotApplicable":false,"MobileFirst":true},"QuestionDescription":"BAR SLIDER","Choices":{"1":{"Display":"bar 1"},"2":{"Display":"bar 2"},"3":{"Display":"bar 3"}},"ChoiceOrder":["1","2","3"],"Validation":{"Settings":{"ForceResponse":"OFF","ForceResponseType":"ON","Type":"None"}},"GradingData":[],"Language":[],"NextChoiceId":4,"NextAnswerId":1,"Labels":[],"QuestionID":"QID57","DataVisibility":{"Private":false,"Hidden":false}}},{"SurveyID":"SV_eM10KzDVffWWuVv","Element":"SQ","PrimaryAttribute":"QID16","SecondaryAttribute":"Basic slider question","TertiaryAttribute":null,"Payload":{"QuestionText":"Basic slider question","DefaultChoices":false,"DataExportTag":"BASICSLIDER","QuestionType":"Slider","Selector":"HSLIDER","Configuration":{"QuestionDescriptionOption":"UseText","CSSliderMin":0,"CSSliderMax":100,"GridLines":10,"SnapToGrid":false,"NumDecimals":"0","ShowValue":true,"CustomStart":false,"NotApplicable":false,"MobileFirst":true},"QuestionDescription":"Basic slider question","Choices":{"1":{"Display":"Basic slider"}},"ChoiceOrder":[1],"Validation":{"Settings":{"ForceResponse":"OFF","ForceResponseType":"ON","Type":"None"}},"GradingData":[],"Language":[],"NextChoiceId":2,"NextAnswerId":1,"Labels":[],"QuestionID":"QID16"}},{"SurveyID":"SV_eM10KzDVffWWuVv","Element":"SQ","PrimaryAttribute":"QID22","SecondaryAttribute":"Basic slider question with custom validation","TertiaryAttribute":null,"Payload":{"QuestionText":"Basic slider question with custom validation","DefaultChoices":false,"DataExportTag":"BASICCUSTOM","QuestionType":"Slider","Selector":"HSLIDER","Configuration":{"QuestionDescriptionOption":"UseText","CSSliderMin":0,"CSSliderMax":100,"GridLines":10,"SnapToGrid":false,"NumDecimals":"0","ShowValue":true,"CustomStart":false,"NotApplicable":false,"MobileFirst":true},"QuestionDescription":"Basic slider question with custom validation","Choices":{"1":{"Display":"Custom slider"}},"ChoiceOrder":[1],"Validation":{"Settings":{"ForceResponse":"OFF","ForceResponseType":"ON","Type":"CustomValidation","CustomValidation":{"Logic":{"0":{"0":{"QuestionID":"QID22","QuestionIsInLoop":"no","ChoiceLocator":"q:\/\/QID22\/ChoiceNumericEntryValue\/1","Operator":"GreaterThan","QuestionIDFromLocator":"QID22","LeftOperand":"q:\/\/QID22\/ChoiceNumericEntryValue\/1","RightOperand":"0","Type":"Expression","LogicType":"Question","Description":"<span class=\"ConjDesc\">If<\/span> <span class=\"QuestionDesc\">Basic slider question with custom validation<\/span> <span class=\"LeftOpDesc\">Custom slider<\/span> <span class=\"OpDesc\">Is Greater Than<\/span> <span class=\"RightOpDesc\"> 0 <\/span>"},"Type":"If"},"Type":"BooleanExpression"},"Message":{"messageID":"MS_eu0ytheX5vJ8lZr","subMessageID":"VE_FORCE_RESPONSE_OTHER","libraryID":"UR_06NK56K4VuOAOVf","description":"Require entry in text box"}}}},"GradingData":[],"Language":[],"NextChoiceId":2,"NextAnswerId":1,"Labels":[],"QuestionID":"QID22"}},{"SurveyID":"SV_eM10KzDVffWWuVv","Element":"SQ","PrimaryAttribute":"QID21","SecondaryAttribute":"Basic slider question with forced response","TertiaryAttribute":null,"Payload":{"QuestionText":"Basic slider question with forced response","DefaultChoices":false,"DataExportTag":"BASICFORCE","QuestionID":"QID21","QuestionType":"Slider","Selector":"HSLIDER","Configuration":{"QuestionDescriptionOption":"UseText","CSSliderMin":0,"CSSliderMax":100,"GridLines":10,"SnapToGrid":false,"NumDecimals":"0","ShowValue":true,"CustomStart":false,"NotApplicable":false,"MobileFirst":true},"QuestionDescription":"Basic slider question with forced response","Choices":{"1":{"Display":"Forced slider"}},"ChoiceOrder":[1],"Validation":{"Settings":{"ForceResponse":"ON","ForceResponseType":"ON","Type":"None"}},"GradingData":[],"Language":[],"NextChoiceId":2,"NextAnswerId":1,"Labels":[]}},{"SurveyID":"SV_eM10KzDVffWWuVv","Element":"SQ","PrimaryAttribute":"QID19","SecondaryAttribute":"Basic slider question with labels","TertiaryAttribute":null,"Payload":{"QuestionText":"Basic slider question with labels","DefaultChoices":false,"DataExportTag":"BASICLABELLED","QuestionType":"Slider","Selector":"HSLIDER","Configuration":{"QuestionDescriptionOption":"UseText","CSSliderMin":0,"CSSliderMax":100,"GridLines":10,"SnapToGrid":false,"NumDecimals":"0","ShowValue":true,"CustomStart":false,"NotApplicable":false,"MobileFirst":true},"QuestionDescription":"Basic slider question with labels","Choices":{"1":{"Display":"labelled slider"}},"ChoiceOrder":[1],"Validation":{"Settings":{"ForceResponse":"OFF","ForceResponseType":"ON","Type":"None"}},"GradingData":[],"Language":[],"NextChoiceId":2,"NextAnswerId":3,"Labels":{"1":{"Display":"LABEL 1"},"2":{"Display":"LABEL 2"}},"QuestionID":"QID19"}},{"SurveyID":"SV_eM10KzDVffWWuVv","Element":"SQ","PrimaryAttribute":"QID23","SecondaryAttribute":"Basic slider question with not applicable option","TertiaryAttribute":null,"Payload":{"QuestionText":"Basic slider question with not applicable option","DefaultChoices":false,"DataExportTag":"BASICNA","QuestionType":"Slider","Selector":"HSLIDER","Configuration":{"QuestionDescriptionOption":"UseText","CSSliderMin":0,"CSSliderMax":100,"GridLines":10,"SnapToGrid":false,"NumDecimals":"0","ShowValue":true,"CustomStart":false,"NotApplicable":true,"MobileFirst":true,"NotApplicableText":"Not Applicable"},"QuestionDescription":"Basic slider question with not applicable option","Choices":{"1":{"Display":"Applicable slider"}},"ChoiceOrder":[1],"Validation":{"Settings":{"ForceResponse":"OFF","ForceResponseType":"ON","Type":"None"}},"GradingData":[],"Language":[],"NextChoiceId":2,"NextAnswerId":1,"Labels":{"NA":{"Display":"Not Applicable"}},"QuestionID":"QID23","DataVisibility":{"Private":false,"Hidden":false}}},{"SurveyID":"SV_eM10KzDVffWWuVv","Element":"SQ","PrimaryAttribute":"QID20","SecondaryAttribute":"Basic slider question with requested response","TertiaryAttribute":null,"Payload":{"QuestionText":"Basic slider question with requested response","DefaultChoices":false,"DataExportTag":"BASICREQUEST","QuestionType":"Slider","Selector":"HSLIDER","Configuration":{"QuestionDescriptionOption":"UseText","CSSliderMin":0,"CSSliderMax":100,"GridLines":10,"SnapToGrid":false,"NumDecimals":"0","ShowValue":true,"CustomStart":false,"NotApplicable":false,"MobileFirst":true},"QuestionDescription":"Basic slider question with requested response","Choices":{"1":{"Display":"Requested slider"}},"ChoiceOrder":[1],"Validation":{"Settings":{"ForceResponse":"RequestResponse","ForceResponseType":"RequestResponse","Type":"None"}},"GradingData":[],"Language":[],"NextChoiceId":2,"NextAnswerId":1,"Labels":[],"QuestionID":"QID20"}},{"SurveyID":"SV_eM10KzDVffWWuVv","Element":"SQ","PrimaryAttribute":"QID18","SecondaryAttribute":"Basic slider question without grid lines","TertiaryAttribute":null,"Payload":{"QuestionText":"Basic slider question without grid lines","DefaultChoices":false,"DataExportTag":"BASICWOGRIDS","QuestionType":"Slider","Selector":"HSLIDER","Configuration":{"QuestionDescriptionOption":"UseText","CSSliderMin":0,"CSSliderMax":100,"GridLines":0,"SnapToGrid":false,"NumDecimals":"0","ShowValue":true,"CustomStart":false,"NotApplicable":false,"MobileFirst":true},"QuestionDescription":"Basic slider question without grid lines","Choices":{"1":{"Display":"no grid slide"}},"ChoiceOrder":[1],"Validation":{"Settings":{"ForceResponse":"OFF","ForceResponseType":"ON","Type":"None"}},"GradingData":[],"Language":[],"NextChoiceId":2,"NextAnswerId":1,"Labels":[],"QuestionID":"QID18"}},{"SurveyID":"SV_eM10KzDVffWWuVv","Element":"SQ","PrimaryAttribute":"QID24","SecondaryAttribute":"Basic slider with custom start position.","TertiaryAttribute":null,"Payload":{"QuestionText":"Basic slider with custom start position.","DefaultChoices":false,"DataExportTag":"BASICSTART","QuestionType":"Slider","Selector":"HSLIDER","Configuration":{"QuestionDescriptionOption":"UseText","CSSliderMin":0,"CSSliderMax":100,"GridLines":10,"SnapToGrid":false,"NumDecimals":"0","ShowValue":true,"CustomStart":true,"SliderStartPositions":{"1":0.497652582159624434776645784950233064591884613037109375},"NotApplicable":false,"MobileFirst":true},"QuestionDescription":"Basic slider with custom start position.","Choices":{"1":{"Display":"Custom start slider"}},"ChoiceOrder":[1],"Validation":{"Settings":{"ForceResponse":"OFF","ForceResponseType":"ON","Type":"None"}},"GradingData":[],"Language":[],"NextChoiceId":2,"NextAnswerId":1,"Labels":[],"QuestionID":"QID24","DataVisibility":{"Private":false,"Hidden":false}}},{"SurveyID":"SV_eM10KzDVffWWuVv","Element":"SQ","PrimaryAttribute":"QID109","SecondaryAttribute":"Click to write the question text","TertiaryAttribute":null,"Payload":{"QuestionText":"Click to write the question text","DefaultChoices":false,"DataExportTag":"Q87","QuestionType":"Slider","Selector":"HSLIDER","Configuration":{"QuestionDescriptionOption":"UseText","CSSliderMin":0,"CSSliderMax":100,"GridLines":10,"SnapToGrid":false,"NumDecimals":"0","ShowValue":true,"CustomStart":false,"NotApplicable":false,"MobileFirst":true},"QuestionDescription":"Click to write the question text","Choices":{"1":{"Display":"&nbsp"},"2":{"Display":"Click to write Choice 3"}},"ChoiceOrder":[1,2],"Validation":{"Settings":{"ForceResponse":"OFF","ForceResponseType":"ON","Type":"None"}},"GradingData":[],"Language":[],"NextChoiceId":3,"NextAnswerId":1,"Labels":[],"QuestionID":"QID109"}},{"SurveyID":"SV_eM10KzDVffWWuVv","Element":"RS","PrimaryAttribute":"RS_a3MyfJ6j3PBbdv7","SecondaryAttribute":"Default Response Set","TertiaryAttribute":null,"Payload":null},{"SurveyID":"SV_eM10KzDVffWWuVv","Element":"SQ","PrimaryAttribute":"QID59","SecondaryAttribute":"LOTS OF SLIDERS","TertiaryAttribute":null,"Payload":{"QuestionText":"LOTS OF SLIDERS","DefaultChoices":false,"DataExportTag":"LOTSOSLIDERS1","QuestionType":"Slider","Selector":"HSLIDER","Configuration":{"QuestionDescriptionOption":"UseText","CSSliderMin":0,"CSSliderMax":100,"GridLines":10,"SnapToGrid":false,"NumDecimals":"0","ShowValue":true,"CustomStart":false,"NotApplicable":false,"MobileFirst":true},"QuestionDescription":"LOTS OF SLIDERS","Choices":{"1":{"Display":"1"}},"ChoiceOrder":[1],"Validation":{"Settings":{"ForceResponse":"OFF","ForceResponseType":"ON","Type":"None"}},"GradingData":[],"Language":[],"NextChoiceId":2,"NextAnswerId":1,"Labels":[],"QuestionID":"QID59","DataVisibility":{"Private":false,"Hidden":false}}},{"SurveyID":"SV_eM10KzDVffWWuVv","Element":"SQ","PrimaryAttribute":"QID60","SecondaryAttribute":"LOTS OF SLIDERS","TertiaryAttribute":null,"Payload":{"QuestionText":"LOTS OF SLIDERS","DefaultChoices":false,"DataExportTag":"LOTSOSLIDERS2","QuestionType":"Slider","Selector":"HSLIDER","DataVisibility":{"Private":false,"Hidden":false},"Configuration":{"QuestionDescriptionOption":"UseText","CSSliderMin":0,"CSSliderMax":100,"GridLines":10,"SnapToGrid":false,"NumDecimals":"0","ShowValue":true,"CustomStart":false,"NotApplicable":false,"MobileFirst":true},"QuestionDescription":"LOTS OF SLIDERS","Choices":{"1":{"Display":"2"}},"ChoiceOrder":[1],"Validation":{"Settings":{"ForceResponse":"OFF","ForceResponseType":"ON","Type":"None"}},"GradingData":[],"Language":[],"NextChoiceId":2,"NextAnswerId":1,"Labels":[],"QuestionID":"QID60"}},{"SurveyID":"SV_eM10KzDVffWWuVv","Element":"SQ","PrimaryAttribute":"QID61","SecondaryAttribute":"LOTS OF SLIDERS","TertiaryAttribute":null,"Payload":{"QuestionText":"LOTS OF SLIDERS","DefaultChoices":false,"DataExportTag":"LOTSOSLIDERS3","QuestionType":"Slider","Selector":"HSLIDER","DataVisibility":{"Private":false,"Hidden":false},"Configuration":{"QuestionDescriptionOption":"UseText","CSSliderMin":0,"CSSliderMax":100,"GridLines":10,"SnapToGrid":false,"NumDecimals":"0","ShowValue":true,"CustomStart":false,"NotApplicable":false,"MobileFirst":true},"QuestionDescription":"LOTS OF SLIDERS","Choices":{"1":{"Display":"3"}},"ChoiceOrder":[1],"Validation":{"Settings":{"ForceResponse":"OFF","ForceResponseType":"ON","Type":"None"}},"GradingData":[],"Language":[],"NextChoiceId":2,"NextAnswerId":1,"Labels":[],"QuestionID":"QID61"}},{"SurveyID":"SV_eM10KzDVffWWuVv","Element":"SQ","PrimaryAttribute":"QID62","SecondaryAttribute":"LOTS OF SLIDERS","TertiaryAttribute":null,"Payload":{"QuestionText":"LOTS OF SLIDERS","DefaultChoices":false,"DataExportTag":"LOTSOSLIDERS4","QuestionType":"Slider","Selector":"HSLIDER","DataVisibility":{"Private":false,"Hidden":false},"Configuration":{"QuestionDescriptionOption":"UseText","CSSliderMin":0,"CSSliderMax":100,"GridLines":10,"SnapToGrid":false,"NumDecimals":"0","ShowValue":true,"CustomStart":false,"NotApplicable":false,"MobileFirst":true},"QuestionDescription":"LOTS OF SLIDERS","Choices":{"1":{"Display":"4"}},"ChoiceOrder":[1],"Validation":{"Settings":{"ForceResponse":"OFF","ForceResponseType":"ON","Type":"None"}},"GradingData":[],"Language":[],"NextChoiceId":2,"NextAnswerId":1,"Labels":[],"QuestionID":"QID62"}},{"SurveyID":"SV_eM10KzDVffWWuVv","Element":"SQ","PrimaryAttribute":"QID63","SecondaryAttribute":"LOTS OF SLIDERS","TertiaryAttribute":null,"Payload":{"QuestionText":"LOTS OF SLIDERS","DefaultChoices":false,"DataExportTag":"LOTSOSLIDERS5","QuestionType":"Slider","Selector":"HSLIDER","DataVisibility":{"Private":false,"Hidden":false},"Configuration":{"QuestionDescriptionOption":"UseText","CSSliderMin":0,"CSSliderMax":100,"GridLines":10,"SnapToGrid":false,"NumDecimals":"0","ShowValue":true,"CustomStart":false,"NotApplicable":false,"MobileFirst":true},"QuestionDescription":"LOTS OF SLIDERS","Choices":{"1":{"Display":"5"}},"ChoiceOrder":[1],"Validation":{"Settings":{"ForceResponse":"OFF","ForceResponseType":"ON","Type":"None"}},"GradingData":[],"Language":[],"NextChoiceId":2,"NextAnswerId":1,"Labels":[],"QuestionID":"QID63"}},{"SurveyID":"SV_eM10KzDVffWWuVv","Element":"SQ","PrimaryAttribute":"QID64","SecondaryAttribute":"LOTS OF SLIDERS","TertiaryAttribute":null,"Payload":{"QuestionText":"LOTS OF SLIDERS","DefaultChoices":false,"DataExportTag":"LOTSOSLIDERS6","QuestionType":"Slider","Selector":"HSLIDER","DataVisibility":{"Private":false,"Hidden":false},"Configuration":{"QuestionDescriptionOption":"UseText","CSSliderMin":0,"CSSliderMax":100,"GridLines":10,"SnapToGrid":false,"NumDecimals":"0","ShowValue":true,"CustomStart":false,"NotApplicable":false,"MobileFirst":true},"QuestionDescription":"LOTS OF SLIDERS","Choices":{"1":{"Display":"6"}},"ChoiceOrder":[1],"Validation":{"Settings":{"ForceResponse":"OFF","ForceResponseType":"ON","Type":"None"}},"GradingData":[],"Language":[],"NextChoiceId":2,"NextAnswerId":1,"Labels":[],"QuestionID":"QID64"}},{"SurveyID":"SV_eM10KzDVffWWuVv","Element":"SQ","PrimaryAttribute":"QID65","SecondaryAttribute":"LOTS OF SLIDERS","TertiaryAttribute":null,"Payload":{"QuestionText":"LOTS OF SLIDERS","DefaultChoices":false,"DataExportTag":"LOTSOSLIDERS7","QuestionType":"Slider","Selector":"HSLIDER","DataVisibility":{"Private":false,"Hidden":false},"Configuration":{"QuestionDescriptionOption":"UseText","CSSliderMin":0,"CSSliderMax":100,"GridLines":10,"SnapToGrid":false,"NumDecimals":"0","ShowValue":true,"CustomStart":false,"NotApplicable":false,"MobileFirst":true},"QuestionDescription":"LOTS OF SLIDERS","Choices":{"1":{"Display":"7"}},"ChoiceOrder":[1],"Validation":{"Settings":{"ForceResponse":"OFF","ForceResponseType":"ON","Type":"None"}},"GradingData":[],"Language":[],"NextChoiceId":2,"NextAnswerId":1,"Labels":[],"QuestionID":"QID65"}},{"SurveyID":"SV_eM10KzDVffWWuVv","Element":"SQ","PrimaryAttribute":"QID66","SecondaryAttribute":"LOTS OF SLIDERS","TertiaryAttribute":null,"Payload":{"QuestionText":"LOTS OF SLIDERS","DefaultChoices":false,"DataExportTag":"LOTSOSLIDERS8","QuestionType":"Slider","Selector":"HSLIDER","DataVisibility":{"Private":false,"Hidden":false},"Configuration":{"QuestionDescriptionOption":"UseText","CSSliderMin":0,"CSSliderMax":100,"GridLines":10,"SnapToGrid":false,"NumDecimals":"0","ShowValue":true,"CustomStart":false,"NotApplicable":false,"MobileFirst":true},"QuestionDescription":"LOTS OF SLIDERS","Choices":{"1":{"Display":"8"}},"ChoiceOrder":[1],"Validation":{"Settings":{"ForceResponse":"OFF","ForceResponseType":"ON","Type":"None"}},"GradingData":[],"Language":[],"NextChoiceId":2,"NextAnswerId":1,"Labels":[],"QuestionID":"QID66"}},{"SurveyID":"SV_eM10KzDVffWWuVv","Element":"SQ","PrimaryAttribute":"QID67","SecondaryAttribute":"LOTS OF SLIDERS","TertiaryAttribute":null,"Payload":{"QuestionText":"LOTS OF SLIDERS","DefaultChoices":false,"DataExportTag":"LOTSOSLIDERS9","QuestionType":"Slider","Selector":"HSLIDER","DataVisibility":{"Private":false,"Hidden":false},"Configuration":{"QuestionDescriptionOption":"UseText","CSSliderMin":0,"CSSliderMax":100,"GridLines":10,"SnapToGrid":false,"NumDecimals":"0","ShowValue":true,"CustomStart":false,"NotApplicable":false,"MobileFirst":true},"QuestionDescription":"LOTS OF SLIDERS","Choices":{"1":{"Display":"9"}},"ChoiceOrder":[1],"Validation":{"Settings":{"ForceResponse":"OFF","ForceResponseType":"ON","Type":"None"}},"GradingData":[],"Language":[],"NextChoiceId":2,"NextAnswerId":1,"Labels":[],"QuestionID":"QID67"}},{"SurveyID":"SV_eM10KzDVffWWuVv","Element":"SQ","PrimaryAttribute":"QID68","SecondaryAttribute":"LOTS OF SLIDERS","TertiaryAttribute":null,"Payload":{"QuestionText":"LOTS OF SLIDERS","DefaultChoices":false,"DataExportTag":"LOTSOSLIDERS10","QuestionType":"Slider","Selector":"HSLIDER","DataVisibility":{"Private":false,"Hidden":false},"Configuration":{"QuestionDescriptionOption":"UseText","CSSliderMin":0,"CSSliderMax":100,"GridLines":10,"SnapToGrid":false,"NumDecimals":"0","ShowValue":true,"CustomStart":false,"NotApplicable":false,"MobileFirst":true},"QuestionDescription":"LOTS OF SLIDERS","Choices":{"1":{"Display":"10"}},"ChoiceOrder":[1],"Validation":{"Settings":{"ForceResponse":"OFF","ForceResponseType":"ON","Type":"None"}},"GradingData":[],"Language":[],"NextChoiceId":2,"NextAnswerId":1,"Labels":[],"QuestionID":"QID68"}},{"SurveyID":"SV_eM10KzDVffWWuVv","Element":"SQ","PrimaryAttribute":"QID69","SecondaryAttribute":"LOTS OF SLIDERS","TertiaryAttribute":null,"Payload":{"QuestionText":"LOTS OF SLIDERS","DefaultChoices":false,"DataExportTag":"LOTSOSLIDERS11","QuestionType":"Slider","Selector":"HSLIDER","DataVisibility":{"Private":false,"Hidden":false},"Configuration":{"QuestionDescriptionOption":"UseText","CSSliderMin":0,"CSSliderMax":100,"GridLines":10,"SnapToGrid":false,"NumDecimals":"0","ShowValue":true,"CustomStart":false,"NotApplicable":false,"MobileFirst":true},"QuestionDescription":"LOTS OF SLIDERS","Choices":{"1":{"Display":"11"}},"ChoiceOrder":[1],"Validation":{"Settings":{"ForceResponse":"OFF","ForceResponseType":"ON","Type":"None"}},"GradingData":[],"Language":[],"NextChoiceId":2,"NextAnswerId":1,"Labels":[],"QuestionID":"QID69"}},{"SurveyID":"SV_eM10KzDVffWWuVv","Element":"SQ","PrimaryAttribute":"QID70","SecondaryAttribute":"LOTS OF SLIDERS","TertiaryAttribute":null,"Payload":{"QuestionText":"LOTS OF SLIDERS","DefaultChoices":false,"DataExportTag":"LOTSOSLIDERS12","QuestionType":"Slider","Selector":"HSLIDER","DataVisibility":{"Private":false,"Hidden":false},"Configuration":{"QuestionDescriptionOption":"UseText","CSSliderMin":0,"CSSliderMax":100,"GridLines":10,"SnapToGrid":false,"NumDecimals":"0","ShowValue":true,"CustomStart":false,"NotApplicable":false,"MobileFirst":true},"QuestionDescription":"LOTS OF SLIDERS","Choices":{"1":{"Display":"12"}},"ChoiceOrder":[1],"Validation":{"Settings":{"ForceResponse":"OFF","ForceResponseType":"ON","Type":"None"}},"GradingData":[],"Language":[],"NextChoiceId":2,"NextAnswerId":1,"Labels":[],"QuestionID":"QID70"}},{"SurveyID":"SV_eM10KzDVffWWuVv","Element":"SQ","PrimaryAttribute":"QID71","SecondaryAttribute":"LOTS OF SLIDERS","TertiaryAttribute":null,"Payload":{"QuestionText":"LOTS OF SLIDERS","DefaultChoices":false,"DataExportTag":"LOTSOSLIDERS13","QuestionType":"Slider","Selector":"HSLIDER","DataVisibility":{"Private":false,"Hidden":false},"Configuration":{"QuestionDescriptionOption":"UseText","CSSliderMin":0,"CSSliderMax":100,"GridLines":10,"SnapToGrid":false,"NumDecimals":"0","ShowValue":true,"CustomStart":false,"NotApplicable":false,"MobileFirst":true},"QuestionDescription":"LOTS OF SLIDERS","Choices":{"1":{"Display":"13"}},"ChoiceOrder":[1],"Validation":{"Settings":{"ForceResponse":"OFF","ForceResponseType":"ON","Type":"None"}},"GradingData":[],"Language":[],"NextChoiceId":2,"NextAnswerId":1,"Labels":[],"QuestionID":"QID71"}},{"SurveyID":"SV_eM10KzDVffWWuVv","Element":"SQ","PrimaryAttribute":"QID72","SecondaryAttribute":"LOTS OF SLIDERS","TertiaryAttribute":null,"Payload":{"QuestionText":"LOTS OF SLIDERS","DefaultChoices":false,"DataExportTag":"LOTSOSLIDERS14","QuestionType":"Slider","Selector":"HSLIDER","DataVisibility":{"Private":false,"Hidden":false},"Configuration":{"QuestionDescriptionOption":"UseText","CSSliderMin":0,"CSSliderMax":100,"GridLines":10,"SnapToGrid":false,"NumDecimals":"0","ShowValue":true,"CustomStart":false,"NotApplicable":false,"MobileFirst":true},"QuestionDescription":"LOTS OF SLIDERS","Choices":{"1":{"Display":"14"}},"ChoiceOrder":[1],"Validation":{"Settings":{"ForceResponse":"OFF","ForceResponseType":"ON","Type":"None"}},"GradingData":[],"Language":[],"NextChoiceId":2,"NextAnswerId":1,"Labels":[],"QuestionID":"QID72"}},{"SurveyID":"SV_eM10KzDVffWWuVv","Element":"SQ","PrimaryAttribute":"QID73","SecondaryAttribute":"LOTS OF SLIDERS","TertiaryAttribute":null,"Payload":{"QuestionText":"LOTS OF SLIDERS","DefaultChoices":false,"DataExportTag":"LOTSOSLIDERS15","QuestionType":"Slider","Selector":"HSLIDER","DataVisibility":{"Private":false,"Hidden":false},"Configuration":{"QuestionDescriptionOption":"UseText","CSSliderMin":0,"CSSliderMax":100,"GridLines":10,"SnapToGrid":false,"NumDecimals":"0","ShowValue":true,"CustomStart":false,"NotApplicable":false,"MobileFirst":true},"QuestionDescription":"LOTS OF SLIDERS","Choices":{"1":{"Display":"15"}},"ChoiceOrder":[1],"Validation":{"Settings":{"ForceResponse":"OFF","ForceResponseType":"ON","Type":"None"}},"GradingData":[],"Language":[],"NextChoiceId":2,"NextAnswerId":1,"Labels":[],"QuestionID":"QID73"}},{"SurveyID":"SV_eM10KzDVffWWuVv","Element":"SQ","PrimaryAttribute":"QID74","SecondaryAttribute":"LOTS OF SLIDERS","TertiaryAttribute":null,"Payload":{"QuestionText":"LOTS OF SLIDERS","DefaultChoices":false,"DataExportTag":"LOTSOSLIDERS16","QuestionType":"Slider","Selector":"HSLIDER","DataVisibility":{"Private":false,"Hidden":false},"Configuration":{"QuestionDescriptionOption":"UseText","CSSliderMin":0,"CSSliderMax":100,"GridLines":10,"SnapToGrid":false,"NumDecimals":"0","ShowValue":true,"CustomStart":false,"NotApplicable":false,"MobileFirst":true},"QuestionDescription":"LOTS OF SLIDERS","Choices":{"1":{"Display":"16"}},"ChoiceOrder":[1],"Validation":{"Settings":{"ForceResponse":"OFF","ForceResponseType":"ON","Type":"None"}},"GradingData":[],"Language":[],"NextChoiceId":2,"NextAnswerId":1,"Labels":[],"QuestionID":"QID74"}},{"SurveyID":"SV_eM10KzDVffWWuVv","Element":"SQ","PrimaryAttribute":"QID75","SecondaryAttribute":"LOTS OF SLIDERS","TertiaryAttribute":null,"Payload":{"QuestionText":"LOTS OF SLIDERS","DefaultChoices":false,"DataExportTag":"LOTSOSLIDERS17","QuestionType":"Slider","Selector":"HSLIDER","DataVisibility":{"Private":false,"Hidden":false},"Configuration":{"QuestionDescriptionOption":"UseText","CSSliderMin":0,"CSSliderMax":100,"GridLines":10,"SnapToGrid":false,"NumDecimals":"0","ShowValue":true,"CustomStart":false,"NotApplicable":false,"MobileFirst":true},"QuestionDescription":"LOTS OF SLIDERS","Choices":{"1":{"Display":"17"}},"ChoiceOrder":[1],"Validation":{"Settings":{"ForceResponse":"OFF","ForceResponseType":"ON","Type":"None"}},"GradingData":[],"Language":[],"NextChoiceId":2,"NextAnswerId":1,"Labels":[],"QuestionID":"QID75"}},{"SurveyID":"SV_eM10KzDVffWWuVv","Element":"SQ","PrimaryAttribute":"QID76","SecondaryAttribute":"LOTS OF SLIDERS","TertiaryAttribute":null,"Payload":{"QuestionText":"LOTS OF SLIDERS","DefaultChoices":false,"DataExportTag":"LOTSOSLIDERS18","QuestionType":"Slider","Selector":"HSLIDER","DataVisibility":{"Private":false,"Hidden":false},"Configuration":{"QuestionDescriptionOption":"UseText","CSSliderMin":0,"CSSliderMax":100,"GridLines":10,"SnapToGrid":false,"NumDecimals":"0","ShowValue":true,"CustomStart":false,"NotApplicable":false,"MobileFirst":true},"QuestionDescription":"LOTS OF SLIDERS","Choices":{"1":{"Display":"18"}},"ChoiceOrder":[1],"Validation":{"Settings":{"ForceResponse":"OFF","ForceResponseType":"ON","Type":"None"}},"GradingData":[],"Language":[],"NextChoiceId":2,"NextAnswerId":1,"Labels":[],"QuestionID":"QID76"}},{"SurveyID":"SV_eM10KzDVffWWuVv","Element":"SQ","PrimaryAttribute":"QID77","SecondaryAttribute":"LOTS OF SLIDERS","TertiaryAttribute":null,"Payload":{"QuestionText":"LOTS OF SLIDERS","DefaultChoices":false,"DataExportTag":"LOTSOSLIDERS19","QuestionType":"Slider","Selector":"HSLIDER","DataVisibility":{"Private":false,"Hidden":false},"Configuration":{"QuestionDescriptionOption":"UseText","CSSliderMin":0,"CSSliderMax":100,"GridLines":10,"SnapToGrid":false,"NumDecimals":"0","ShowValue":true,"CustomStart":false,"NotApplicable":false,"MobileFirst":true},"QuestionDescription":"LOTS OF SLIDERS","Choices":{"1":{"Display":"19"}},"ChoiceOrder":[1],"Validation":{"Settings":{"ForceResponse":"OFF","ForceResponseType":"ON","Type":"None"}},"GradingData":[],"Language":[],"NextChoiceId":2,"NextAnswerId":1,"Labels":[],"QuestionID":"QID77"}},{"SurveyID":"SV_eM10KzDVffWWuVv","Element":"SQ","PrimaryAttribute":"QID78","SecondaryAttribute":"LOTS OF SLIDERS","TertiaryAttribute":null,"Payload":{"QuestionText":"LOTS OF SLIDERS","DefaultChoices":false,"DataExportTag":"LOTSOSLIDERS20","QuestionType":"Slider","Selector":"HSLIDER","DataVisibility":{"Private":false,"Hidden":false},"Configuration":{"QuestionDescriptionOption":"UseText","CSSliderMin":0,"CSSliderMax":100,"GridLines":10,"SnapToGrid":false,"NumDecimals":"0","ShowValue":true,"CustomStart":false,"NotApplicable":false,"MobileFirst":true},"QuestionDescription":"LOTS OF SLIDERS","Choices":{"1":{"Display":"20"}},"ChoiceOrder":[1],"Validation":{"Settings":{"ForceResponse":"OFF","ForceResponseType":"ON","Type":"None"}},"GradingData":[],"Language":[],"NextChoiceId":2,"NextAnswerId":1,"Labels":[],"QuestionID":"QID78"}},{"SurveyID":"SV_eM10KzDVffWWuVv","Element":"SQ","PrimaryAttribute":"QID79","SecondaryAttribute":"LOTS OF SLIDERS","TertiaryAttribute":null,"Payload":{"QuestionText":"LOTS OF SLIDERS","DefaultChoices":false,"DataExportTag":"LOTSOSLIDERS21","QuestionType":"Slider","Selector":"HSLIDER","DataVisibility":{"Private":false,"Hidden":false},"Configuration":{"QuestionDescriptionOption":"UseText","CSSliderMin":0,"CSSliderMax":100,"GridLines":10,"SnapToGrid":false,"NumDecimals":"0","ShowValue":true,"CustomStart":false,"NotApplicable":false,"MobileFirst":true},"QuestionDescription":"LOTS OF SLIDERS","Choices":{"1":{"Display":"21"}},"ChoiceOrder":[1],"Validation":{"Settings":{"ForceResponse":"OFF","ForceResponseType":"ON","Type":"None"}},"GradingData":[],"Language":[],"NextChoiceId":2,"NextAnswerId":1,"Labels":[],"QuestionID":"QID79"}},{"SurveyID":"SV_eM10KzDVffWWuVv","Element":"SQ","PrimaryAttribute":"QID80","SecondaryAttribute":"LOTS OF SLIDERS","TertiaryAttribute":null,"Payload":{"QuestionText":"LOTS OF SLIDERS","DefaultChoices":false,"DataExportTag":"LOTSOSLIDERS22","QuestionType":"Slider","Selector":"HSLIDER","DataVisibility":{"Private":false,"Hidden":false},"Configuration":{"QuestionDescriptionOption":"UseText","CSSliderMin":0,"CSSliderMax":100,"GridLines":10,"SnapToGrid":false,"NumDecimals":"0","ShowValue":true,"CustomStart":false,"NotApplicable":false,"MobileFirst":true},"QuestionDescription":"LOTS OF SLIDERS","Choices":{"1":{"Display":"22"}},"ChoiceOrder":[1],"Validation":{"Settings":{"ForceResponse":"OFF","ForceResponseType":"ON","Type":"None"}},"GradingData":[],"Language":[],"NextChoiceId":2,"NextAnswerId":1,"Labels":[],"QuestionID":"QID80"}},{"SurveyID":"SV_eM10KzDVffWWuVv","Element":"SQ","PrimaryAttribute":"QID81","SecondaryAttribute":"LOTS OF SLIDERS","TertiaryAttribute":null,"Payload":{"QuestionText":"LOTS OF SLIDERS","DefaultChoices":false,"DataExportTag":"LOTSOSLIDERS23","QuestionType":"Slider","Selector":"HSLIDER","DataVisibility":{"Private":false,"Hidden":false},"Configuration":{"QuestionDescriptionOption":"UseText","CSSliderMin":0,"CSSliderMax":100,"GridLines":10,"SnapToGrid":false,"NumDecimals":"0","ShowValue":true,"CustomStart":false,"NotApplicable":false,"MobileFirst":true},"QuestionDescription":"LOTS OF SLIDERS","Choices":{"1":{"Display":"23"}},"ChoiceOrder":[1],"Validation":{"Settings":{"ForceResponse":"OFF","ForceResponseType":"ON","Type":"None"}},"GradingData":[],"Language":[],"NextChoiceId":2,"NextAnswerId":1,"Labels":[],"QuestionID":"QID81"}},{"SurveyID":"SV_eM10KzDVffWWuVv","Element":"SQ","PrimaryAttribute":"QID82","SecondaryAttribute":"LOTS OF SLIDERS","TertiaryAttribute":null,"Payload":{"QuestionText":"LOTS OF SLIDERS","DefaultChoices":false,"DataExportTag":"LOTSOSLIDERS24","QuestionType":"Slider","Selector":"HSLIDER","DataVisibility":{"Private":false,"Hidden":false},"Configuration":{"QuestionDescriptionOption":"UseText","CSSliderMin":0,"CSSliderMax":100,"GridLines":10,"SnapToGrid":false,"NumDecimals":"0","ShowValue":true,"CustomStart":false,"NotApplicable":false,"MobileFirst":true},"QuestionDescription":"LOTS OF SLIDERS","Choices":{"1":{"Display":"24"}},"ChoiceOrder":[1],"Validation":{"Settings":{"ForceResponse":"OFF","ForceResponseType":"ON","Type":"None"}},"GradingData":[],"Language":[],"NextChoiceId":2,"NextAnswerId":1,"Labels":[],"QuestionID":"QID82"}},{"SurveyID":"SV_eM10KzDVffWWuVv","Element":"SQ","PrimaryAttribute":"QID83","SecondaryAttribute":"LOTS OF SLIDERS","TertiaryAttribute":null,"Payload":{"QuestionText":"LOTS OF SLIDERS","DefaultChoices":false,"DataExportTag":"LOTSOSLIDERS25","QuestionType":"Slider","Selector":"HSLIDER","DataVisibility":{"Private":false,"Hidden":false},"Configuration":{"QuestionDescriptionOption":"UseText","CSSliderMin":0,"CSSliderMax":100,"GridLines":10,"SnapToGrid":false,"NumDecimals":"0","ShowValue":true,"CustomStart":false,"NotApplicable":false,"MobileFirst":true},"QuestionDescription":"LOTS OF SLIDERS","Choices":{"1":{"Display":"25"}},"ChoiceOrder":[1],"Validation":{"Settings":{"ForceResponse":"OFF","ForceResponseType":"ON","Type":"None"}},"GradingData":[],"Language":[],"NextChoiceId":2,"NextAnswerId":1,"Labels":[],"QuestionID":"QID83"}},{"SurveyID":"SV_eM10KzDVffWWuVv","Element":"SQ","PrimaryAttribute":"QID84","SecondaryAttribute":"LOTS OF SLIDERS","TertiaryAttribute":null,"Payload":{"QuestionText":"LOTS OF SLIDERS","DefaultChoices":false,"DataExportTag":"LOTSOSLIDERS26","QuestionType":"Slider","Selector":"HSLIDER","DataVisibility":{"Private":false,"Hidden":false},"Configuration":{"QuestionDescriptionOption":"UseText","CSSliderMin":0,"CSSliderMax":100,"GridLines":10,"SnapToGrid":false,"NumDecimals":"0","ShowValue":true,"CustomStart":false,"NotApplicable":false,"MobileFirst":true},"QuestionDescription":"LOTS OF SLIDERS","Choices":{"1":{"Display":"26"}},"ChoiceOrder":[1],"Validation":{"Settings":{"ForceResponse":"OFF","ForceResponseType":"ON","Type":"None"}},"GradingData":[],"Language":[],"NextChoiceId":2,"NextAnswerId":1,"Labels":[],"QuestionID":"QID84"}},{"SurveyID":"SV_eM10KzDVffWWuVv","Element":"SQ","PrimaryAttribute":"QID85","SecondaryAttribute":"LOTS OF SLIDERS","TertiaryAttribute":null,"Payload":{"QuestionText":"LOTS OF SLIDERS","DefaultChoices":false,"DataExportTag":"LOTSOSLIDERS27","QuestionType":"Slider","Selector":"HSLIDER","DataVisibility":{"Private":false,"Hidden":false},"Configuration":{"QuestionDescriptionOption":"UseText","CSSliderMin":0,"CSSliderMax":100,"GridLines":10,"SnapToGrid":false,"NumDecimals":"0","ShowValue":true,"CustomStart":false,"NotApplicable":false,"MobileFirst":true},"QuestionDescription":"LOTS OF SLIDERS","Choices":{"1":{"Display":"27"}},"ChoiceOrder":[1],"Validation":{"Settings":{"ForceResponse":"OFF","ForceResponseType":"ON","Type":"None"}},"GradingData":[],"Language":[],"NextChoiceId":2,"NextAnswerId":1,"Labels":[],"QuestionID":"QID85"}},{"SurveyID":"SV_eM10KzDVffWWuVv","Element":"SQ","PrimaryAttribute":"QID86","SecondaryAttribute":"LOTS OF SLIDERS","TertiaryAttribute":null,"Payload":{"QuestionText":"LOTS OF SLIDERS","DefaultChoices":false,"DataExportTag":"LOTSOSLIDERS28","QuestionType":"Slider","Selector":"HSLIDER","DataVisibility":{"Private":false,"Hidden":false},"Configuration":{"QuestionDescriptionOption":"UseText","CSSliderMin":0,"CSSliderMax":100,"GridLines":10,"SnapToGrid":false,"NumDecimals":"0","ShowValue":true,"CustomStart":false,"NotApplicable":false,"MobileFirst":true},"QuestionDescription":"LOTS OF SLIDERS","Choices":{"1":{"Display":"28"}},"ChoiceOrder":[1],"Validation":{"Settings":{"ForceResponse":"OFF","ForceResponseType":"ON","Type":"None"}},"GradingData":[],"Language":[],"NextChoiceId":2,"NextAnswerId":1,"Labels":[],"QuestionID":"QID86"}},{"SurveyID":"SV_eM10KzDVffWWuVv","Element":"SQ","PrimaryAttribute":"QID87","SecondaryAttribute":"LOTS OF SLIDERS","TertiaryAttribute":null,"Payload":{"QuestionText":"LOTS OF SLIDERS","DefaultChoices":false,"DataExportTag":"LOTSOSLIDERS29","QuestionType":"Slider","Selector":"HSLIDER","DataVisibility":{"Private":false,"Hidden":false},"Configuration":{"QuestionDescriptionOption":"UseText","CSSliderMin":0,"CSSliderMax":100,"GridLines":10,"SnapToGrid":false,"NumDecimals":"0","ShowValue":true,"CustomStart":false,"NotApplicable":false,"MobileFirst":true},"QuestionDescription":"LOTS OF SLIDERS","Choices":{"1":{"Display":"29"}},"ChoiceOrder":[1],"Validation":{"Settings":{"ForceResponse":"OFF","ForceResponseType":"ON","Type":"None"}},"GradingData":[],"Language":[],"NextChoiceId":2,"NextAnswerId":1,"Labels":[],"QuestionID":"QID87"}},{"SurveyID":"SV_eM10KzDVffWWuVv","Element":"SQ","PrimaryAttribute":"QID88","SecondaryAttribute":"LOTS OF SLIDERS","TertiaryAttribute":null,"Payload":{"QuestionText":"LOTS OF SLIDERS","DefaultChoices":false,"DataExportTag":"LOTSOSLIDERS30","QuestionType":"Slider","Selector":"HSLIDER","DataVisibility":{"Private":false,"Hidden":false},"Configuration":{"QuestionDescriptionOption":"UseText","CSSliderMin":0,"CSSliderMax":100,"GridLines":10,"SnapToGrid":false,"NumDecimals":"0","ShowValue":true,"CustomStart":false,"NotApplicable":false,"MobileFirst":true},"QuestionDescription":"LOTS OF SLIDERS","Choices":{"1":{"Display":"30"}},"ChoiceOrder":[1],"Validation":{"Settings":{"ForceResponse":"OFF","ForceResponseType":"ON","Type":"None"}},"GradingData":[],"Language":[],"NextChoiceId":2,"NextAnswerId":1,"Labels":[],"QuestionID":"QID88"}},{"SurveyID":"SV_eM10KzDVffWWuVv","Element":"SQ","PrimaryAttribute":"QID89","SecondaryAttribute":"LOTS OF SLIDERS","TertiaryAttribute":null,"Payload":{"QuestionText":"LOTS OF SLIDERS","DefaultChoices":false,"DataExportTag":"LOTSOSLIDERS31","QuestionType":"Slider","Selector":"HSLIDER","DataVisibility":{"Private":false,"Hidden":false},"Configuration":{"QuestionDescriptionOption":"UseText","CSSliderMin":0,"CSSliderMax":100,"GridLines":10,"SnapToGrid":false,"NumDecimals":"0","ShowValue":true,"CustomStart":false,"NotApplicable":false,"MobileFirst":true},"QuestionDescription":"LOTS OF SLIDERS","Choices":{"1":{"Display":"31"}},"ChoiceOrder":[1],"Validation":{"Settings":{"ForceResponse":"OFF","ForceResponseType":"ON","Type":"None"}},"GradingData":[],"Language":[],"NextChoiceId":2,"NextAnswerId":1,"Labels":[],"QuestionID":"QID89"}},{"SurveyID":"SV_eM10KzDVffWWuVv","Element":"SQ","PrimaryAttribute":"QID90","SecondaryAttribute":"LOTS OF SLIDERS","TertiaryAttribute":null,"Payload":{"QuestionText":"LOTS OF SLIDERS","DefaultChoices":false,"DataExportTag":"LOTSOSLIDERS32","QuestionType":"Slider","Selector":"HSLIDER","DataVisibility":{"Private":false,"Hidden":false},"Configuration":{"QuestionDescriptionOption":"UseText","CSSliderMin":0,"CSSliderMax":100,"GridLines":10,"SnapToGrid":false,"NumDecimals":"0","ShowValue":true,"CustomStart":false,"NotApplicable":false,"MobileFirst":true},"QuestionDescription":"LOTS OF SLIDERS","Choices":{"1":{"Display":"32"}},"ChoiceOrder":[1],"Validation":{"Settings":{"ForceResponse":"OFF","ForceResponseType":"ON","Type":"None"}},"GradingData":[],"Language":[],"NextChoiceId":2,"NextAnswerId":1,"Labels":[],"QuestionID":"QID90"}},{"SurveyID":"SV_eM10KzDVffWWuVv","Element":"SQ","PrimaryAttribute":"QID91","SecondaryAttribute":"LOTS OF SLIDERS","TertiaryAttribute":null,"Payload":{"QuestionText":"LOTS OF SLIDERS","DefaultChoices":false,"DataExportTag":"LOTSOSLIDERS33","QuestionType":"Slider","Selector":"HSLIDER","DataVisibility":{"Private":false,"Hidden":false},"Configuration":{"QuestionDescriptionOption":"UseText","CSSliderMin":0,"CSSliderMax":100,"GridLines":10,"SnapToGrid":false,"NumDecimals":"0","ShowValue":true,"CustomStart":false,"NotApplicable":false,"MobileFirst":true},"QuestionDescription":"LOTS OF SLIDERS","Choices":{"1":{"Display":"33"}},"ChoiceOrder":[1],"Validation":{"Settings":{"ForceResponse":"OFF","ForceResponseType":"ON","Type":"None"}},"GradingData":[],"Language":[],"NextChoiceId":2,"NextAnswerId":1,"Labels":[],"QuestionID":"QID91"}},{"SurveyID":"SV_eM10KzDVffWWuVv","Element":"SQ","PrimaryAttribute":"QID92","SecondaryAttribute":"LOTS OF SLIDERS","TertiaryAttribute":null,"Payload":{"QuestionText":"LOTS OF SLIDERS","DefaultChoices":false,"DataExportTag":"LOTSOSLIDERS34","QuestionType":"Slider","Selector":"HSLIDER","DataVisibility":{"Private":false,"Hidden":false},"Configuration":{"QuestionDescriptionOption":"UseText","CSSliderMin":0,"CSSliderMax":100,"GridLines":10,"SnapToGrid":false,"NumDecimals":"0","ShowValue":true,"CustomStart":false,"NotApplicable":false,"MobileFirst":true},"QuestionDescription":"LOTS OF SLIDERS","Choices":{"1":{"Display":"34"}},"ChoiceOrder":[1],"Validation":{"Settings":{"ForceResponse":"OFF","ForceResponseType":"ON","Type":"None"}},"GradingData":[],"Language":[],"NextChoiceId":2,"NextAnswerId":1,"Labels":[],"QuestionID":"QID92"}},{"SurveyID":"SV_eM10KzDVffWWuVv","Element":"SQ","PrimaryAttribute":"QID93","SecondaryAttribute":"LOTS OF SLIDERS","TertiaryAttribute":null,"Payload":{"QuestionText":"LOTS OF SLIDERS","DefaultChoices":false,"DataExportTag":"LOTSOSLIDERS35","QuestionType":"Slider","Selector":"HSLIDER","DataVisibility":{"Private":false,"Hidden":false},"Configuration":{"QuestionDescriptionOption":"UseText","CSSliderMin":0,"CSSliderMax":100,"GridLines":10,"SnapToGrid":false,"NumDecimals":"0","ShowValue":true,"CustomStart":false,"NotApplicable":false,"MobileFirst":true},"QuestionDescription":"LOTS OF SLIDERS","Choices":{"1":{"Display":"35"}},"ChoiceOrder":[1],"Validation":{"Settings":{"ForceResponse":"OFF","ForceResponseType":"ON","Type":"None"}},"GradingData":[],"Language":[],"NextChoiceId":2,"NextAnswerId":1,"Labels":[],"QuestionID":"QID93"}},{"SurveyID":"SV_eM10KzDVffWWuVv","Element":"SQ","PrimaryAttribute":"QID94","SecondaryAttribute":"LOTS OF SLIDERS","TertiaryAttribute":null,"Payload":{"QuestionText":"LOTS OF SLIDERS","DefaultChoices":false,"DataExportTag":"LOTSOSLIDERS36","QuestionType":"Slider","Selector":"HSLIDER","DataVisibility":{"Private":false,"Hidden":false},"Configuration":{"QuestionDescriptionOption":"UseText","CSSliderMin":0,"CSSliderMax":100,"GridLines":10,"SnapToGrid":false,"NumDecimals":"0","ShowValue":true,"CustomStart":false,"NotApplicable":false,"MobileFirst":true},"QuestionDescription":"LOTS OF SLIDERS","Choices":{"1":{"Display":"36"}},"ChoiceOrder":[1],"Validation":{"Settings":{"ForceResponse":"OFF","ForceResponseType":"ON","Type":"None"}},"GradingData":[],"Language":[],"NextChoiceId":2,"NextAnswerId":1,"Labels":[],"QuestionID":"QID94"}},{"SurveyID":"SV_eM10KzDVffWWuVv","Element":"SQ","PrimaryAttribute":"QID95","SecondaryAttribute":"LOTS OF SLIDERS","TertiaryAttribute":null,"Payload":{"QuestionText":"LOTS OF SLIDERS","DefaultChoices":false,"DataExportTag":"LOTSOSLIDERS37","QuestionType":"Slider","Selector":"HSLIDER","DataVisibility":{"Private":false,"Hidden":false},"Configuration":{"QuestionDescriptionOption":"UseText","CSSliderMin":0,"CSSliderMax":100,"GridLines":10,"SnapToGrid":false,"NumDecimals":"0","ShowValue":true,"CustomStart":false,"NotApplicable":false,"MobileFirst":true},"QuestionDescription":"LOTS OF SLIDERS","Choices":{"1":{"Display":"37"}},"ChoiceOrder":[1],"Validation":{"Settings":{"ForceResponse":"OFF","ForceResponseType":"ON","Type":"None"}},"GradingData":[],"Language":[],"NextChoiceId":2,"NextAnswerId":1,"Labels":[],"QuestionID":"QID95"}},{"SurveyID":"SV_eM10KzDVffWWuVv","Element":"SQ","PrimaryAttribute":"QID96","SecondaryAttribute":"LOTS OF SLIDERS","TertiaryAttribute":null,"Payload":{"QuestionText":"LOTS OF SLIDERS","DefaultChoices":false,"DataExportTag":"LOTSOSLIDERS38","QuestionType":"Slider","Selector":"HSLIDER","DataVisibility":{"Private":false,"Hidden":false},"Configuration":{"QuestionDescriptionOption":"UseText","CSSliderMin":0,"CSSliderMax":100,"GridLines":10,"SnapToGrid":false,"NumDecimals":"0","ShowValue":true,"CustomStart":false,"NotApplicable":false,"MobileFirst":true},"QuestionDescription":"LOTS OF SLIDERS","Choices":{"1":{"Display":"38"}},"ChoiceOrder":[1],"Validation":{"Settings":{"ForceResponse":"OFF","ForceResponseType":"ON","Type":"None"}},"GradingData":[],"Language":[],"NextChoiceId":2,"NextAnswerId":1,"Labels":[],"QuestionID":"QID96"}},{"SurveyID":"SV_eM10KzDVffWWuVv","Element":"SQ","PrimaryAttribute":"QID97","SecondaryAttribute":"LOTS OF SLIDERS","TertiaryAttribute":null,"Payload":{"QuestionText":"LOTS OF SLIDERS","DefaultChoices":false,"DataExportTag":"LOTSOSLIDERS39","QuestionType":"Slider","Selector":"HSLIDER","DataVisibility":{"Private":false,"Hidden":false},"Configuration":{"QuestionDescriptionOption":"UseText","CSSliderMin":0,"CSSliderMax":100,"GridLines":10,"SnapToGrid":false,"NumDecimals":"0","ShowValue":true,"CustomStart":false,"NotApplicable":false,"MobileFirst":true},"QuestionDescription":"LOTS OF SLIDERS","Choices":{"1":{"Display":"39"}},"ChoiceOrder":[1],"Validation":{"Settings":{"ForceResponse":"OFF","ForceResponseType":"ON","Type":"None"}},"GradingData":[],"Language":[],"NextChoiceId":2,"NextAnswerId":1,"Labels":[],"QuestionID":"QID97"}},{"SurveyID":"SV_eM10KzDVffWWuVv","Element":"SQ","PrimaryAttribute":"QID98","SecondaryAttribute":"LOTS OF SLIDERS","TertiaryAttribute":null,"Payload":{"QuestionText":"LOTS OF SLIDERS","DefaultChoices":false,"DataExportTag":"LOTSOSLIDERS40","QuestionType":"Slider","Selector":"HSLIDER","DataVisibility":{"Private":false,"Hidden":false},"Configuration":{"QuestionDescriptionOption":"UseText","CSSliderMin":0,"CSSliderMax":100,"GridLines":10,"SnapToGrid":false,"NumDecimals":"0","ShowValue":true,"CustomStart":false,"NotApplicable":false,"MobileFirst":true},"QuestionDescription":"LOTS OF SLIDERS","Choices":{"1":{"Display":"40"}},"ChoiceOrder":[1],"Validation":{"Settings":{"ForceResponse":"OFF","ForceResponseType":"ON","Type":"None"}},"GradingData":[],"Language":[],"NextChoiceId":2,"NextAnswerId":1,"Labels":[],"QuestionID":"QID98"}},{"SurveyID":"SV_eM10KzDVffWWuVv","Element":"SQ","PrimaryAttribute":"QID99","SecondaryAttribute":"LOTS OF SLIDERS","TertiaryAttribute":null,"Payload":{"QuestionText":"LOTS OF SLIDERS","DefaultChoices":false,"DataExportTag":"LOTSOSLIDERS41","QuestionType":"Slider","Selector":"HSLIDER","DataVisibility":{"Private":false,"Hidden":false},"Configuration":{"QuestionDescriptionOption":"UseText","CSSliderMin":0,"CSSliderMax":100,"GridLines":10,"SnapToGrid":false,"NumDecimals":"0","ShowValue":true,"CustomStart":false,"NotApplicable":false,"MobileFirst":true},"QuestionDescription":"LOTS OF SLIDERS","Choices":{"1":{"Display":"41"}},"ChoiceOrder":[1],"Validation":{"Settings":{"ForceResponse":"OFF","ForceResponseType":"ON","Type":"None"}},"GradingData":[],"Language":[],"NextChoiceId":2,"NextAnswerId":1,"Labels":[],"QuestionID":"QID99"}},{"SurveyID":"SV_eM10KzDVffWWuVv","Element":"SQ","PrimaryAttribute":"QID100","SecondaryAttribute":"LOTS OF SLIDERS","TertiaryAttribute":null,"Payload":{"QuestionText":"LOTS OF SLIDERS","DefaultChoices":false,"DataExportTag":"LOTSOSLIDERS42","QuestionType":"Slider","Selector":"HSLIDER","DataVisibility":{"Private":false,"Hidden":false},"Configuration":{"QuestionDescriptionOption":"UseText","CSSliderMin":0,"CSSliderMax":100,"GridLines":10,"SnapToGrid":false,"NumDecimals":"0","ShowValue":true,"CustomStart":false,"NotApplicable":false,"MobileFirst":true},"QuestionDescription":"LOTS OF SLIDERS","Choices":{"1":{"Display":"42"}},"ChoiceOrder":[1],"Validation":{"Settings":{"ForceResponse":"OFF","ForceResponseType":"ON","Type":"None"}},"GradingData":[],"Language":[],"NextChoiceId":2,"NextAnswerId":1,"Labels":[],"QuestionID":"QID100"}},{"SurveyID":"SV_eM10KzDVffWWuVv","Element":"SQ","PrimaryAttribute":"QID101","SecondaryAttribute":"LOTS OF SLIDERS","TertiaryAttribute":null,"Payload":{"QuestionText":"LOTS OF SLIDERS","DefaultChoices":false,"DataExportTag":"LOTSOSLIDERS43","QuestionType":"Slider","Selector":"HSLIDER","DataVisibility":{"Private":false,"Hidden":false},"Configuration":{"QuestionDescriptionOption":"UseText","CSSliderMin":0,"CSSliderMax":100,"GridLines":10,"SnapToGrid":false,"NumDecimals":"0","ShowValue":true,"CustomStart":false,"NotApplicable":false,"MobileFirst":true},"QuestionDescription":"LOTS OF SLIDERS","Choices":{"1":{"Display":"43"}},"ChoiceOrder":[1],"Validation":{"Settings":{"ForceResponse":"OFF","ForceResponseType":"ON","Type":"None"}},"GradingData":[],"Language":[],"NextChoiceId":2,"NextAnswerId":1,"Labels":[],"QuestionID":"QID101"}},{"SurveyID":"SV_eM10KzDVffWWuVv","Element":"SQ","PrimaryAttribute":"QID102","SecondaryAttribute":"LOTS OF SLIDERS","TertiaryAttribute":null,"Payload":{"QuestionText":"LOTS OF SLIDERS","DefaultChoices":false,"DataExportTag":"LOTSOSLIDERS44","QuestionType":"Slider","Selector":"HSLIDER","DataVisibility":{"Private":false,"Hidden":false},"Configuration":{"QuestionDescriptionOption":"UseText","CSSliderMin":0,"CSSliderMax":100,"GridLines":10,"SnapToGrid":false,"NumDecimals":"0","ShowValue":true,"CustomStart":false,"NotApplicable":false,"MobileFirst":true},"QuestionDescription":"LOTS OF SLIDERS","Choices":{"1":{"Display":"44"}},"ChoiceOrder":[1],"Validation":{"Settings":{"ForceResponse":"OFF","ForceResponseType":"ON","Type":"None"}},"GradingData":[],"Language":[],"NextChoiceId":2,"NextAnswerId":1,"Labels":[],"QuestionID":"QID102"}},{"SurveyID":"SV_eM10KzDVffWWuVv","Element":"SQ","PrimaryAttribute":"QID103","SecondaryAttribute":"LOTS OF SLIDERS","TertiaryAttribute":null,"Payload":{"QuestionText":"LOTS OF SLIDERS","DefaultChoices":false,"DataExportTag":"LOTSOSLIDERS45","QuestionType":"Slider","Selector":"HSLIDER","DataVisibility":{"Private":false,"Hidden":false},"Configuration":{"QuestionDescriptionOption":"UseText","CSSliderMin":0,"CSSliderMax":100,"GridLines":10,"SnapToGrid":false,"NumDecimals":"0","ShowValue":true,"CustomStart":false,"NotApplicable":false,"MobileFirst":true},"QuestionDescription":"LOTS OF SLIDERS","Choices":{"1":{"Display":"45"}},"ChoiceOrder":[1],"Validation":{"Settings":{"ForceResponse":"OFF","ForceResponseType":"ON","Type":"None"}},"GradingData":[],"Language":[],"NextChoiceId":2,"NextAnswerId":1,"Labels":[],"QuestionID":"QID103"}},{"SurveyID":"SV_eM10KzDVffWWuVv","Element":"SQ","PrimaryAttribute":"QID104","SecondaryAttribute":"LOTS OF SLIDERS","TertiaryAttribute":null,"Payload":{"QuestionText":"LOTS OF SLIDERS","DefaultChoices":false,"DataExportTag":"LOTSOSLIDERS46","QuestionType":"Slider","Selector":"HSLIDER","DataVisibility":{"Private":false,"Hidden":false},"Configuration":{"QuestionDescriptionOption":"UseText","CSSliderMin":0,"CSSliderMax":100,"GridLines":10,"SnapToGrid":false,"NumDecimals":"0","ShowValue":true,"CustomStart":false,"NotApplicable":false,"MobileFirst":true},"QuestionDescription":"LOTS OF SLIDERS","Choices":{"1":{"Display":"46"}},"ChoiceOrder":[1],"Validation":{"Settings":{"ForceResponse":"OFF","ForceResponseType":"ON","Type":"None"}},"GradingData":[],"Language":[],"NextChoiceId":2,"NextAnswerId":1,"Labels":[],"QuestionID":"QID104"}},{"SurveyID":"SV_eM10KzDVffWWuVv","Element":"SQ","PrimaryAttribute":"QID105","SecondaryAttribute":"LOTS OF SLIDERS","TertiaryAttribute":null,"Payload":{"QuestionText":"LOTS OF SLIDERS","DefaultChoices":false,"DataExportTag":"LOTSOSLIDERS47","QuestionType":"Slider","Selector":"HSLIDER","DataVisibility":{"Private":false,"Hidden":false},"Configuration":{"QuestionDescriptionOption":"UseText","CSSliderMin":0,"CSSliderMax":100,"GridLines":10,"SnapToGrid":false,"NumDecimals":"0","ShowValue":true,"CustomStart":false,"NotApplicable":false,"MobileFirst":true},"QuestionDescription":"LOTS OF SLIDERS","Choices":{"1":{"Display":"47"}},"ChoiceOrder":[1],"Validation":{"Settings":{"ForceResponse":"OFF","ForceResponseType":"ON","Type":"None"}},"GradingData":[],"Language":[],"NextChoiceId":2,"NextAnswerId":1,"Labels":[],"QuestionID":"QID105"}},{"SurveyID":"SV_eM10KzDVffWWuVv","Element":"SQ","PrimaryAttribute":"QID106","SecondaryAttribute":"LOTS OF SLIDERS","TertiaryAttribute":null,"Payload":{"QuestionText":"LOTS OF SLIDERS","DefaultChoices":false,"DataExportTag":"LOTSOSLIDERS48","QuestionType":"Slider","Selector":"HSLIDER","DataVisibility":{"Private":false,"Hidden":false},"Configuration":{"QuestionDescriptionOption":"UseText","CSSliderMin":0,"CSSliderMax":100,"GridLines":10,"SnapToGrid":false,"NumDecimals":"0","ShowValue":true,"CustomStart":false,"NotApplicable":false,"MobileFirst":true},"QuestionDescription":"LOTS OF SLIDERS","Choices":{"1":{"Display":"48"}},"ChoiceOrder":[1],"Validation":{"Settings":{"ForceResponse":"OFF","ForceResponseType":"ON","Type":"None"}},"GradingData":[],"Language":[],"NextChoiceId":2,"NextAnswerId":1,"Labels":[],"QuestionID":"QID106"}},{"SurveyID":"SV_eM10KzDVffWWuVv","Element":"SQ","PrimaryAttribute":"QID107","SecondaryAttribute":"LOTS OF SLIDERS","TertiaryAttribute":null,"Payload":{"QuestionText":"LOTS OF SLIDERS","DefaultChoices":false,"DataExportTag":"LOTSOSLIDERS49","QuestionType":"Slider","Selector":"HSLIDER","DataVisibility":{"Private":false,"Hidden":false},"Configuration":{"QuestionDescriptionOption":"UseText","CSSliderMin":0,"CSSliderMax":100,"GridLines":10,"SnapToGrid":false,"NumDecimals":"0","ShowValue":true,"CustomStart":false,"NotApplicable":false,"MobileFirst":true},"QuestionDescription":"LOTS OF SLIDERS","Choices":{"1":{"Display":"49"}},"ChoiceOrder":[1],"Validation":{"Settings":{"ForceResponse":"OFF","ForceResponseType":"ON","Type":"None"}},"GradingData":[],"Language":[],"NextChoiceId":2,"NextAnswerId":1,"Labels":[],"QuestionID":"QID107"}},{"SurveyID":"SV_eM10KzDVffWWuVv","Element":"SQ","PrimaryAttribute":"QID108","SecondaryAttribute":"LOTS OF SLIDERS","TertiaryAttribute":null,"Payload":{"QuestionText":"LOTS OF SLIDERS","DefaultChoices":false,"DataExportTag":"LOTSOSLIDERS50","QuestionType":"Slider","Selector":"HSLIDER","DataVisibility":{"Private":false,"Hidden":false},"Configuration":{"QuestionDescriptionOption":"UseText","CSSliderMin":0,"CSSliderMax":100,"GridLines":10,"SnapToGrid":false,"NumDecimals":"0","ShowValue":true,"CustomStart":false,"NotApplicable":false,"MobileFirst":true},"QuestionDescription":"LOTS OF SLIDERS","Choices":{"1":{"Display":"50"}},"ChoiceOrder":[1],"Validation":{"Settings":{"ForceResponse":"OFF","ForceResponseType":"ON","Type":"None"}},"GradingData":[],"Language":[],"NextChoiceId":2,"NextAnswerId":1,"Labels":[],"QuestionID":"QID108"}},{"SurveyID":"SV_eM10KzDVffWWuVv","Element":"SQ","PrimaryAttribute":"QID34","SecondaryAttribute":"No display randomization","TertiaryAttribute":null,"Payload":{"QuestionText":"No display randomization","DefaultChoices":false,"DataExportTag":"RANDCHOICE3","QuestionType":"Slider","Selector":"HSLIDER","DataVisibility":{"Private":false,"Hidden":false},"Configuration":{"QuestionDescriptionOption":"UseText","CSSliderMin":0,"CSSliderMax":100,"GridLines":10,"SnapToGrid":false,"NumDecimals":"0","ShowValue":true,"CustomStart":false,"SliderStartPositions":{"1":0},"NotApplicable":false,"MobileFirst":true},"QuestionDescription":"No display randomization","Choices":{"1":{"Display":"Basic slider 1"},"2":{"Display":"Basic slider 2"},"3":{"Display":"Basic slider 3"},"4":{"Display":"Basic slider 4"},"5":{"Display":"Basic slider 5"},"6":{"Display":"Basic slider 6"},"7":{"Display":"Basic slider 7"},"8":{"Display":"Basic slider 8"},"9":{"Display":"Basic slider 9"},"10":{"Display":"Basic slider 10"},"11":{"Display":"Basic slider 11"},"12":{"Display":"Basic slider 12"},"13":{"Display":"Basic slider 13"},"14":{"Display":"Basic slider 14"},"15":{"Display":"Basic slider 15"},"16":{"Display":"Basic slider 16"},"17":{"Display":"Basic slider 17"},"18":{"Display":"Basic slider 18"},"19":{"Display":"Basic slider 19"},"20":{"Display":"Basic slider 20"}},"ChoiceOrder":[1,2,3,4,5,6,7,8,9,10,11,12,13,14,15,16,17,18,19,20],"Randomization":{"Type":"Advanced","Advanced":{"FixedOrder":["2","3","4","5","6","7","8","9","10","11","12","13","14","15","16","17","18","19","20"],"RandomizeAll":[],"RandomSubSet":[],"Undisplayed":["1"],"TotalRandSubset":0},"EvenPresentation":false,"TotalRandSubset":""},"Validation":{"Settings":{"ForceResponse":"OFF","ForceResponseType":"ON","Type":"None"}},"GradingData":[],"Language":[],"NextChoiceId":21,"NextAnswerId":1,"Labels":[],"QuestionID":"QID34"}},{"SurveyID":"SV_eM10KzDVffWWuVv","Element":"SQ","PrimaryAttribute":"QID47","SecondaryAttribute":"Question randomization - all questions randomized in the advanced option screen","TertiaryAttribute":null,"Payload":{"QuestionText":"Question randomization - all questions randomized in the advanced option screen","DefaultChoices":false,"QuestionType":"Slider","Selector":"HSLIDER","Configuration":{"QuestionDescriptionOption":"UseText","CSSliderMin":0,"CSSliderMax":100,"GridLines":10,"SnapToGrid":false,"NumDecimals":"0","ShowValue":true,"CustomStart":false,"NotApplicable":false,"MobileFirst":true},"QuestionDescription":"Question randomization - all questions randomized in the advanced option screen","Choices":{"1":{"Display":"Question 1"}},"ChoiceOrder":[1],"Validation":{"Settings":{"ForceResponse":"OFF","ForceResponseType":"ON","Type":"None"}},"GradingData":[],"Language":[],"NextChoiceId":2,"NextAnswerId":1,"Labels":[],"QuestionText_Unsafe":"Click to write the question text","DataVisibility":{"Private":false,"Hidden":false},"DataExportTag":"QUESTRAND7","QuestionID":"QID47"}},{"SurveyID":"SV_eM10KzDVffWWuVv","Element":"SQ","PrimaryAttribute":"QID48","SecondaryAttribute":"Question randomization - all questions randomized in the advanced option screen","TertiaryAttribute":null,"Payload":{"QuestionText":"Question randomization - all questions randomized in the advanced option screen","DefaultChoices":false,"QuestionType":"Slider","Selector":"HSLIDER","DataVisibility":{"Private":false,"Hidden":false},"Configuration":{"QuestionDescriptionOption":"UseText","CSSliderMin":0,"CSSliderMax":100,"GridLines":10,"SnapToGrid":false,"NumDecimals":"0","ShowValue":true,"CustomStart":false,"NotApplicable":false,"MobileFirst":true},"QuestionDescription":"Question randomization - all questions randomized in the advanced option screen","Choices":{"1":{"Display":"Question 2"}},"ChoiceOrder":[1],"Validation":{"Settings":{"ForceResponse":"OFF","ForceResponseType":"ON","Type":"None"}},"GradingData":[],"Language":[],"NextChoiceId":2,"NextAnswerId":1,"Labels":[],"QuestionText_Unsafe":"Click to write the question text","DataExportTag":"QUESTRAND8","QuestionID":"QID48"}},{"SurveyID":"SV_eM10KzDVffWWuVv","Element":"SQ","PrimaryAttribute":"QID49","SecondaryAttribute":"Question randomization - all questions randomized in the advanced option screen","TertiaryAttribute":null,"Payload":{"QuestionText":"Question randomization - all questions randomized in the advanced option screen","DefaultChoices":false,"QuestionType":"Slider","Selector":"HSLIDER","DataVisibility":{"Private":false,"Hidden":false},"Configuration":{"QuestionDescriptionOption":"UseText","CSSliderMin":0,"CSSliderMax":100,"GridLines":10,"SnapToGrid":false,"NumDecimals":"0","ShowValue":true,"CustomStart":false,"NotApplicable":false,"MobileFirst":true},"QuestionDescription":"Question randomization - all questions randomized in the advanced option screen","Choices":{"1":{"Display":"Question 3"}},"ChoiceOrder":[1],"Validation":{"Settings":{"ForceResponse":"OFF","ForceResponseType":"ON","Type":"None"}},"GradingData":[],"Language":[],"NextChoiceId":2,"NextAnswerId":1,"Labels":[],"QuestionText_Unsafe":"Click to write the question text","DataExportTag":"QUESTRAND9","QuestionID":"QID49"}},{"SurveyID":"SV_eM10KzDVffWWuVv","Element":"SQ","PrimaryAttribute":"QID41","SecondaryAttribute":"Question randomization - all random but not in the advanced randomization screen.","TertiaryAttribute":null,"Payload":{"QuestionText":"Question randomization - all random but not in the advanced randomization screen.","DefaultChoices":false,"DataExportTag":"QUESTRAND1","QuestionType":"Slider","Selector":"HSLIDER","Configuration":{"QuestionDescriptionOption":"UseText","CSSliderMin":0,"CSSliderMax":100,"GridLines":10,"SnapToGrid":false,"NumDecimals":"0","ShowValue":true,"CustomStart":false,"NotApplicable":false,"MobileFirst":true},"QuestionDescription":"Question randomization - all random but not in the advanced randomization screen.","Choices":{"1":{"Display":"Question 1"}},"ChoiceOrder":[1],"Validation":{"Settings":{"ForceResponse":"OFF","ForceResponseType":"ON","Type":"None"}},"GradingData":[],"Language":[],"NextChoiceId":2,"NextAnswerId":1,"Labels":[],"QuestionID":"QID41","DataVisibility":{"Private":false,"Hidden":false}}},{"SurveyID":"SV_eM10KzDVffWWuVv","Element":"SQ","PrimaryAttribute":"QID42","SecondaryAttribute":"Question randomization - all random but not in the advanced randomization screen.","TertiaryAttribute":null,"Payload":{"QuestionText":"Question randomization - all random but not in the advanced randomization screen.","DefaultChoices":false,"DataExportTag":"QUESTRAND2","QuestionType":"Slider","Selector":"HSLIDER","DataVisibility":{"Private":false,"Hidden":false},"Configuration":{"QuestionDescriptionOption":"UseText","CSSliderMin":0,"CSSliderMax":100,"GridLines":10,"SnapToGrid":false,"NumDecimals":"0","ShowValue":true,"CustomStart":false,"NotApplicable":false,"MobileFirst":true},"QuestionDescription":"Question randomization - all random but not in the advanced randomization screen.","Choices":{"1":{"Display":"Question 2"}},"ChoiceOrder":[1],"Validation":{"Settings":{"ForceResponse":"OFF","ForceResponseType":"ON","Type":"None"}},"GradingData":[],"Language":[],"NextChoiceId":2,"NextAnswerId":1,"Labels":[],"QuestionID":"QID42"}},{"SurveyID":"SV_eM10KzDVffWWuVv","Element":"SQ","PrimaryAttribute":"QID43","SecondaryAttribute":"Question randomization - all random but not in the advanced randomization screen.","TertiaryAttribute":null,"Payload":{"QuestionText":"Question randomization - all random but not in the advanced randomization screen.","DefaultChoices":false,"DataExportTag":"QUESTRAND3","QuestionType":"Slider","Selector":"HSLIDER","DataVisibility":{"Private":false,"Hidden":false},"Configuration":{"QuestionDescriptionOption":"UseText","CSSliderMin":0,"CSSliderMax":100,"GridLines":10,"SnapToGrid":false,"NumDecimals":"0","ShowValue":true,"CustomStart":false,"NotApplicable":false,"MobileFirst":true},"QuestionDescription":"Question randomization - all random but not in the advanced randomization screen.","Choices":{"1":{"Display":"Question 3"}},"ChoiceOrder":[1],"Validation":{"Settings":{"ForceResponse":"OFF","ForceResponseType":"ON","Type":"None"}},"GradingData":[],"Language":[],"NextChoiceId":2,"NextAnswerId":1,"Labels":[],"QuestionID":"QID43"}},{"SurveyID":"SV_eM10KzDVffWWuVv","Element":"SQ","PrimaryAttribute":"QID53","SecondaryAttribute":"Question randomization - not displaying a single question via advanced options","TertiaryAttribute":null,"Payload":{"QuestionText":"Question randomization - not displaying a single question via advanced options","DefaultChoices":false,"QuestionType":"Slider","Selector":"HSLIDER","Configuration":{"QuestionDescriptionOption":"UseText","CSSliderMin":0,"CSSliderMax":100,"GridLines":10,"SnapToGrid":false,"NumDecimals":"0","ShowValue":true,"CustomStart":false,"NotApplicable":false,"MobileFirst":true},"QuestionDescription":"Question randomization - not displaying a single question via advanced options","Choices":{"1":{"Display":"Question 1 (SHOWN)"}},"ChoiceOrder":[1],"Validation":{"Settings":{"ForceResponse":"OFF","ForceResponseType":"ON","Type":"None"}},"GradingData":[],"Language":[],"NextChoiceId":2,"NextAnswerId":1,"Labels":[],"QuestionText_Unsafe":"Click to write the question text","DataVisibility":{"Private":false,"Hidden":false},"DataExportTag":"QUESTRAND13","QuestionID":"QID53"}},{"SurveyID":"SV_eM10KzDVffWWuVv","Element":"SQ","PrimaryAttribute":"QID54","SecondaryAttribute":"Question randomization - not displaying a single question via advanced options","TertiaryAttribute":null,"Payload":{"QuestionText":"Question randomization - not displaying a single question via advanced options","DefaultChoices":false,"QuestionType":"Slider","Selector":"HSLIDER","DataVisibility":{"Private":false,"Hidden":false},"Configuration":{"QuestionDescriptionOption":"UseText","CSSliderMin":0,"CSSliderMax":100,"GridLines":10,"SnapToGrid":false,"NumDecimals":"0","ShowValue":true,"CustomStart":false,"NotApplicable":false,"MobileFirst":true},"QuestionDescription":"Question randomization - not displaying a single question via advanced options","Choices":{"1":{"Display":"Question 2 (SHOWN)"}},"ChoiceOrder":[1],"Validation":{"Settings":{"ForceResponse":"OFF","ForceResponseType":"ON","Type":"None"}},"GradingData":[],"Language":[],"NextChoiceId":2,"NextAnswerId":1,"Labels":[],"QuestionText_Unsafe":"Click to write the question text","DataExportTag":"QUESTRAND14","QuestionID":"QID54"}},{"SurveyID":"SV_eM10KzDVffWWuVv","Element":"SQ","PrimaryAttribute":"QID55","SecondaryAttribute":"Question randomization - not displaying a single question via advanced options","TertiaryAttribute":null,"Payload":{"QuestionText":"Question randomization - not displaying a single question via advanced options","DefaultChoices":false,"QuestionType":"Slider","Selector":"HSLIDER","DataVisibility":{"Private":false,"Hidden":false},"Configuration":{"QuestionDescriptionOption":"UseText","CSSliderMin":0,"CSSliderMax":100,"GridLines":10,"SnapToGrid":false,"NumDecimals":"0","ShowValue":true,"CustomStart":false,"NotApplicable":false,"MobileFirst":true},"QuestionDescription":"Question randomization - not displaying a single question via advanced options","Choices":{"1":{"Display":"Question 3 (NOT SHOWN)"}},"ChoiceOrder":[1],"Validation":{"Settings":{"ForceResponse":"OFF","ForceResponseType":"ON","Type":"None"}},"GradingData":[],"Language":[],"NextChoiceId":2,"NextAnswerId":1,"Labels":[],"QuestionText_Unsafe":"Click to write the question text","DataExportTag":"QUESTRAND15","QuestionID":"QID55"}},{"SurveyID":"SV_eM10KzDVffWWuVv","Element":"SQ","PrimaryAttribute":"QID50","SecondaryAttribute":"Question randomization - subset questions randomized in the advanced option screen","TertiaryAttribute":null,"Payload":{"QuestionText":"Question randomization - subset questions randomized in the advanced option screen","DefaultChoices":false,"QuestionType":"Slider","Selector":"HSLIDER","Configuration":{"QuestionDescriptionOption":"UseText","CSSliderMin":0,"CSSliderMax":100,"GridLines":10,"SnapToGrid":false,"NumDecimals":"0","ShowValue":true,"CustomStart":false,"NotApplicable":false,"MobileFirst":true},"QuestionDescription":"Question randomization - subset questions randomized in the advanced option screen","Choices":{"1":{"Display":"Question 1"}},"ChoiceOrder":[1],"Validation":{"Settings":{"ForceResponse":"OFF","ForceResponseType":"ON","Type":"None"}},"GradingData":[],"Language":[],"NextChoiceId":2,"NextAnswerId":1,"Labels":[],"QuestionText_Unsafe":"Click to write the question text","DataVisibility":{"Private":false,"Hidden":false},"DataExportTag":"QUESTRAND10","QuestionID":"QID50"}},{"SurveyID":"SV_eM10KzDVffWWuVv","Element":"SQ","PrimaryAttribute":"QID51","SecondaryAttribute":"Question randomization - subset questions randomized in the advanced option screen","TertiaryAttribute":null,"Payload":{"QuestionText":"Question randomization - subset questions randomized in the advanced option screen","DefaultChoices":false,"QuestionType":"Slider","Selector":"HSLIDER","DataVisibility":{"Private":false,"Hidden":false},"Configuration":{"QuestionDescriptionOption":"UseText","CSSliderMin":0,"CSSliderMax":100,"GridLines":10,"SnapToGrid":false,"NumDecimals":"0","ShowValue":true,"CustomStart":false,"NotApplicable":false,"MobileFirst":true},"QuestionDescription":"Question randomization - subset questions randomized in the advanced option screen","Choices":{"1":{"Display":"Question 2"}},"ChoiceOrder":[1],"Validation":{"Settings":{"ForceResponse":"OFF","ForceResponseType":"ON","Type":"None"}},"GradingData":[],"Language":[],"NextChoiceId":2,"NextAnswerId":1,"Labels":[],"QuestionText_Unsafe":"Click to write the question text","DataExportTag":"QUESTRAND11","QuestionID":"QID51"}},{"SurveyID":"SV_eM10KzDVffWWuVv","Element":"SQ","PrimaryAttribute":"QID52","SecondaryAttribute":"Question randomization - subset questions randomized in the advanced option screen","TertiaryAttribute":null,"Payload":{"QuestionText":"Question randomization - subset questions randomized in the advanced option screen","DefaultChoices":false,"QuestionType":"Slider","Selector":"HSLIDER","DataVisibility":{"Private":false,"Hidden":false},"Configuration":{"QuestionDescriptionOption":"UseText","CSSliderMin":0,"CSSliderMax":100,"GridLines":10,"SnapToGrid":false,"NumDecimals":"0","ShowValue":true,"CustomStart":false,"NotApplicable":false,"MobileFirst":true},"QuestionDescription":"Question randomization - subset questions randomized in the advanced option screen","Choices":{"1":{"Display":"Question 3"}},"ChoiceOrder":[1],"Validation":{"Settings":{"ForceResponse":"OFF","ForceResponseType":"ON","Type":"None"}},"GradingData":[],"Language":[],"NextChoiceId":2,"NextAnswerId":1,"Labels":[],"QuestionText_Unsafe":"Click to write the question text","DataExportTag":"QUESTRAND12","QuestionID":"QID52"}},{"SurveyID":"SV_eM10KzDVffWWuVv","Element":"SQ","PrimaryAttribute":"QID44","SecondaryAttribute":"Question randomization - subset randomization but not in the advanced options","TertiaryAttribute":null,"Payload":{"QuestionText":"Question randomization - subset randomization but not in the advanced options","DefaultChoices":false,"QuestionType":"Slider","Selector":"HSLIDER","Configuration":{"QuestionDescriptionOption":"UseText","CSSliderMin":0,"CSSliderMax":100,"GridLines":10,"SnapToGrid":false,"NumDecimals":"0","ShowValue":true,"CustomStart":false,"NotApplicable":false,"MobileFirst":true},"QuestionDescription":"Question randomization - subset randomization but not in the advanced options","Choices":{"1":{"Display":"Question 1"}},"ChoiceOrder":[1],"Validation":{"Settings":{"ForceResponse":"OFF","ForceResponseType":"ON","Type":"None"}},"GradingData":[],"Language":[],"NextChoiceId":2,"NextAnswerId":1,"Labels":[],"QuestionText_Unsafe":"Click to write the question text","DataExportTag":"QUESTRAND4","QuestionID":"QID44","DataVisibility":{"Private":false,"Hidden":false}}},{"SurveyID":"SV_eM10KzDVffWWuVv","Element":"SQ","PrimaryAttribute":"QID45","SecondaryAttribute":"Question randomization - subset randomization but not in the advanced options","TertiaryAttribute":null,"Payload":{"QuestionText":"Question randomization - subset randomization but not in the advanced options","DefaultChoices":false,"QuestionType":"Slider","Selector":"HSLIDER","DataVisibility":{"Private":false,"Hidden":false},"Configuration":{"QuestionDescriptionOption":"UseText","CSSliderMin":0,"CSSliderMax":100,"GridLines":10,"SnapToGrid":false,"NumDecimals":"0","ShowValue":true,"CustomStart":false,"NotApplicable":false,"MobileFirst":true},"QuestionDescription":"Question randomization - subset randomization but not in the advanced options","Choices":{"1":{"Display":"Question 2"}},"ChoiceOrder":[1],"Validation":{"Settings":{"ForceResponse":"OFF","ForceResponseType":"ON","Type":"None"}},"GradingData":[],"Language":[],"NextChoiceId":2,"NextAnswerId":1,"Labels":[],"QuestionText_Unsafe":"Click to write the question text","DataExportTag":"QUESTRAND5","QuestionID":"QID45"}},{"SurveyID":"SV_eM10KzDVffWWuVv","Element":"SQ","PrimaryAttribute":"QID46","SecondaryAttribute":"Question randomization - subset randomization but not in the advanced options","TertiaryAttribute":null,"Payload":{"QuestionText":"Question randomization - subset randomization but not in the advanced options","DefaultChoices":false,"QuestionType":"Slider","Selector":"HSLIDER","DataVisibility":{"Private":false,"Hidden":false},"Configuration":{"QuestionDescriptionOption":"UseText","CSSliderMin":0,"CSSliderMax":100,"GridLines":10,"SnapToGrid":false,"NumDecimals":"0","ShowValue":true,"CustomStart":false,"NotApplicable":false,"MobileFirst":true},"QuestionDescription":"Question randomization - subset randomization but not in the advanced options","Choices":{"1":{"Display":"Question 3"}},"ChoiceOrder":[1],"Validation":{"Settings":{"ForceResponse":"OFF","ForceResponseType":"ON","Type":"None"}},"GradingData":[],"Language":[],"NextChoiceId":2,"NextAnswerId":1,"Labels":[],"QuestionText_Unsafe":"Click to write the question text","DataExportTag":"QUESTRAND6","QuestionID":"QID46"}},{"SurveyID":"SV_eM10KzDVffWWuVv","Element":"SQ","PrimaryAttribute":"QID17","SecondaryAttribute":"Several basic sliders in a single question","TertiaryAttribute":null,"Payload":{"QuestionText":"Several basic sliders in a single question","DefaultChoices":false,"DataExportTag":"SEVERALBASICSLIDERS","QuestionType":"Slider","Selector":"HSLIDER","Configuration":{"QuestionDescriptionOption":"UseText","CSSliderMin":0,"CSSliderMax":100,"GridLines":10,"SnapToGrid":false,"NumDecimals":"0","ShowValue":true,"CustomStart":false,"NotApplicable":false,"MobileFirst":true},"QuestionDescription":"Several basic sliders in a single question","Choices":{"1":{"Display":"Basic slider 1"},"2":{"Display":"Basic slider 2"},"3":{"Display":"Basic slider 3"}},"ChoiceOrder":["1","2","3"],"Validation":{"Settings":{"ForceResponse":"OFF","ForceResponseType":"ON","Type":"None"}},"GradingData":[],"Language":[],"NextChoiceId":4,"NextAnswerId":1,"Labels":[],"QuestionID":"QID17","DataVisibility":{"Private":false,"Hidden":false}}},{"SurveyID":"SV_eM10KzDVffWWuVv","Element":"SQ","PrimaryAttribute":"QID35","SecondaryAttribute":"Slider for nested block randomization","TertiaryAttribute":null,"Payload":{"QuestionText":"Slider for nested block randomization","DefaultChoices":false,"DataExportTag":"BLOCKRAND1","QuestionType":"Slider","Selector":"HSLIDER","Configuration":{"QuestionDescriptionOption":"UseText","CSSliderMin":0,"CSSliderMax":100,"GridLines":10,"SnapToGrid":false,"NumDecimals":"0","ShowValue":true,"CustomStart":false,"NotApplicable":false,"MobileFirst":true},"QuestionDescription":"Slider for nested block randomization","Choices":{"1":{"Display":"Slider 1"}},"ChoiceOrder":[1],"Validation":{"Settings":{"ForceResponse":"OFF","ForceResponseType":"ON","Type":"None"}},"GradingData":[],"Language":[],"NextChoiceId":2,"NextAnswerId":1,"Labels":[],"QuestionID":"QID35","DataVisibility":{"Private":false,"Hidden":false}}},{"SurveyID":"SV_eM10KzDVffWWuVv","Element":"SQ","PrimaryAttribute":"QID36","SecondaryAttribute":"Slider for nested block randomization","TertiaryAttribute":null,"Payload":{"QuestionText":"Slider for nested block randomization","DefaultChoices":false,"QuestionType":"Slider","Selector":"HSLIDER","Configuration":{"QuestionDescriptionOption":"UseText","CSSliderMin":0,"CSSliderMax":100,"GridLines":10,"SnapToGrid":false,"NumDecimals":"0","ShowValue":true,"CustomStart":false,"NotApplicable":false,"MobileFirst":true},"QuestionDescription":"Slider for nested block randomization","Choices":{"1":{"Display":"Slider 1"}},"ChoiceOrder":[1],"Validation":{"Settings":{"ForceResponse":"OFF","ForceResponseType":"ON","Type":"None"}},"GradingData":[],"Language":[],"NextChoiceId":2,"NextAnswerId":1,"Labels":[],"QuestionText_Unsafe":"Slider for block randomization","DataExportTag":"BLOCKRAND2","QuestionID":"QID36","DataVisibility":{"Private":false,"Hidden":false}}},{"SurveyID":"SV_eM10KzDVffWWuVv","Element":"SQ","PrimaryAttribute":"QID37","SecondaryAttribute":"Slider for nested block randomization","TertiaryAttribute":null,"Payload":{"QuestionText":"Slider for nested block randomization","DefaultChoices":false,"DataExportTag":"BLOCKRAND3","QuestionType":"Slider","Selector":"HSLIDER","DataVisibility":{"Private":false,"Hidden":false},"Configuration":{"QuestionDescriptionOption":"UseText","CSSliderMin":0,"CSSliderMax":100,"GridLines":10,"SnapToGrid":false,"NumDecimals":"0","ShowValue":true,"CustomStart":false,"NotApplicable":false,"MobileFirst":true},"QuestionDescription":"Slider for nested block randomization","Choices":{"1":{"Display":"Slider 1"}},"ChoiceOrder":[1],"Validation":{"Settings":{"ForceResponse":"OFF","ForceResponseType":"ON","Type":"None"}},"GradingData":[],"Language":[],"NextChoiceId":2,"NextAnswerId":1,"Labels":[],"QuestionID":"QID37"}},{"SurveyID":"SV_eM10KzDVffWWuVv","Element":"SQ","PrimaryAttribute":"QID38","SecondaryAttribute":"Slider for nested block randomization","TertiaryAttribute":null,"Payload":{"QuestionText":"Slider for nested block randomization","DefaultChoices":false,"QuestionType":"Slider","Selector":"HSLIDER","Configuration":{"QuestionDescriptionOption":"UseText","CSSliderMin":0,"CSSliderMax":100,"GridLines":10,"SnapToGrid":false,"NumDecimals":"0","ShowValue":true,"CustomStart":false,"NotApplicable":false,"MobileFirst":true},"QuestionDescription":"Slider for nested block randomization","Choices":{"1":{"Display":"Slider 1"}},"ChoiceOrder":[1],"Validation":{"Settings":{"ForceResponse":"OFF","ForceResponseType":"ON","Type":"None"}},"GradingData":[],"Language":[],"NextChoiceId":2,"NextAnswerId":1,"Labels":[],"QuestionText_Unsafe":"Slider for block randomization","DataVisibility":{"Private":false,"Hidden":false},"DataExportTag":"BLOCKRAND4","QuestionID":"QID38"}},{"SurveyID":"SV_eM10KzDVffWWuVv","Element":"SQ","PrimaryAttribute":"QID39","SecondaryAttribute":"Slider for nested block randomization","TertiaryAttribute":null,"Payload":{"QuestionText":"Slider for nested block randomization","DefaultChoices":false,"QuestionType":"Slider","Selector":"HSLIDER","DataVisibility":{"Private":false,"Hidden":false},"Configuration":{"QuestionDescriptionOption":"UseText","CSSliderMin":0,"CSSliderMax":100,"GridLines":10,"SnapToGrid":false,"NumDecimals":"0","ShowValue":true,"CustomStart":false,"NotApplicable":false,"MobileFirst":true},"QuestionDescription":"Slider for nested block randomization","Choices":{"1":{"Display":"Slider 1"}},"ChoiceOrder":[1],"Validation":{"Settings":{"ForceResponse":"OFF","ForceResponseType":"ON","Type":"None"}},"GradingData":[],"Language":[],"NextChoiceId":2,"NextAnswerId":1,"Labels":[],"QuestionText_Unsafe":"Slider for block randomization","DataExportTag":"BLOCKRAND5","QuestionID":"QID39"}},{"SurveyID":"SV_eM10KzDVffWWuVv","Element":"SQ","PrimaryAttribute":"QID40","SecondaryAttribute":"Slider for nested block randomization","TertiaryAttribute":null,"Payload":{"QuestionText":"Slider for nested block randomization","DefaultChoices":false,"DataExportTag":"BLOCKRAND6","QuestionType":"Slider","Selector":"HSLIDER","DataVisibility":{"Private":false,"Hidden":false},"Configuration":{"QuestionDescriptionOption":"UseText","CSSliderMin":0,"CSSliderMax":100,"GridLines":10,"SnapToGrid":false,"NumDecimals":"0","ShowValue":true,"CustomStart":false,"NotApplicable":false,"MobileFirst":true},"QuestionDescription":"Slider for nested block randomization","Choices":{"1":{"Display":"Slider 1"}},"ChoiceOrder":[1],"Validation":{"Settings":{"ForceResponse":"OFF","ForceResponseType":"ON","Type":"None"}},"GradingData":[],"Language":[],"NextChoiceId":2,"NextAnswerId":1,"Labels":[],"QuestionID":"QID40"}},{"SurveyID":"SV_eM10KzDVffWWuVv","Element":"SQ","PrimaryAttribute":"QID56","SecondaryAttribute":"Slider for nested block randomization","TertiaryAttribute":null,"Payload":{"QuestionText":"Slider for nested block randomization","DefaultChoices":false,"DataExportTag":"BLOCKRAND7","QuestionType":"Slider","Selector":"HSLIDER","Configuration":{"QuestionDescriptionOption":"UseText","CSSliderMin":0,"CSSliderMax":100,"GridLines":10,"SnapToGrid":false,"NumDecimals":"0","ShowValue":true,"CustomStart":false,"NotApplicable":false,"MobileFirst":true},"QuestionDescription":"Slider for nested block randomization","Choices":{"1":{"Display":"Slider 1"},"2":{"Display":"Slider 2"},"3":{"Display":"Slider 3"}},"ChoiceOrder":["1","2","3"],"Validation":{"Settings":{"ForceResponse":"OFF","ForceResponseType":"ON","Type":"None"}},"GradingData":[],"Language":[],"NextChoiceId":4,"NextAnswerId":1,"Labels":[],"QuestionID":"QID56","DataVisibility":{"Private":false,"Hidden":false}}},{"SurveyID":"SV_eM10KzDVffWWuVv","Element":"SQ","PrimaryAttribute":"QID58","SecondaryAttribute":"STAR SLIDER","TertiaryAttribute":null,"Payload":{"QuestionText":"STAR SLIDER","DefaultChoices":false,"DataExportTag":"STARSLIDER","QuestionType":"Slider","Selector":"STAR","Configuration":{"QuestionDescriptionOption":"UseText","StarCount":5,"StarType":"discrete","ShowValue":true,"MobileFirst":false},"QuestionDescription":"STAR SLIDER","Choices":{"1":{"Display":"star 1"},"2":{"Display":"star 2"},"3":{"Display":"star 3"}},"ChoiceOrder":["1","2","3"],"Validation":{"Settings":{"ForceResponse":"OFF","ForceResponseType":"ON","Type":"None"}},"GradingData":[],"Language":[],"NextChoiceId":4,"NextAnswerId":1,"Labels":[],"QuestionID":"QID58","DataVisibility":{"Private":false,"Hidden":false}}},{"SurveyID":"SV_eM10KzDVffWWuVv","Element":"SQ","PrimaryAttribute":"QID33","SecondaryAttribute":"Subset choice randomization","TertiaryAttribute":null,"Payload":{"QuestionText":"Subset choice randomization","DefaultChoices":false,"QuestionType":"Slider","Selector":"HSLIDER","Configuration":{"QuestionDescriptionOption":"UseText","CSSliderMin":0,"CSSliderMax":100,"GridLines":10,"SnapToGrid":false,"NumDecimals":"0","ShowValue":true,"CustomStart":false,"SliderStartPositions":{"1":0},"NotApplicable":false,"MobileFirst":true},"QuestionDescription":"Subset choice randomization","Choices":{"1":{"Display":"Basic slider 1"},"2":{"Display":"Basic slider 2"},"3":{"Display":"Basic slider 3"},"4":{"Display":"Basic slider 4"},"5":{"Display":"Basic slider 5"},"6":{"Display":"Basic slider 6"},"7":{"Display":"Basic slider 7"},"8":{"Display":"Basic slider 8"},"9":{"Display":"Basic slider 9"},"10":{"Display":"Basic slider 10"},"11":{"Display":"Basic slider 11"},"12":{"Display":"Basic slider 12"},"13":{"Display":"Basic slider 13"},"14":{"Display":"Basic slider 14"},"15":{"Display":"Basic slider 15"},"16":{"Display":"Basic slider 16"},"17":{"Display":"Basic slider 17"},"18":{"Display":"Basic slider 18"},"19":{"Display":"Basic slider 19"},"20":{"Display":"Basic slider 20"}},"ChoiceOrder":[1,2,3,4,5,6,7,8,9,10,11,12,13,14,15,16,17,18,19,20],"Validation":{"Settings":{"ForceResponse":"OFF","ForceResponseType":"ON","Type":"None"}},"GradingData":[],"Language":[],"NextChoiceId":21,"NextAnswerId":1,"Labels":[],"QuestionText_Unsafe":"Basic slider with custom start position.","DataExportTag":"RANDCHOICE2","QuestionID":"QID33","DataVisibility":{"Private":false,"Hidden":false},"Randomization":{"Type":"Advanced","Advanced":{"FixedOrder":["{~SubSet~}","{~SubSet~}","{~SubSet~}","{~SubSet~}","{~SubSet~}"],"RandomizeAll":[],"RandomSubSet":["1","2","3","4","5","6","7","8","9","10","11","12","13","14","15","16","17","18","19","20"],"Undisplayed":[],"TotalRandSubset":5},"EvenPresentation":false,"TotalRandSubset":""}}}]}